// !$*UTF8*$!
{
	archiveVersion = 1;
	classes = {
	};
	objectVersion = 42;
	objects = {

/* Begin PBXBuildFile section */
		01ABC0F100973EA311CA2928 /* VoodooPS2Controller.h in Headers */ = {isa = PBXBuildFile; fileRef = 01ABC0EE00973EA311CA2928 /* VoodooPS2Controller.h */; };
		01ABC0F200973EA311CA2928 /* VoodooPS2Controller.cpp in Sources */ = {isa = PBXBuildFile; fileRef = 01ABC0ED00973EA311CA2928 /* VoodooPS2Controller.cpp */; };
		01ABC0F300973EA311CA2928 /* ApplePS2KeyboardDevice.cpp in Sources */ = {isa = PBXBuildFile; fileRef = 01ABC0EF00973EA311CA2928 /* ApplePS2KeyboardDevice.cpp */; };
		01ABC0F400973EA311CA2928 /* ApplePS2MouseDevice.cpp in Sources */ = {isa = PBXBuildFile; fileRef = 01ABC0F000973EA311CA2928 /* ApplePS2MouseDevice.cpp */; };
		089C1680FE841241C02AAC07 /* InfoPlist.strings in Resources */ = {isa = PBXBuildFile; fileRef = 089C167DFE841241C02AAC07 /* InfoPlist.strings */; };
		406B474600AB14E90ACA2928 /* ApplePS2Device.h in Headers */ = {isa = PBXBuildFile; fileRef = 406B474300AB14E90ACA2928 /* ApplePS2Device.h */; };
		406B474700AB14E90ACA2928 /* ApplePS2KeyboardDevice.h in Headers */ = {isa = PBXBuildFile; fileRef = 406B474400AB14E90ACA2928 /* ApplePS2KeyboardDevice.h */; };
		406B474800AB14E90ACA2928 /* ApplePS2MouseDevice.h in Headers */ = {isa = PBXBuildFile; fileRef = 406B474500AB14E90ACA2928 /* ApplePS2MouseDevice.h */; };
		406B475200AB16A70ACA2928 /* ApplePS2KeyboardDevice.h in CopyFiles */ = {isa = PBXBuildFile; fileRef = 406B474400AB14E90ACA2928 /* ApplePS2KeyboardDevice.h */; };
		406B475300AB16A70ACA2928 /* ApplePS2MouseDevice.h in CopyFiles */ = {isa = PBXBuildFile; fileRef = 406B474500AB14E90ACA2928 /* ApplePS2MouseDevice.h */; };
		406B475400AB16A70ACA2928 /* ApplePS2Device.h in CopyFiles */ = {isa = PBXBuildFile; fileRef = 406B474300AB14E90ACA2928 /* ApplePS2Device.h */; };
		8FD7610E12B220F50030D576 /* VoodooPS2Controller.h in Headers */ = {isa = PBXBuildFile; fileRef = 01ABC0EE00973EA311CA2928 /* VoodooPS2Controller.h */; };
		8FD7610F12B220F50030D576 /* ApplePS2Device.h in Headers */ = {isa = PBXBuildFile; fileRef = 406B474300AB14E90ACA2928 /* ApplePS2Device.h */; };
		8FD7611012B220F50030D576 /* ApplePS2KeyboardDevice.h in Headers */ = {isa = PBXBuildFile; fileRef = 406B474400AB14E90ACA2928 /* ApplePS2KeyboardDevice.h */; };
		8FD7611112B220F50030D576 /* ApplePS2MouseDevice.h in Headers */ = {isa = PBXBuildFile; fileRef = 406B474500AB14E90ACA2928 /* ApplePS2MouseDevice.h */; };
		8FD7611412B220F50030D576 /* InfoPlist.strings in Resources */ = {isa = PBXBuildFile; fileRef = 089C167DFE841241C02AAC07 /* InfoPlist.strings */; };
		8FD7611612B220F50030D576 /* VoodooPS2Controller.cpp in Sources */ = {isa = PBXBuildFile; fileRef = 01ABC0ED00973EA311CA2928 /* VoodooPS2Controller.cpp */; };
		8FD7611712B220F50030D576 /* ApplePS2KeyboardDevice.cpp in Sources */ = {isa = PBXBuildFile; fileRef = 01ABC0EF00973EA311CA2928 /* ApplePS2KeyboardDevice.cpp */; };
		8FD7611812B220F50030D576 /* ApplePS2MouseDevice.cpp in Sources */ = {isa = PBXBuildFile; fileRef = 01ABC0F000973EA311CA2928 /* ApplePS2MouseDevice.cpp */; };
		8FD7612912B220F50030D576 /* ApplePS2KeyboardDevice.h in CopyFiles */ = {isa = PBXBuildFile; fileRef = 406B474400AB14E90ACA2928 /* ApplePS2KeyboardDevice.h */; };
		8FD7612A12B220F50030D576 /* ApplePS2MouseDevice.h in CopyFiles */ = {isa = PBXBuildFile; fileRef = 406B474500AB14E90ACA2928 /* ApplePS2MouseDevice.h */; };
		8FD7612B12B220F50030D576 /* ApplePS2Device.h in CopyFiles */ = {isa = PBXBuildFile; fileRef = 406B474300AB14E90ACA2928 /* ApplePS2Device.h */; };
/* End PBXBuildFile section */

/* Begin PBXBundleTarget section */
		089C1673FE841209C02AAC07 /* VoodooPS2Controller */ = {
			isa = PBXBundleTarget;
			buildConfigurationList = B6A4BB770F46F13800B03254 /* Build configuration list for PBXBundleTarget "VoodooPS2Controller" */;
			buildPhases = (
				06AA1267FFB2110C11CA28AA /* ShellScript */,
				089C1674FE841209C02AAC07 /* Headers */,
				089C1675FE841209C02AAC07 /* Resources */,
				089C1676FE841209C02AAC07 /* Sources */,
				089C1677FE841209C02AAC07 /* Frameworks */,
				089C1679FE841209C02AAC07 /* Rez */,
				06AA1264FFB2107B11CA28AA /* ShellScript */,
			);
			dependencies = (
				406B474F00AB15170ACA2928 /* PBXTargetDependency */,
			);
			name = VoodooPS2Controller;
			productInstallPath = "$(SYSTEM_LIBRARY_DIR)/Extensions";
			productName = VoodooPS2Controller;
			productReference = 0B81C263FFB7832611CA28AA /* VoodooPS2Controller.kext */;
			productSettingsXML = "<?xml version=\"1.0\" encoding=\"UTF-8\"?>
<!DOCTYPE plist PUBLIC \"-//Apple//DTD PLIST 1.0//EN\" \"http://www.apple.com/DTDs/PropertyList-1.0.dtd\">
<plist version=\"1.0\">
<dict>
	<key>CFBundleDevelopmentRegion</key>
	<string>English</string>
	<key>CFBundleExecutable</key>
	<string>VoodooPS2Controller</string>
	<key>CFBundleGetInfoString</key>
	<string>1.1.0, Copyright Apple Computer, Inc. 2000-2003</string>
	<key>CFBundleIconFile</key>
	<string></string>
	<key>CFBundleIdentifier</key>
	<string>org.voodoo.driver.PS2Controller</string>
	<key>CFBundleInfoDictionaryVersion</key>
	<string>6.0</string>
	<key>CFBundleName</key>
	<string>Voodoo PS/2 Controller</string>
	<key>CFBundlePackageType</key>
	<string>KEXT</string>
	<key>CFBundleShortVersionString</key>
	<string>1.1.0</string>
	<key>CFBundleSignature</key>
	<string>????</string>
	<key>CFBundleVersion</key>
	<string>1.1.0</string>
	<key>IOKitPersonalities</key>
	<dict>
		<key>ApplePS2Controller</key>
		<dict>
			<key>CFBundleIdentifier</key>
			<string>org.voodoo.driver.PS2Controller</string>
			<key>IOClass</key>
			<string>ApplePS2Controller</string>
			<key>IONameMatch</key>
			<string>ps2controller</string>
			<key>IOProviderClass</key>
			<string>IOPlatformDevice</string>
		</dict>
		<key>PS2Device</key>
		<dict>
			<key>CFBundleIdentifier</key>
			<string>org.voodoo.driver.PS2Controller</string>
			<key>IOClass</key>
			<string>PS2Controller</string>
			<key>IOMatchCategory</key>
			<string>PS2Controller</string>
			<key>IOProviderClass</key>
			<string>IOResources</string>
			<key>IOResourceMatch</key>
			<string>IOKit</string>
			<key>PS2_properties</key>
			<dict>
				<key>IOInterruptSpecifiers</key>
				<array>
					<data>
					AQAAAAAAAAA=
					</data>
					<data>
					DAAAAAAAAAA=
					</data>
				</array>
				<key>newIRQLayout</key>
				<true/>
			</dict>
		</dict>
	</dict>
	<key>NSHumanReadableCopyright</key>
	<string>Copyright Apple Computer, Inc. 2000-2002</string>
	<key>OSBundleCompatibleVersion</key>
	<string>1.1.0</string>
	<key>OSBundleLibraries</key>
	<dict>
		<key>com.apple.kernel.iokit</key>
		<string>1.1</string>
		<key>com.apple.kernel.libkern</key>
		<string>1.1</string>
		<key>com.apple.kernel.mach</key>
		<string>1.1</string>
	</dict>
	<key>OSBundleRequired</key>
	<string>Console</string>
</dict>
</plist>
";
		};
/* End PBXBundleTarget section */

/* Begin PBXContainerItemProxy section */
		8FD7613212B220F50030D576 /* PBXContainerItemProxy */ = {
			isa = PBXContainerItemProxy;
			containerPortal = 089C1669FE841209C02AAC07 /* Project object */;
			proxyType = 1;
			remoteGlobalIDString = 8FD7612312B220F50030D576;
			remoteInfo = "ApplePS2Controller Headers (Upgraded)";
		};
		B6A4BB680F46F13700B03254 /* PBXContainerItemProxy */ = {
			isa = PBXContainerItemProxy;
			containerPortal = 089C1669FE841209C02AAC07 /* Project object */;
			proxyType = 1;
			remoteGlobalIDString = 406B474A00AB15080ACA2928;
			remoteInfo = "ApplePS2Controller Headers";
		};
/* End PBXContainerItemProxy section */

/* Begin PBXCopyFilesBuildPhase section */
		406B475100AB154F0ACA2928 /* CopyFiles */ = {
			isa = PBXCopyFilesBuildPhase;
			buildActionMask = 8;
			dstPath = "$(SYSTEM_LIBRARY_DIR)/Frameworks/Kernel.framework/Versions/A/Headers/IOKit/ps2";
			dstSubfolderSpec = 0;
			files = (
				406B475200AB16A70ACA2928 /* ApplePS2KeyboardDevice.h in CopyFiles */,
				406B475300AB16A70ACA2928 /* ApplePS2MouseDevice.h in CopyFiles */,
				406B475400AB16A70ACA2928 /* ApplePS2Device.h in CopyFiles */,
			);
			runOnlyForDeploymentPostprocessing = 1;
		};
		8FD7612812B220F50030D576 /* CopyFiles */ = {
			isa = PBXCopyFilesBuildPhase;
			buildActionMask = 8;
			dstPath = "$(SYSTEM_LIBRARY_DIR)/Frameworks/Kernel.framework/Versions/A/Headers/IOKit/ps2";
			dstSubfolderSpec = 0;
			files = (
				8FD7612912B220F50030D576 /* ApplePS2KeyboardDevice.h in CopyFiles */,
				8FD7612A12B220F50030D576 /* ApplePS2MouseDevice.h in CopyFiles */,
				8FD7612B12B220F50030D576 /* ApplePS2Device.h in CopyFiles */,
			);
			runOnlyForDeploymentPostprocessing = 1;
		};
/* End PBXCopyFilesBuildPhase section */

/* Begin PBXFileReference section */
		01ABC0ED00973EA311CA2928 /* VoodooPS2Controller.cpp */ = {isa = PBXFileReference; fileEncoding = 30; lastKnownFileType = sourcecode.cpp.cpp; path = VoodooPS2Controller.cpp; sourceTree = "<group>"; };
		01ABC0EE00973EA311CA2928 /* VoodooPS2Controller.h */ = {isa = PBXFileReference; fileEncoding = 30; lastKnownFileType = sourcecode.c.h; path = VoodooPS2Controller.h; sourceTree = "<group>"; };
		01ABC0EF00973EA311CA2928 /* ApplePS2KeyboardDevice.cpp */ = {isa = PBXFileReference; fileEncoding = 30; lastKnownFileType = sourcecode.cpp.cpp; path = ApplePS2KeyboardDevice.cpp; sourceTree = "<group>"; };
		01ABC0F000973EA311CA2928 /* ApplePS2MouseDevice.cpp */ = {isa = PBXFileReference; fileEncoding = 30; lastKnownFileType = sourcecode.cpp.cpp; path = ApplePS2MouseDevice.cpp; sourceTree = "<group>"; };
		089C167EFE841241C02AAC07 /* English */ = {isa = PBXFileReference; fileEncoding = 10; lastKnownFileType = text.plist.strings; name = English; path = English.lproj/InfoPlist.strings; sourceTree = "<group>"; };
		0B81C263FFB7832611CA28AA /* VoodooPS2Controller.kext */ = {isa = PBXFileReference; explicitFileType = wrapper.cfbundle; path = VoodooPS2Controller.kext; sourceTree = BUILT_PRODUCTS_DIR; };
		406B474300AB14E90ACA2928 /* ApplePS2Device.h */ = {isa = PBXFileReference; fileEncoding = 30; lastKnownFileType = sourcecode.c.h; path = ApplePS2Device.h; sourceTree = "<group>"; };
		406B474400AB14E90ACA2928 /* ApplePS2KeyboardDevice.h */ = {isa = PBXFileReference; fileEncoding = 30; lastKnownFileType = sourcecode.c.h; path = ApplePS2KeyboardDevice.h; sourceTree = "<group>"; };
		406B474500AB14E90ACA2928 /* ApplePS2MouseDevice.h */ = {isa = PBXFileReference; fileEncoding = 30; lastKnownFileType = sourcecode.c.h; path = ApplePS2MouseDevice.h; sourceTree = "<group>"; };
		406B474900AB15080ACA2928 /* ApplePS2Controller Headers */ = {isa = PBXFileReference; explicitFileType = "compiled.mach-o.executable"; path = "ApplePS2Controller Headers"; sourceTree = BUILT_PRODUCTS_DIR; };
		8FD7612112B220F50030D576 /* Info-VoodooPS2Controller__Upgraded_.plist */ = {isa = PBXFileReference; lastKnownFileType = text.plist.xml; path = "Info-VoodooPS2Controller__Upgraded_.plist"; sourceTree = "<group>"; };
		8FD7612212B220F50030D576 /* VoodooPS2Controller.kext */ = {isa = PBXFileReference; explicitFileType = wrapper.cfbundle; includeInIndex = 0; path = VoodooPS2Controller.kext; sourceTree = BUILT_PRODUCTS_DIR; };
		8FD7613012B220F50030D576 /* ApplePS2Controller Headers */ = {isa = PBXFileReference; explicitFileType = "compiled.mach-o.executable"; includeInIndex = 0; path = "ApplePS2Controller Headers"; sourceTree = BUILT_PRODUCTS_DIR; };
/* End PBXFileReference section */

/* Begin PBXFrameworksBuildPhase section */
		089C1677FE841209C02AAC07 /* Frameworks */ = {
			isa = PBXFrameworksBuildPhase;
			buildActionMask = 2147483647;
			files = (
			);
			runOnlyForDeploymentPostprocessing = 0;
		};
		406B474D00AB15080ACA2928 /* Frameworks */ = {
			isa = PBXFrameworksBuildPhase;
			buildActionMask = 2147483647;
			files = (
			);
			runOnlyForDeploymentPostprocessing = 0;
		};
		8FD7611A12B220F50030D576 /* Frameworks */ = {
			isa = PBXFrameworksBuildPhase;
			buildActionMask = 2147483647;
			files = (
			);
			runOnlyForDeploymentPostprocessing = 0;
		};
		8FD7612612B220F50030D576 /* Frameworks */ = {
			isa = PBXFrameworksBuildPhase;
			buildActionMask = 2147483647;
			files = (
			);
			runOnlyForDeploymentPostprocessing = 0;
		};
/* End PBXFrameworksBuildPhase section */

/* Begin PBXGroup section */
		089C166AFE841209C02AAC07 /* VoodooPS2Controller */ = {
			isa = PBXGroup;
			children = (
				247142CAFF3F8F9811CA285C /* Source */,
				089C167CFE841241C02AAC07 /* Resources */,
				19C28FB6FE9D52B211CA2CBB /* Products */,
				8FD7612112B220F50030D576 /* Info-VoodooPS2Controller__Upgraded_.plist */,
			);
			name = VoodooPS2Controller;
			sourceTree = "<group>";
		};
		089C167CFE841241C02AAC07 /* Resources */ = {
			isa = PBXGroup;
			children = (
				089C167DFE841241C02AAC07 /* InfoPlist.strings */,
			);
			name = Resources;
			sourceTree = "<group>";
		};
		19C28FB6FE9D52B211CA2CBB /* Products */ = {
			isa = PBXGroup;
			children = (
				0B81C263FFB7832611CA28AA /* VoodooPS2Controller.kext */,
				406B474900AB15080ACA2928 /* ApplePS2Controller Headers */,
				8FD7612212B220F50030D576 /* VoodooPS2Controller.kext */,
				8FD7613012B220F50030D576 /* ApplePS2Controller Headers */,
			);
			name = Products;
			sourceTree = "<group>";
		};
		247142CAFF3F8F9811CA285C /* Source */ = {
			isa = PBXGroup;
			children = (
				01ABC0ED00973EA311CA2928 /* VoodooPS2Controller.cpp */,
				01ABC0EE00973EA311CA2928 /* VoodooPS2Controller.h */,
				406B474300AB14E90ACA2928 /* ApplePS2Device.h */,
				01ABC0EF00973EA311CA2928 /* ApplePS2KeyboardDevice.cpp */,
				406B474400AB14E90ACA2928 /* ApplePS2KeyboardDevice.h */,
				01ABC0F000973EA311CA2928 /* ApplePS2MouseDevice.cpp */,
				406B474500AB14E90ACA2928 /* ApplePS2MouseDevice.h */,
			);
			name = Source;
			sourceTree = "<group>";
		};
/* End PBXGroup section */

/* Begin PBXHeadersBuildPhase section */
		089C1674FE841209C02AAC07 /* Headers */ = {
			isa = PBXHeadersBuildPhase;
			buildActionMask = 2147483647;
			files = (
				01ABC0F100973EA311CA2928 /* VoodooPS2Controller.h in Headers */,
				406B474600AB14E90ACA2928 /* ApplePS2Device.h in Headers */,
				406B474700AB14E90ACA2928 /* ApplePS2KeyboardDevice.h in Headers */,
				406B474800AB14E90ACA2928 /* ApplePS2MouseDevice.h in Headers */,
			);
			runOnlyForDeploymentPostprocessing = 0;
		};
		406B474B00AB15080ACA2928 /* Headers */ = {
			isa = PBXHeadersBuildPhase;
			buildActionMask = 2147483647;
			files = (
			);
			runOnlyForDeploymentPostprocessing = 0;
		};
		8FD7610D12B220F50030D576 /* Headers */ = {
			isa = PBXHeadersBuildPhase;
			buildActionMask = 2147483647;
			files = (
				8FD7610E12B220F50030D576 /* VoodooPS2Controller.h in Headers */,
				8FD7610F12B220F50030D576 /* ApplePS2Device.h in Headers */,
				8FD7611012B220F50030D576 /* ApplePS2KeyboardDevice.h in Headers */,
				8FD7611112B220F50030D576 /* ApplePS2MouseDevice.h in Headers */,
			);
			runOnlyForDeploymentPostprocessing = 0;
		};
		8FD7612412B220F50030D576 /* Headers */ = {
			isa = PBXHeadersBuildPhase;
			buildActionMask = 2147483647;
			files = (
			);
			runOnlyForDeploymentPostprocessing = 0;
		};
/* End PBXHeadersBuildPhase section */

/* Begin PBXNativeTarget section */
		8FD7610912B220F50030D576 /* VoodooPS2Controller (Upgraded) */ = {
			isa = PBXNativeTarget;
			buildConfigurationList = 8FD7611D12B220F50030D576 /* Build configuration list for PBXNativeTarget "VoodooPS2Controller (Upgraded)" */;
			buildPhases = (
				8FD7610C12B220F50030D576 /* ShellScript */,
				8FD7610D12B220F50030D576 /* Headers */,
				8FD7611312B220F50030D576 /* Resources */,
				8FD7611512B220F50030D576 /* Sources */,
				8FD7611A12B220F50030D576 /* Frameworks */,
				8FD7611B12B220F50030D576 /* Rez */,
				8FD7611C12B220F50030D576 /* ShellScript */,
			);
			buildRules = (
			);
			dependencies = (
				8FD7613312B220F50030D576 /* PBXTargetDependency */,
			);
			name = "VoodooPS2Controller (Upgraded)";
			productInstallPath = "$(SYSTEM_LIBRARY_DIR)/Extensions";
			productName = VoodooPS2Controller;
			productReference = 8FD7612212B220F50030D576 /* VoodooPS2Controller.kext */;
			productType = "com.apple.product-type.kernel-extension.iokit";
		};
		8FD7612312B220F50030D576 /* ApplePS2Controller Headers (Upgraded) */ = {
			isa = PBXNativeTarget;
			buildConfigurationList = 8FD7612C12B220F50030D576 /* Build configuration list for PBXNativeTarget "ApplePS2Controller Headers (Upgraded)" */;
			buildPhases = (
				8FD7612412B220F50030D576 /* Headers */,
				8FD7612512B220F50030D576 /* Sources */,
				8FD7612612B220F50030D576 /* Frameworks */,
				8FD7612712B220F50030D576 /* Rez */,
				8FD7612812B220F50030D576 /* CopyFiles */,
			);
			buildRules = (
			);
			dependencies = (
			);
			name = "ApplePS2Controller Headers (Upgraded)";
			productInstallPath = "$(SYSTEM_LIBRARY_DIR)/Frameworks";
			productName = "ApplePS2Controller Headers";
			productReference = 8FD7613012B220F50030D576 /* ApplePS2Controller Headers */;
			productType = "com.apple.product-type.tool";
		};
/* End PBXNativeTarget section */

/* Begin PBXProject section */
		089C1669FE841209C02AAC07 /* Project object */ = {
			isa = PBXProject;
			buildConfigurationList = B6A4BB750F46F13800B03254 /* Build configuration list for PBXProject "VoodooPS2Controller" */;
			compatibilityVersion = "Xcode 2.4";
			developmentRegion = English;
			hasScannedForEncodings = 1;
			knownRegions = (
				English,
				Japanese,
				French,
				German,
			);
			mainGroup = 089C166AFE841209C02AAC07 /* VoodooPS2Controller */;
			projectDirPath = "";
			projectRoot = "";
			targets = (
				8FD7610912B220F50030D576 /* VoodooPS2Controller (Upgraded) */,
				8FD7612312B220F50030D576 /* ApplePS2Controller Headers (Upgraded) */,
				089C1673FE841209C02AAC07 /* VoodooPS2Controller */,
				406B474A00AB15080ACA2928 /* ApplePS2Controller Headers */,
			);
		};
/* End PBXProject section */

/* Begin PBXResourcesBuildPhase section */
		089C1675FE841209C02AAC07 /* Resources */ = {
			isa = PBXResourcesBuildPhase;
			buildActionMask = 2147483647;
			files = (
				089C1680FE841241C02AAC07 /* InfoPlist.strings in Resources */,
			);
			runOnlyForDeploymentPostprocessing = 0;
		};
		8FD7611312B220F50030D576 /* Resources */ = {
			isa = PBXResourcesBuildPhase;
			buildActionMask = 2147483647;
			files = (
				8FD7611412B220F50030D576 /* InfoPlist.strings in Resources */,
			);
			runOnlyForDeploymentPostprocessing = 0;
		};
/* End PBXResourcesBuildPhase section */

/* Begin PBXRezBuildPhase section */
		089C1679FE841209C02AAC07 /* Rez */ = {
			isa = PBXRezBuildPhase;
			buildActionMask = 2147483647;
			files = (
			);
			runOnlyForDeploymentPostprocessing = 0;
		};
		406B474E00AB15080ACA2928 /* Rez */ = {
			isa = PBXRezBuildPhase;
			buildActionMask = 2147483647;
			files = (
			);
			runOnlyForDeploymentPostprocessing = 0;
		};
		8FD7611B12B220F50030D576 /* Rez */ = {
			isa = PBXRezBuildPhase;
			buildActionMask = 2147483647;
			files = (
			);
			runOnlyForDeploymentPostprocessing = 0;
		};
		8FD7612712B220F50030D576 /* Rez */ = {
			isa = PBXRezBuildPhase;
			buildActionMask = 2147483647;
			files = (
			);
			runOnlyForDeploymentPostprocessing = 0;
		};
/* End PBXRezBuildPhase section */

/* Begin PBXShellScriptBuildPhase section */
		06AA1264FFB2107B11CA28AA /* ShellScript */ = {
			isa = PBXShellScriptBuildPhase;
			buildActionMask = 2147483647;
			files = (
			);
			runOnlyForDeploymentPostprocessing = 0;
			shellPath = /bin/sh;
			shellScript = "script=\"${SYSTEM_DEVELOPER_DIR}/ProjectBuilder Extras/Kernel Extension Support/KEXTPostprocess\";\nif [ -x \"$script\" ]; then\n    . \"$script\"\nfi";
		};
		06AA1267FFB2110C11CA28AA /* ShellScript */ = {
			isa = PBXShellScriptBuildPhase;
			buildActionMask = 2147483647;
			files = (
			);
			runOnlyForDeploymentPostprocessing = 0;
			shellPath = /bin/sh;
			shellScript = "script=\"${SYSTEM_DEVELOPER_DIR}/ProjectBuilder Extras/Kernel Extension Support/KEXTPreprocess\";\nif [ -x \"$script\" ]; then\n    . \"$script\"\nfi";
		};
		8FD7610C12B220F50030D576 /* ShellScript */ = {
			isa = PBXShellScriptBuildPhase;
			buildActionMask = 2147483647;
			files = (
			);
			runOnlyForDeploymentPostprocessing = 0;
			shellPath = /bin/sh;
			shellScript = "script=\"${SYSTEM_DEVELOPER_DIR}/ProjectBuilder Extras/Kernel Extension Support/KEXTPreprocess\";\nif [ -x \"$script\" ]; then\n    . \"$script\"\nfi";
		};
		8FD7611C12B220F50030D576 /* ShellScript */ = {
			isa = PBXShellScriptBuildPhase;
			buildActionMask = 2147483647;
			files = (
			);
			runOnlyForDeploymentPostprocessing = 0;
			shellPath = /bin/sh;
			shellScript = "script=\"${SYSTEM_DEVELOPER_DIR}/ProjectBuilder Extras/Kernel Extension Support/KEXTPostprocess\";\nif [ -x \"$script\" ]; then\n    . \"$script\"\nfi";
		};
/* End PBXShellScriptBuildPhase section */

/* Begin PBXSourcesBuildPhase section */
		089C1676FE841209C02AAC07 /* Sources */ = {
			isa = PBXSourcesBuildPhase;
			buildActionMask = 2147483647;
			files = (
				01ABC0F200973EA311CA2928 /* VoodooPS2Controller.cpp in Sources */,
				01ABC0F300973EA311CA2928 /* ApplePS2KeyboardDevice.cpp in Sources */,
				01ABC0F400973EA311CA2928 /* ApplePS2MouseDevice.cpp in Sources */,
			);
			runOnlyForDeploymentPostprocessing = 0;
		};
		406B474C00AB15080ACA2928 /* Sources */ = {
			isa = PBXSourcesBuildPhase;
			buildActionMask = 2147483647;
			files = (
			);
			runOnlyForDeploymentPostprocessing = 0;
		};
		8FD7611512B220F50030D576 /* Sources */ = {
			isa = PBXSourcesBuildPhase;
			buildActionMask = 2147483647;
			files = (
				8FD7611612B220F50030D576 /* VoodooPS2Controller.cpp in Sources */,
				8FD7611712B220F50030D576 /* ApplePS2KeyboardDevice.cpp in Sources */,
				8FD7611812B220F50030D576 /* ApplePS2MouseDevice.cpp in Sources */,
			);
			runOnlyForDeploymentPostprocessing = 0;
		};
		8FD7612512B220F50030D576 /* Sources */ = {
			isa = PBXSourcesBuildPhase;
			buildActionMask = 2147483647;
			files = (
			);
			runOnlyForDeploymentPostprocessing = 0;
		};
/* End PBXSourcesBuildPhase section */

/* Begin PBXTargetDependency section */
		406B474F00AB15170ACA2928 /* PBXTargetDependency */ = {
			isa = PBXTargetDependency;
			target = 406B474A00AB15080ACA2928 /* ApplePS2Controller Headers */;
			targetProxy = B6A4BB680F46F13700B03254 /* PBXContainerItemProxy */;
		};
		8FD7613312B220F50030D576 /* PBXTargetDependency */ = {
			isa = PBXTargetDependency;
			target = 8FD7612312B220F50030D576 /* ApplePS2Controller Headers (Upgraded) */;
			targetProxy = 8FD7613212B220F50030D576 /* PBXContainerItemProxy */;
		};
/* End PBXTargetDependency section */

/* Begin PBXToolTarget section */
		406B474A00AB15080ACA2928 /* ApplePS2Controller Headers */ = {
			isa = PBXToolTarget;
			buildConfigurationList = B6A4BB760F46F13800B03254 /* Build configuration list for PBXToolTarget "ApplePS2Controller Headers" */;
			buildPhases = (
				406B474B00AB15080ACA2928 /* Headers */,
				406B474C00AB15080ACA2928 /* Sources */,
				406B474D00AB15080ACA2928 /* Frameworks */,
				406B474E00AB15080ACA2928 /* Rez */,
				406B475100AB154F0ACA2928 /* CopyFiles */,
			);
			dependencies = (
			);
			name = "ApplePS2Controller Headers";
			productInstallPath = "$(SYSTEM_LIBRARY_DIR)/Frameworks";
			productName = "ApplePS2Controller Headers";
			productReference = 406B474900AB15080ACA2928 /* ApplePS2Controller Headers */;
		};
/* End PBXToolTarget section */

/* Begin PBXVariantGroup section */
		089C167DFE841241C02AAC07 /* InfoPlist.strings */ = {
			isa = PBXVariantGroup;
			children = (
				089C167EFE841241C02AAC07 /* English */,
			);
			name = InfoPlist.strings;
			sourceTree = "<group>";
		};
/* End PBXVariantGroup section */

/* Begin XCBuildConfiguration section */
		8FD7611E12B220F50030D576 /* Development */ = {
			isa = XCBuildConfiguration;
			buildSettings = {
				ARCHS = "$(ARCHS_STANDARD_32_64_BIT_PRE_XCODE_3_1)";
				ARCHS_STANDARD_32_64_BIT_PRE_XCODE_3_1 = "x86_64 i386 ppc";
				COPY_PHASE_STRIP = NO;
				FRAMEWORK_SEARCH_PATHS = "";
				GCC_DYNAMIC_NO_PIC = NO;
				GCC_ENABLE_FIX_AND_CONTINUE = YES;
				GCC_GENERATE_DEBUGGING_SYMBOLS = YES;
				GCC_OPTIMIZATION_LEVEL = 0;
				GCC_SYMBOLS_PRIVATE_EXTERN = NO;
				HEADER_SEARCH_PATHS = "";
				INFOPLIST_FILE = "Info-VoodooPS2Controller__Upgraded_.plist";
				INSTALL_PATH = "$(SYSTEM_LIBRARY_DIR)/Extensions";
				KERNEL_MODULE = YES;
				LIBRARY_SEARCH_PATHS = "";
				MODULE_IOKIT = YES;
				MODULE_NAME = org.voodoo.driver.PS2Controller;
				MODULE_VERSION = 1.1.0;
				OTHER_LDFLAGS = "";
				OTHER_REZFLAGS = "";
				PRODUCT_NAME = VoodooPS2Controller;
				SECTORDER_FLAGS = "";
				VALID_ARCHS = "x86_64 i386";
				WARNING_CFLAGS = (
					"-Wmost",
					"-Wno-four-char-constants",
					"-Wno-unknown-pragmas",
				);
				WRAPPER_EXTENSION = kext;
				ZERO_LINK = YES;
			};
			name = Development;
		};
		8FD7611F12B220F50030D576 /* Deployment */ = {
			isa = XCBuildConfiguration;
			buildSettings = {
				ARCHS = "$(ARCHS_STANDARD_32_64_BIT_PRE_XCODE_3_1)";
				ARCHS_STANDARD_32_64_BIT_PRE_XCODE_3_1 = "x86_64 i386 ppc";
				COPY_PHASE_STRIP = YES;
				FRAMEWORK_SEARCH_PATHS = "";
				GCC_ENABLE_FIX_AND_CONTINUE = NO;
				GCC_SYMBOLS_PRIVATE_EXTERN = NO;
				HEADER_SEARCH_PATHS = "";
				INFOPLIST_FILE = "Info-VoodooPS2Controller__Upgraded_.plist";
				INSTALL_PATH = "$(SYSTEM_LIBRARY_DIR)/Extensions";
				KERNEL_MODULE = YES;
				LIBRARY_SEARCH_PATHS = "";
				MODULE_IOKIT = YES;
				MODULE_NAME = org.voodoo.driver.PS2Controller;
				MODULE_VERSION = 1.1.0;
				OTHER_LDFLAGS = "";
				OTHER_REZFLAGS = "";
				PRODUCT_NAME = VoodooPS2Controller;
				SECTORDER_FLAGS = "";
				VALID_ARCHS = "x86_64 i386";
				WARNING_CFLAGS = (
					"-Wmost",
					"-Wno-four-char-constants",
					"-Wno-unknown-pragmas",
				);
				WRAPPER_EXTENSION = kext;
				ZERO_LINK = NO;
			};
			name = Deployment;
		};
		8FD7612012B220F50030D576 /* Default */ = {
			isa = XCBuildConfiguration;
			buildSettings = {
				ARCHS = "$(ARCHS_STANDARD_32_64_BIT_PRE_XCODE_3_1)";
				ARCHS_STANDARD_32_64_BIT_PRE_XCODE_3_1 = "x86_64 i386 ppc";
				FRAMEWORK_SEARCH_PATHS = "";
				GCC_SYMBOLS_PRIVATE_EXTERN = NO;
				HEADER_SEARCH_PATHS = "";
				INFOPLIST_FILE = "Info-VoodooPS2Controller__Upgraded_.plist";
				INSTALL_PATH = "$(SYSTEM_LIBRARY_DIR)/Extensions";
				KERNEL_MODULE = YES;
				LIBRARY_SEARCH_PATHS = "";
				MODULE_IOKIT = YES;
				MODULE_NAME = org.voodoo.driver.PS2Controller;
				MODULE_VERSION = 1.1.0;
				OTHER_LDFLAGS = "";
				OTHER_REZFLAGS = "";
				PRODUCT_NAME = VoodooPS2Controller;
				SECTORDER_FLAGS = "";
				VALID_ARCHS = "x86_64 i386";
				WARNING_CFLAGS = (
					"-Wmost",
					"-Wno-four-char-constants",
					"-Wno-unknown-pragmas",
				);
				WRAPPER_EXTENSION = kext;
			};
			name = Default;
		};
		8FD7612D12B220F50030D576 /* Development */ = {
			isa = XCBuildConfiguration;
			buildSettings = {
				COPY_PHASE_STRIP = NO;
				GCC_DYNAMIC_NO_PIC = NO;
				GCC_ENABLE_FIX_AND_CONTINUE = YES;
				GCC_GENERATE_DEBUGGING_SYMBOLS = YES;
				GCC_OPTIMIZATION_LEVEL = 0;
				INSTALLHDRS_COPY_PHASE = YES;
				INSTALL_PATH = "$(SYSTEM_LIBRARY_DIR)/Frameworks";
				OTHER_CFLAGS = "";
				OTHER_LDFLAGS = "";
				OTHER_REZFLAGS = "";
				PRODUCT_NAME = "ApplePS2Controller Headers";
				REZ_EXECUTABLE = YES;
				SECTORDER_FLAGS = "";
				WARNING_CFLAGS = (
					"-Wmost",
					"-Wno-four-char-constants",
					"-Wno-unknown-pragmas",
				);
				ZERO_LINK = YES;
			};
			name = Development;
		};
		8FD7612E12B220F50030D576 /* Deployment */ = {
			isa = XCBuildConfiguration;
			buildSettings = {
				COPY_PHASE_STRIP = YES;
				GCC_ENABLE_FIX_AND_CONTINUE = NO;
				INSTALLHDRS_COPY_PHASE = YES;
				INSTALL_PATH = "$(SYSTEM_LIBRARY_DIR)/Frameworks";
				OTHER_CFLAGS = "";
				OTHER_LDFLAGS = "";
				OTHER_REZFLAGS = "";
				PRODUCT_NAME = "ApplePS2Controller Headers";
				REZ_EXECUTABLE = YES;
				SECTORDER_FLAGS = "";
				WARNING_CFLAGS = (
					"-Wmost",
					"-Wno-four-char-constants",
					"-Wno-unknown-pragmas",
				);
				ZERO_LINK = NO;
			};
			name = Deployment;
		};
		8FD7612F12B220F50030D576 /* Default */ = {
			isa = XCBuildConfiguration;
			buildSettings = {
				INSTALLHDRS_COPY_PHASE = YES;
				INSTALL_PATH = "$(SYSTEM_LIBRARY_DIR)/Frameworks";
				OTHER_CFLAGS = "";
				OTHER_LDFLAGS = "";
				OTHER_REZFLAGS = "";
				PRODUCT_NAME = "ApplePS2Controller Headers";
				REZ_EXECUTABLE = YES;
				SECTORDER_FLAGS = "";
				WARNING_CFLAGS = (
					"-Wmost",
					"-Wno-four-char-constants",
					"-Wno-unknown-pragmas",
				);
			};
			name = Default;
		};
		B6A4BB6C0F46F13800B03254 /* Development */ = {
			isa = XCBuildConfiguration;
			buildSettings = {
			};
			name = Development;
		};
		B6A4BB6D0F46F13800B03254 /* Deployment */ = {
			isa = XCBuildConfiguration;
			buildSettings = {
			};
			name = Deployment;
		};
		B6A4BB6E0F46F13800B03254 /* Default */ = {
			isa = XCBuildConfiguration;
			buildSettings = {
			};
			name = Default;
		};
		B6A4BB6F0F46F13800B03254 /* Development */ = {
			isa = XCBuildConfiguration;
			buildSettings = {
				COPY_PHASE_STRIP = NO;
				FRAMEWORK_SEARCH_PATHS = "";
				GCC_DYNAMIC_NO_PIC = NO;
				GCC_ENABLE_FIX_AND_CONTINUE = YES;
				GCC_GENERATE_DEBUGGING_SYMBOLS = YES;
				GCC_OPTIMIZATION_LEVEL = 0;
				HEADER_SEARCH_PATHS = "";
				INSTALL_PATH = "$(SYSTEM_LIBRARY_DIR)/Extensions";
				KERNEL_MODULE = YES;
				LIBRARY_SEARCH_PATHS = "";
				MODULE_IOKIT = YES;
				MODULE_NAME = org.voodoo.driver.PS2Controller;
				MODULE_VERSION = 1.1.0;
				OTHER_LDFLAGS = "";
				OTHER_REZFLAGS = "";
				PRODUCT_NAME = VoodooPS2Controller;
				SECTORDER_FLAGS = "";
				VALID_ARCHS = i386;
				WARNING_CFLAGS = (
					"-Wmost",
					"-Wno-four-char-constants",
					"-Wno-unknown-pragmas",
				);
				WRAPPER_EXTENSION = kext;
				ZERO_LINK = YES;
			};
			name = Development;
		};
		B6A4BB700F46F13800B03254 /* Deployment */ = {
			isa = XCBuildConfiguration;
			buildSettings = {
				COPY_PHASE_STRIP = YES;
				FRAMEWORK_SEARCH_PATHS = "";
				GCC_ENABLE_FIX_AND_CONTINUE = NO;
				HEADER_SEARCH_PATHS = "";
				INSTALL_PATH = "$(SYSTEM_LIBRARY_DIR)/Extensions";
				KERNEL_MODULE = YES;
				LIBRARY_SEARCH_PATHS = "";
				MODULE_IOKIT = YES;
				MODULE_NAME = org.voodoo.driver.PS2Controller;
				MODULE_VERSION = 1.1.0;
				OTHER_LDFLAGS = "";
				OTHER_REZFLAGS = "";
				PRODUCT_NAME = VoodooPS2Controller;
				SECTORDER_FLAGS = "";
				VALID_ARCHS = i386;
				WARNING_CFLAGS = (
					"-Wmost",
					"-Wno-four-char-constants",
					"-Wno-unknown-pragmas",
				);
				WRAPPER_EXTENSION = kext;
				ZERO_LINK = NO;
			};
			name = Deployment;
		};
		B6A4BB710F46F13800B03254 /* Default */ = {
			isa = XCBuildConfiguration;
			buildSettings = {
				FRAMEWORK_SEARCH_PATHS = "";
				HEADER_SEARCH_PATHS = "";
				INSTALL_PATH = "$(SYSTEM_LIBRARY_DIR)/Extensions";
				KERNEL_MODULE = YES;
				LIBRARY_SEARCH_PATHS = "";
				MODULE_IOKIT = YES;
				MODULE_NAME = org.voodoo.driver.PS2Controller;
				MODULE_VERSION = 1.1.0;
				OTHER_LDFLAGS = "";
				OTHER_REZFLAGS = "";
				PRODUCT_NAME = VoodooPS2Controller;
				SECTORDER_FLAGS = "";
				VALID_ARCHS = i386;
				WARNING_CFLAGS = (
					"-Wmost",
					"-Wno-four-char-constants",
					"-Wno-unknown-pragmas",
				);
				WRAPPER_EXTENSION = kext;
			};
			name = Default;
		};
		B6A4BB720F46F13800B03254 /* Development */ = {
			isa = XCBuildConfiguration;
			buildSettings = {
				COPY_PHASE_STRIP = NO;
				GCC_DYNAMIC_NO_PIC = NO;
				GCC_ENABLE_FIX_AND_CONTINUE = YES;
				GCC_GENERATE_DEBUGGING_SYMBOLS = YES;
				GCC_OPTIMIZATION_LEVEL = 0;
				INSTALLHDRS_COPY_PHASE = YES;
				INSTALL_PATH = "$(SYSTEM_LIBRARY_DIR)/Frameworks";
				OTHER_CFLAGS = "";
				OTHER_LDFLAGS = "";
				OTHER_REZFLAGS = "";
				PRODUCT_NAME = "ApplePS2Controller Headers";
				REZ_EXECUTABLE = YES;
				SECTORDER_FLAGS = "";
				WARNING_CFLAGS = (
					"-Wmost",
					"-Wno-four-char-constants",
					"-Wno-unknown-pragmas",
				);
				ZERO_LINK = YES;
			};
			name = Development;
		};
		B6A4BB730F46F13800B03254 /* Deployment */ = {
			isa = XCBuildConfiguration;
			buildSettings = {
				COPY_PHASE_STRIP = YES;
				GCC_ENABLE_FIX_AND_CONTINUE = NO;
				INSTALLHDRS_COPY_PHASE = YES;
				INSTALL_PATH = "$(SYSTEM_LIBRARY_DIR)/Frameworks";
				OTHER_CFLAGS = "";
				OTHER_LDFLAGS = "";
				OTHER_REZFLAGS = "";
				PRODUCT_NAME = "ApplePS2Controller Headers";
				REZ_EXECUTABLE = YES;
				SECTORDER_FLAGS = "";
				WARNING_CFLAGS = (
					"-Wmost",
					"-Wno-four-char-constants",
					"-Wno-unknown-pragmas",
				);
				ZERO_LINK = NO;
			};
			name = Deployment;
		};
		B6A4BB740F46F13800B03254 /* Default */ = {
			isa = XCBuildConfiguration;
			buildSettings = {
				INSTALLHDRS_COPY_PHASE = YES;
				INSTALL_PATH = "$(SYSTEM_LIBRARY_DIR)/Frameworks";
				OTHER_CFLAGS = "";
				OTHER_LDFLAGS = "";
				OTHER_REZFLAGS = "";
				PRODUCT_NAME = "ApplePS2Controller Headers";
				REZ_EXECUTABLE = YES;
				SECTORDER_FLAGS = "";
				WARNING_CFLAGS = (
					"-Wmost",
					"-Wno-four-char-constants",
					"-Wno-unknown-pragmas",
				);
			};
			name = Default;
		};
/* End XCBuildConfiguration section */

/* Begin XCConfigurationList section */
		8FD7611D12B220F50030D576 /* Build configuration list for PBXNativeTarget "VoodooPS2Controller (Upgraded)" */ = {
			isa = XCConfigurationList;
			buildConfigurations = (
				8FD7611E12B220F50030D576 /* Development */,
				8FD7611F12B220F50030D576 /* Deployment */,
				8FD7612012B220F50030D576 /* Default */,
			);
			defaultConfigurationIsVisible = 0;
			defaultConfigurationName = Default;
		};
		8FD7612C12B220F50030D576 /* Build configuration list for PBXNativeTarget "ApplePS2Controller Headers (Upgraded)" */ = {
			isa = XCConfigurationList;
			buildConfigurations = (
				8FD7612D12B220F50030D576 /* Development */,
				8FD7612E12B220F50030D576 /* Deployment */,
				8FD7612F12B220F50030D576 /* Default */,
			);
			defaultConfigurationIsVisible = 0;
			defaultConfigurationName = Default;
		};
		B6A4BB750F46F13800B03254 /* Build configuration list for PBXProject "VoodooPS2Controller" */ = {
			isa = XCConfigurationList;
			buildConfigurations = (
				B6A4BB6C0F46F13800B03254 /* Development */,
				B6A4BB6D0F46F13800B03254 /* Deployment */,
				B6A4BB6E0F46F13800B03254 /* Default */,
			);
			defaultConfigurationIsVisible = 0;
			defaultConfigurationName = Default;
		};
		B6A4BB760F46F13800B03254 /* Build configuration list for PBXToolTarget "ApplePS2Controller Headers" */ = {
			isa = XCConfigurationList;
			buildConfigurations = (
				B6A4BB720F46F13800B03254 /* Development */,
				B6A4BB730F46F13800B03254 /* Deployment */,
				B6A4BB740F46F13800B03254 /* Default */,
			);
			defaultConfigurationIsVisible = 0;
			defaultConfigurationName = Default;
		};
		B6A4BB770F46F13800B03254 /* Build configuration list for PBXBundleTarget "VoodooPS2Controller" */ = {
			isa = XCConfigurationList;
			buildConfigurations = (
				B6A4BB6F0F46F13800B03254 /* Development */,
				B6A4BB700F46F13800B03254 /* Deployment */,
				B6A4BB710F46F13800B03254 /* Default */,
			);
			defaultConfigurationIsVisible = 0;
			defaultConfigurationName = Default;
		};
/* End XCConfigurationList section */
	};
	rootObject = 089C1669FE841209C02AAC07 /* Project object */;
}
