// !$*UTF8*$!
{
	archiveVersion = 1;
	classes = {
	};
	objectVersion = 42;
	objects = {

/* Begin PBXBuildFile section */
		089C1680FE841241C02AAC07 /* InfoPlist.strings in Resources */ = {isa = PBXBuildFile; fileRef = 089C167DFE841241C02AAC07 /* InfoPlist.strings */; };
		1A224C40FF42367911CA2CB7 /* VoodooPS2SynapticsTouchPad.h in Headers */ = {isa = PBXBuildFile; fileRef = 1A224C3EFF42367911CA2CB7 /* VoodooPS2SynapticsTouchPad.h */; };
		1A224C41FF42367911CA2CB7 /* VoodooPS2SynapticsTouchPad.cpp in Sources */ = {isa = PBXBuildFile; fileRef = 1A224C3FFF42367911CA2CB7 /* VoodooPS2SynapticsTouchPad.cpp */; settings = {ATTRIBUTES = (); }; };
		219BA5CB05EE680D00AA3E64 /* VoodooPS2ALPSGlidePoint.cpp in Sources */ = {isa = PBXBuildFile; fileRef = 219BA5C905EE680D00AA3E64 /* VoodooPS2ALPSGlidePoint.cpp */; };
		219BA5CC05EE680D00AA3E64 /* VoodooPS2ALPSGlidePoint.h in Headers */ = {isa = PBXBuildFile; fileRef = 219BA5CA05EE680D00AA3E64 /* VoodooPS2ALPSGlidePoint.h */; };
		8FD761B512B224420030D576 /* VoodooPS2SynapticsTouchPad.h in Headers */ = {isa = PBXBuildFile; fileRef = 1A224C3EFF42367911CA2CB7 /* VoodooPS2SynapticsTouchPad.h */; };
		8FD761B612B224420030D576 /* VoodooPS2ALPSGlidePoint.h in Headers */ = {isa = PBXBuildFile; fileRef = 219BA5CA05EE680D00AA3E64 /* VoodooPS2ALPSGlidePoint.h */; };
		8FD761B712B224420030D576 /* VoodooPS2SentelicFSP.h in Headers */ = {isa = PBXBuildFile; fileRef = B6E86BD70F248A8600F5A5B6 /* VoodooPS2SentelicFSP.h */; };
		8FD761B912B224420030D576 /* InfoPlist.strings in Resources */ = {isa = PBXBuildFile; fileRef = 089C167DFE841241C02AAC07 /* InfoPlist.strings */; };
		8FD761BB12B224420030D576 /* VoodooPS2SynapticsTouchPad.cpp in Sources */ = {isa = PBXBuildFile; fileRef = 1A224C3FFF42367911CA2CB7 /* VoodooPS2SynapticsTouchPad.cpp */; settings = {ATTRIBUTES = (); }; };
		8FD761BC12B224420030D576 /* VoodooPS2ALPSGlidePoint.cpp in Sources */ = {isa = PBXBuildFile; fileRef = 219BA5C905EE680D00AA3E64 /* VoodooPS2ALPSGlidePoint.cpp */; };
		8FD761BD12B224420030D576 /* VoodooPS2SentelicFSP.cpp in Sources */ = {isa = PBXBuildFile; fileRef = B6E86BD60F248A8600F5A5B6 /* VoodooPS2SentelicFSP.cpp */; };
		B6E86BD80F248A8600F5A5B6 /* VoodooPS2SentelicFSP.cpp in Sources */ = {isa = PBXBuildFile; fileRef = B6E86BD60F248A8600F5A5B6 /* VoodooPS2SentelicFSP.cpp */; };
		B6E86BD90F248A8600F5A5B6 /* VoodooPS2SentelicFSP.h in Headers */ = {isa = PBXBuildFile; fileRef = B6E86BD70F248A8600F5A5B6 /* VoodooPS2SentelicFSP.h */; };
/* End PBXBuildFile section */

/* Begin PBXBundleTarget section */
		089C1673FE841209C02AAC07 /* VoodooPS2Trackpad */ = {
			isa = PBXBundleTarget;
			buildConfigurationList = B6E86BD20F248A6C00F5A5B6 /* Build configuration list for PBXBundleTarget "VoodooPS2Trackpad" */;
			buildPhases = (
				06AA1267FFB2110C11CA28AA /* ShellScript */,
				089C1674FE841209C02AAC07 /* Headers */,
				089C1675FE841209C02AAC07 /* Resources */,
				089C1676FE841209C02AAC07 /* Sources */,
				089C1677FE841209C02AAC07 /* Frameworks */,
				089C1679FE841209C02AAC07 /* Rez */,
				06AA1264FFB2107B11CA28AA /* ShellScript */,
			);
			dependencies = (
			);
			name = VoodooPS2Trackpad;
			productInstallPath = "$(SYSTEM_LIBRARY_DIR)/Extensions/VoodooPS2Controller.kext/Contents/PlugIns";
			productName = VoodooPS2Trackpad;
			productReference = 0B81C263FFB7832611CA28AA /* VoodooPS2Trackpad.kext */;
			productSettingsXML = "<?xml version=\"1.0\" encoding=\"UTF-8\"?>
<!DOCTYPE plist PUBLIC \"-//Apple//DTD PLIST 1.0//EN\" \"http://www.apple.com/DTDs/PropertyList-1.0.dtd\">
<plist version=\"1.0\">
<dict>
	<key>CFBundleDevelopmentRegion</key>
	<string>English</string>
	<key>CFBundleExecutable</key>
	<string>VoodooPS2Trackpad</string>
	<key>CFBundleGetInfoString</key>
	<string>1.1.0, Copyright Apple Computer, Inc. 2002-2003, Copyright mackerintel 2008</string>
	<key>CFBundleIconFile</key>
	<string></string>
	<key>CFBundleIdentifier</key>
	<string>org.voodoo.driver.PS2Trackpad</string>
	<key>CFBundleInfoDictionaryVersion</key>
	<string>6.0</string>
	<key>CFBundleName</key>
	<string>Voodoo PS/2 Trackpad</string>
	<key>CFBundlePackageType</key>
	<string>KEXT</string>
	<key>CFBundleShortVersionString</key>
	<string>1.1.0</string>
	<key>CFBundleSignature</key>
	<string>????</string>
	<key>CFBundleVersion</key>
	<string>1.1.0</string>
	<key>IOKitPersonalities</key>
	<dict>
		<key>ALPS GlidePoint</key>
		<dict>
			<key>CFBundleIdentifier</key>
			<string>org.voodoo.driver.PS2Trackpad</string>
			<key>IOClass</key>
			<string>ApplePS2ALPSGlidePoint</string>
			<key>IOProbeScore</key>
			<integer>1500</integer>
			<key>IOProviderClass</key>
			<string>ApplePS2MouseDevice</string>
		</dict>
		<key>Sentelic FSP</key>
		<dict>
			<key>CFBundleIdentifier</key>
			<string>org.voodoo.driver.PS2Trackpad</string>
			<key>IOClass</key>
			<string>ApplePS2SentelicFSP</string>
			<key>IOProbeScore</key>
			<integer>6000</integer>
			<key>IOProviderClass</key>
			<string>ApplePS2MouseDevice</string>
		</dict>
		<key>Synaptics TouchPad</key>
		<dict>
			<key>CFBundleIdentifier</key>
			<string>org.voodoo.driver.PS2Trackpad</string>
			<key>Configuration</key>
			<dict>
				<key>BottomEdge</key>
				<integer>1700</integer>
				<key>CenterX</key>
				<integer>3000</integer>
				<key>CenterY</key>
				<integer>3000</integer>
				<key>CircularScrollDivisor</key>
				<integer>0</integer>
				<key>CircularScrollTrigger</key>
				<integer>0</integer>
				<key>Divisor</key>
				<integer>23</integer>
				<key>FingerZ</key>
				<integer>30</integer>
				<key>HorizontalScrollDivisor</key>
				<integer>30</integer>
				<key>LeftEdge</key>
				<integer>1700</integer>
				<key>MaxTapTime</key>
				<integer>100000000</integer>
				<key>MultiFingerHorizontalDivisor</key>
				<integer>30</integer>
				<key>MultiFingerVerticalDivisor</key>
				<integer>25</integer>
				<key>MultiFingerWLimit</key>
				<integer>9</integer>
				<key>RightEdge</key>
				<integer>5200</integer>
				<key>StabilizeTapping</key>
				<true/>
				<key>StickyHorizontalScrolling</key>
				<false/>
				<key>StickyMultiFingerScrolling</key>
				<true/>
				<key>StickyVerticalScrolling</key>
				<false/>
				<key>TopEdge</key>
				<integer>4200</integer>
				<key>UseHighRate</key>
				<true/>
				<key>VerticalScrollDivisor</key>
				<integer>30</integer>
			</dict>
			<key>HIDPointerAccelerationType</key>
			<string>HIDTrackpadAcceleration</string>
			<key>HIDScrollAccelerationType</key>
			<string>HIDTrackpadScrollAcceleration</string>
			<key>IOClass</key>
			<string>ApplePS2SynapticsTouchPad</string>
			<key>IOProbeScore</key>
			<integer>5500</integer>
			<key>IOProviderClass</key>
			<string>ApplePS2MouseDevice</string>
			<key>ProductID</key>
			<integer>547</integer>
			<key>VendorID</key>
			<integer>1452</integer>
		</dict>
	</dict>
	<key>OSBundleLibraries</key>
	<dict>
		<key>com.apple.iokit.IOHIDSystem</key>
		<string>1.1</string>
		<key>com.apple.kernel.iokit</key>
		<string>1.1</string>
		<key>com.apple.kernel.libkern</key>
		<string>1.1</string>
		<key>org.voodoo.driver.PS2Controller</key>
		<string>1.1</string>
	</dict>
	<key>OSBundleRequired</key>
	<string>Safe Boot</string>
</dict>
</plist>
";
		};
/* End PBXBundleTarget section */

/* Begin PBXFileReference section */
		089C167EFE841241C02AAC07 /* English */ = {isa = PBXFileReference; fileEncoding = 10; lastKnownFileType = text.plist.strings; name = English; path = English.lproj/InfoPlist.strings; sourceTree = "<group>"; };
		0B81C263FFB7832611CA28AA /* VoodooPS2Trackpad.kext */ = {isa = PBXFileReference; explicitFileType = wrapper.cfbundle; path = VoodooPS2Trackpad.kext; sourceTree = BUILT_PRODUCTS_DIR; };
		1A224C3EFF42367911CA2CB7 /* VoodooPS2SynapticsTouchPad.h */ = {isa = PBXFileReference; fileEncoding = 30; lastKnownFileType = sourcecode.c.h; path = VoodooPS2SynapticsTouchPad.h; sourceTree = "<group>"; };
		1A224C3FFF42367911CA2CB7 /* VoodooPS2SynapticsTouchPad.cpp */ = {isa = PBXFileReference; fileEncoding = 30; lastKnownFileType = sourcecode.cpp.cpp; path = VoodooPS2SynapticsTouchPad.cpp; sourceTree = "<group>"; };
		219BA5C905EE680D00AA3E64 /* VoodooPS2ALPSGlidePoint.cpp */ = {isa = PBXFileReference; fileEncoding = 30; lastKnownFileType = sourcecode.cpp.cpp; path = VoodooPS2ALPSGlidePoint.cpp; sourceTree = "<group>"; };
		219BA5CA05EE680D00AA3E64 /* VoodooPS2ALPSGlidePoint.h */ = {isa = PBXFileReference; fileEncoding = 30; lastKnownFileType = sourcecode.c.h; path = VoodooPS2ALPSGlidePoint.h; sourceTree = "<group>"; };
		8FD761C512B224420030D576 /* Info-VoodooPS2Trackpad__Upgraded_.plist */ = {isa = PBXFileReference; lastKnownFileType = text.plist.xml; path = "Info-VoodooPS2Trackpad__Upgraded_.plist"; sourceTree = "<group>"; };
		8FD761C612B224420030D576 /* VoodooPS2Trackpad.kext */ = {isa = PBXFileReference; explicitFileType = wrapper.cfbundle; includeInIndex = 0; path = VoodooPS2Trackpad.kext; sourceTree = BUILT_PRODUCTS_DIR; };
		B6E86BD60F248A8600F5A5B6 /* VoodooPS2SentelicFSP.cpp */ = {isa = PBXFileReference; fileEncoding = 4; lastKnownFileType = sourcecode.cpp.cpp; path = VoodooPS2SentelicFSP.cpp; sourceTree = "<group>"; };
		B6E86BD70F248A8600F5A5B6 /* VoodooPS2SentelicFSP.h */ = {isa = PBXFileReference; fileEncoding = 4; lastKnownFileType = sourcecode.c.h; path = VoodooPS2SentelicFSP.h; sourceTree = "<group>"; };
/* End PBXFileReference section */

/* Begin PBXFrameworksBuildPhase section */
		089C1677FE841209C02AAC07 /* Frameworks */ = {
			isa = PBXFrameworksBuildPhase;
			buildActionMask = 2147483647;
			files = (
			);
			runOnlyForDeploymentPostprocessing = 0;
		};
		8FD761BE12B224420030D576 /* Frameworks */ = {
			isa = PBXFrameworksBuildPhase;
			buildActionMask = 2147483647;
			files = (
			);
			runOnlyForDeploymentPostprocessing = 0;
		};
/* End PBXFrameworksBuildPhase section */

/* Begin PBXGroup section */
		089C166AFE841209C02AAC07 /* VoodooPS2Trackpad */ = {
			isa = PBXGroup;
			children = (
				247142CAFF3F8F9811CA285C /* Source */,
				089C167CFE841241C02AAC07 /* Resources */,
				19C28FB6FE9D52B211CA2CBB /* Products */,
				8FD761C512B224420030D576 /* Info-VoodooPS2Trackpad__Upgraded_.plist */,
			);
			name = VoodooPS2Trackpad;
			sourceTree = "<group>";
		};
		089C167CFE841241C02AAC07 /* Resources */ = {
			isa = PBXGroup;
			children = (
				089C167DFE841241C02AAC07 /* InfoPlist.strings */,
			);
			name = Resources;
			sourceTree = "<group>";
		};
		19C28FB6FE9D52B211CA2CBB /* Products */ = {
			isa = PBXGroup;
			children = (
				0B81C263FFB7832611CA28AA /* VoodooPS2Trackpad.kext */,
				8FD761C612B224420030D576 /* VoodooPS2Trackpad.kext */,
			);
			name = Products;
			sourceTree = "<group>";
		};
		247142CAFF3F8F9811CA285C /* Source */ = {
			isa = PBXGroup;
			children = (
				B6E86BD60F248A8600F5A5B6 /* VoodooPS2SentelicFSP.cpp */,
				B6E86BD70F248A8600F5A5B6 /* VoodooPS2SentelicFSP.h */,
				219BA5C905EE680D00AA3E64 /* VoodooPS2ALPSGlidePoint.cpp */,
				219BA5CA05EE680D00AA3E64 /* VoodooPS2ALPSGlidePoint.h */,
				1A224C3EFF42367911CA2CB7 /* VoodooPS2SynapticsTouchPad.h */,
				1A224C3FFF42367911CA2CB7 /* VoodooPS2SynapticsTouchPad.cpp */,
			);
			name = Source;
			sourceTree = "<group>";
		};
/* End PBXGroup section */

/* Begin PBXHeadersBuildPhase section */
		089C1674FE841209C02AAC07 /* Headers */ = {
			isa = PBXHeadersBuildPhase;
			buildActionMask = 2147483647;
			files = (
				1A224C40FF42367911CA2CB7 /* VoodooPS2SynapticsTouchPad.h in Headers */,
				219BA5CC05EE680D00AA3E64 /* VoodooPS2ALPSGlidePoint.h in Headers */,
				B6E86BD90F248A8600F5A5B6 /* VoodooPS2SentelicFSP.h in Headers */,
			);
			runOnlyForDeploymentPostprocessing = 0;
		};
		8FD761B412B224420030D576 /* Headers */ = {
			isa = PBXHeadersBuildPhase;
			buildActionMask = 2147483647;
			files = (
				8FD761B512B224420030D576 /* VoodooPS2SynapticsTouchPad.h in Headers */,
				8FD761B612B224420030D576 /* VoodooPS2ALPSGlidePoint.h in Headers */,
				8FD761B712B224420030D576 /* VoodooPS2SentelicFSP.h in Headers */,
			);
			runOnlyForDeploymentPostprocessing = 0;
		};
/* End PBXHeadersBuildPhase section */

/* Begin PBXNativeTarget section */
		8FD761B212B224420030D576 /* VoodooPS2Trackpad (Upgraded) */ = {
			isa = PBXNativeTarget;
			buildConfigurationList = 8FD761C112B224420030D576 /* Build configuration list for PBXNativeTarget "VoodooPS2Trackpad (Upgraded)" */;
			buildPhases = (
				8FD761B312B224420030D576 /* ShellScript */,
				8FD761B412B224420030D576 /* Headers */,
				8FD761B812B224420030D576 /* Resources */,
				8FD761BA12B224420030D576 /* Sources */,
				8FD761BE12B224420030D576 /* Frameworks */,
				8FD761BF12B224420030D576 /* Rez */,
				8FD761C012B224420030D576 /* ShellScript */,
			);
			buildRules = (
			);
			dependencies = (
			);
			name = "VoodooPS2Trackpad (Upgraded)";
			productInstallPath = "$(SYSTEM_LIBRARY_DIR)/Extensions/VoodooPS2Controller.kext/Contents/PlugIns";
			productName = VoodooPS2Trackpad;
			productReference = 8FD761C612B224420030D576 /* VoodooPS2Trackpad.kext */;
			productType = "com.apple.product-type.kernel-extension.iokit";
		};
/* End PBXNativeTarget section */

/* Begin PBXProject section */
		089C1669FE841209C02AAC07 /* Project object */ = {
			isa = PBXProject;
			buildConfigurationList = B6E86BD10F248A6C00F5A5B6 /* Build configuration list for PBXProject "VoodooPS2Trackpad" */;
			compatibilityVersion = "Xcode 2.4";
			developmentRegion = English;
			hasScannedForEncodings = 1;
			knownRegions = (
				English,
				Japanese,
				French,
				German,
			);
			mainGroup = 089C166AFE841209C02AAC07 /* VoodooPS2Trackpad */;
			projectDirPath = "";
			projectRoot = "";
			targets = (
				8FD761B212B224420030D576 /* VoodooPS2Trackpad (Upgraded) */,
				089C1673FE841209C02AAC07 /* VoodooPS2Trackpad */,
			);
		};
/* End PBXProject section */

/* Begin PBXResourcesBuildPhase section */
		089C1675FE841209C02AAC07 /* Resources */ = {
			isa = PBXResourcesBuildPhase;
			buildActionMask = 2147483647;
			files = (
				089C1680FE841241C02AAC07 /* InfoPlist.strings in Resources */,
			);
			runOnlyForDeploymentPostprocessing = 0;
		};
		8FD761B812B224420030D576 /* Resources */ = {
			isa = PBXResourcesBuildPhase;
			buildActionMask = 2147483647;
			files = (
				8FD761B912B224420030D576 /* InfoPlist.strings in Resources */,
			);
			runOnlyForDeploymentPostprocessing = 0;
		};
/* End PBXResourcesBuildPhase section */

/* Begin PBXRezBuildPhase section */
		089C1679FE841209C02AAC07 /* Rez */ = {
			isa = PBXRezBuildPhase;
			buildActionMask = 2147483647;
			files = (
			);
			runOnlyForDeploymentPostprocessing = 0;
		};
		8FD761BF12B224420030D576 /* Rez */ = {
			isa = PBXRezBuildPhase;
			buildActionMask = 2147483647;
			files = (
			);
			runOnlyForDeploymentPostprocessing = 0;
		};
/* End PBXRezBuildPhase section */

/* Begin PBXShellScriptBuildPhase section */
		06AA1264FFB2107B11CA28AA /* ShellScript */ = {
			isa = PBXShellScriptBuildPhase;
			buildActionMask = 2147483647;
			files = (
			);
			runOnlyForDeploymentPostprocessing = 0;
			shellPath = /bin/sh;
			shellScript = "script=\"${SYSTEM_DEVELOPER_DIR}/ProjectBuilder Extras/Kernel Extension Support/KEXTPostprocess\";\nif [ -x \"$script\" ]; then\n    . \"$script\"\nfi";
		};
		06AA1267FFB2110C11CA28AA /* ShellScript */ = {
			isa = PBXShellScriptBuildPhase;
			buildActionMask = 2147483647;
			files = (
			);
			runOnlyForDeploymentPostprocessing = 0;
			shellPath = /bin/sh;
			shellScript = "script=\"${SYSTEM_DEVELOPER_DIR}/ProjectBuilder Extras/Kernel Extension Support/KEXTPreprocess\";\nif [ -x \"$script\" ]; then\n    . \"$script\"\nfi";
		};
		8FD761B312B224420030D576 /* ShellScript */ = {
			isa = PBXShellScriptBuildPhase;
			buildActionMask = 2147483647;
			files = (
			);
			runOnlyForDeploymentPostprocessing = 0;
			shellPath = /bin/sh;
			shellScript = "script=\"${SYSTEM_DEVELOPER_DIR}/ProjectBuilder Extras/Kernel Extension Support/KEXTPreprocess\";\nif [ -x \"$script\" ]; then\n    . \"$script\"\nfi";
		};
		8FD761C012B224420030D576 /* ShellScript */ = {
			isa = PBXShellScriptBuildPhase;
			buildActionMask = 2147483647;
			files = (
			);
			runOnlyForDeploymentPostprocessing = 0;
			shellPath = /bin/sh;
			shellScript = "script=\"${SYSTEM_DEVELOPER_DIR}/ProjectBuilder Extras/Kernel Extension Support/KEXTPostprocess\";\nif [ -x \"$script\" ]; then\n    . \"$script\"\nfi";
		};
/* End PBXShellScriptBuildPhase section */

/* Begin PBXSourcesBuildPhase section */
		089C1676FE841209C02AAC07 /* Sources */ = {
			isa = PBXSourcesBuildPhase;
			buildActionMask = 2147483647;
			files = (
				1A224C41FF42367911CA2CB7 /* VoodooPS2SynapticsTouchPad.cpp in Sources */,
				219BA5CB05EE680D00AA3E64 /* VoodooPS2ALPSGlidePoint.cpp in Sources */,
				B6E86BD80F248A8600F5A5B6 /* VoodooPS2SentelicFSP.cpp in Sources */,
			);
			runOnlyForDeploymentPostprocessing = 0;
		};
		8FD761BA12B224420030D576 /* Sources */ = {
			isa = PBXSourcesBuildPhase;
			buildActionMask = 2147483647;
			files = (
				8FD761BB12B224420030D576 /* VoodooPS2SynapticsTouchPad.cpp in Sources */,
				8FD761BC12B224420030D576 /* VoodooPS2ALPSGlidePoint.cpp in Sources */,
				8FD761BD12B224420030D576 /* VoodooPS2SentelicFSP.cpp in Sources */,
			);
			runOnlyForDeploymentPostprocessing = 0;
		};
/* End PBXSourcesBuildPhase section */

/* Begin PBXVariantGroup section */
		089C167DFE841241C02AAC07 /* InfoPlist.strings */ = {
			isa = PBXVariantGroup;
			children = (
				089C167EFE841241C02AAC07 /* English */,
			);
			name = InfoPlist.strings;
			sourceTree = "<group>";
		};
/* End PBXVariantGroup section */

/* Begin XCBuildConfiguration section */
		8FD761C212B224420030D576 /* Development */ = {
			isa = XCBuildConfiguration;
			buildSettings = {
				ARCHS = "$(ARCHS_STANDARD_32_64_BIT_PRE_XCODE_3_1)";
				ARCHS_STANDARD_32_64_BIT_PRE_XCODE_3_1 = "x86_64 i386 ppc";
				COPY_PHASE_STRIP = NO;
				FRAMEWORK_SEARCH_PATHS = "";
				GCC_DYNAMIC_NO_PIC = NO;
				GCC_ENABLE_FIX_AND_CONTINUE = YES;
				GCC_GENERATE_DEBUGGING_SYMBOLS = YES;
				GCC_OPTIMIZATION_LEVEL = 0;
				GCC_SYMBOLS_PRIVATE_EXTERN = NO;
				HEADER_SEARCH_PATHS = "";
				INFOPLIST_FILE = "Info-VoodooPS2Trackpad__Upgraded_.plist";
				INSTALL_PATH = "$(SYSTEM_LIBRARY_DIR)/Extensions/VoodooPS2Controller.kext/Contents/PlugIns";
				KERNEL_MODULE = YES;
				LIBRARY_SEARCH_PATHS = "";
				MODULE_IOKIT = YES;
				MODULE_NAME = org.voodoo.driver.PS2Trackpad;
				MODULE_VERSION = 1.1.0;
				OTHER_CFLAGS = "";
				OTHER_LDFLAGS = "";
				OTHER_REZFLAGS = "";
				PRODUCT_NAME = VoodooPS2Trackpad;
				SECTORDER_FLAGS = "";
				VALID_ARCHS = "x86_64 i386";
				WARNING_CFLAGS = (
					"-Wmost",
					"-Wno-four-char-constants",
					"-Wno-unknown-pragmas",
				);
				WRAPPER_EXTENSION = kext;
				ZERO_LINK = YES;
			};
			name = Development;
		};
		8FD761C312B224420030D576 /* Deployment */ = {
			isa = XCBuildConfiguration;
			buildSettings = {
				ARCHS = "$(ARCHS_STANDARD_32_64_BIT_PRE_XCODE_3_1)";
				ARCHS_STANDARD_32_64_BIT_PRE_XCODE_3_1 = "x86_64 i386 ppc";
				COPY_PHASE_STRIP = YES;
				FRAMEWORK_SEARCH_PATHS = "";
				GCC_ENABLE_FIX_AND_CONTINUE = NO;
				GCC_SYMBOLS_PRIVATE_EXTERN = NO;
				HEADER_SEARCH_PATHS = "";
				INFOPLIST_FILE = "Info-VoodooPS2Trackpad__Upgraded_.plist";
				INSTALL_PATH = "$(SYSTEM_LIBRARY_DIR)/Extensions/VoodooPS2Controller.kext/Contents/PlugIns";
				KERNEL_MODULE = YES;
				LIBRARY_SEARCH_PATHS = "";
				MODULE_IOKIT = YES;
				MODULE_NAME = org.voodoo.driver.PS2Trackpad;
				MODULE_VERSION = 1.1.0;
				OTHER_CFLAGS = "";
				OTHER_LDFLAGS = "";
				OTHER_REZFLAGS = "";
				PRODUCT_NAME = VoodooPS2Trackpad;
				SECTORDER_FLAGS = "";
				VALID_ARCHS = "x86_64 i386";
				WARNING_CFLAGS = (
					"-Wmost",
					"-Wno-four-char-constants",
					"-Wno-unknown-pragmas",
				);
				WRAPPER_EXTENSION = kext;
				ZERO_LINK = NO;
			};
			name = Deployment;
		};
		8FD761C412B224420030D576 /* Default */ = {
			isa = XCBuildConfiguration;
			buildSettings = {
				ARCHS = "$(ARCHS_STANDARD_32_64_BIT_PRE_XCODE_3_1)";
				ARCHS_STANDARD_32_64_BIT_PRE_XCODE_3_1 = "x86_64 i386 ppc";
				FRAMEWORK_SEARCH_PATHS = "";
				GCC_SYMBOLS_PRIVATE_EXTERN = NO;
				HEADER_SEARCH_PATHS = "";
				INFOPLIST_FILE = "Info-VoodooPS2Trackpad__Upgraded_.plist";
				INSTALL_PATH = "$(SYSTEM_LIBRARY_DIR)/Extensions/VoodooPS2Controller.kext/Contents/PlugIns";
				KERNEL_MODULE = YES;
				LIBRARY_SEARCH_PATHS = "";
				MODULE_IOKIT = YES;
				MODULE_NAME = org.voodoo.driver.PS2Trackpad;
				MODULE_VERSION = 1.1.0;
				OTHER_CFLAGS = "";
				OTHER_LDFLAGS = "";
				OTHER_REZFLAGS = "";
				PRODUCT_NAME = VoodooPS2Trackpad;
				SECTORDER_FLAGS = "";
				VALID_ARCHS = "x86_64 i386";
				WARNING_CFLAGS = (
					"-Wmost",
					"-Wno-four-char-constants",
					"-Wno-unknown-pragmas",
				);
				WRAPPER_EXTENSION = kext;
			};
			name = Default;
		};
		B6E86BCB0F248A6C00F5A5B6 /* Development */ = {
			isa = XCBuildConfiguration;
			buildSettings = {
			};
			name = Development;
		};
		B6E86BCC0F248A6C00F5A5B6 /* Deployment */ = {
			isa = XCBuildConfiguration;
			buildSettings = {
			};
			name = Deployment;
		};
		B6E86BCD0F248A6C00F5A5B6 /* Default */ = {
			isa = XCBuildConfiguration;
			buildSettings = {
			};
			name = Default;
		};
		B6E86BCE0F248A6C00F5A5B6 /* Development */ = {
			isa = XCBuildConfiguration;
			buildSettings = {
				COPY_PHASE_STRIP = NO;
				FRAMEWORK_SEARCH_PATHS = "";
				GCC_DYNAMIC_NO_PIC = NO;
				GCC_ENABLE_FIX_AND_CONTINUE = YES;
				GCC_GENERATE_DEBUGGING_SYMBOLS = YES;
				GCC_OPTIMIZATION_LEVEL = 0;
				HEADER_SEARCH_PATHS = "";
				INSTALL_PATH = "$(SYSTEM_LIBRARY_DIR)/Extensions/VoodooPS2Controller.kext/Contents/PlugIns";
				KERNEL_MODULE = YES;
				LIBRARY_SEARCH_PATHS = "";
				MODULE_IOKIT = YES;
				MODULE_NAME = org.voodoo.driver.PS2Trackpad;
				MODULE_VERSION = 1.1.0;
				OTHER_CFLAGS = "";
				OTHER_LDFLAGS = "";
				OTHER_REZFLAGS = "";
				PRODUCT_NAME = VoodooPS2Trackpad;
				SECTORDER_FLAGS = "";
				VALID_ARCHS = i386;
				WARNING_CFLAGS = (
					"-Wmost",
					"-Wno-four-char-constants",
					"-Wno-unknown-pragmas",
				);
				WRAPPER_EXTENSION = kext;
				ZERO_LINK = YES;
			};
			name = Development;
		};
		B6E86BCF0F248A6C00F5A5B6 /* Deployment */ = {
			isa = XCBuildConfiguration;
			buildSettings = {
				COPY_PHASE_STRIP = YES;
				FRAMEWORK_SEARCH_PATHS = "";
				GCC_ENABLE_FIX_AND_CONTINUE = NO;
				HEADER_SEARCH_PATHS = "";
				INSTALL_PATH = "$(SYSTEM_LIBRARY_DIR)/Extensions/VoodooPS2Controller.kext/Contents/PlugIns";
				KERNEL_MODULE = YES;
				LIBRARY_SEARCH_PATHS = "";
				MODULE_IOKIT = YES;
				MODULE_NAME = org.voodoo.driver.PS2Trackpad;
				MODULE_VERSION = 1.1.0;
				OTHER_CFLAGS = "";
				OTHER_LDFLAGS = "";
				OTHER_REZFLAGS = "";
				PRODUCT_NAME = VoodooPS2Trackpad;
				SECTORDER_FLAGS = "";
				VALID_ARCHS = i386;
				WARNING_CFLAGS = (
					"-Wmost",
					"-Wno-four-char-constants",
					"-Wno-unknown-pragmas",
				);
				WRAPPER_EXTENSION = kext;
				ZERO_LINK = NO;
			};
			name = Deployment;
		};
		B6E86BD00F248A6C00F5A5B6 /* Default */ = {
			isa = XCBuildConfiguration;
			buildSettings = {
				FRAMEWORK_SEARCH_PATHS = "";
				HEADER_SEARCH_PATHS = "";
				INSTALL_PATH = "$(SYSTEM_LIBRARY_DIR)/Extensions/VoodooPS2Controller.kext/Contents/PlugIns";
				KERNEL_MODULE = YES;
				LIBRARY_SEARCH_PATHS = "";
				MODULE_IOKIT = YES;
				MODULE_NAME = org.voodoo.driver.PS2Trackpad;
				MODULE_VERSION = 1.1.0;
				OTHER_CFLAGS = "";
				OTHER_LDFLAGS = "";
				OTHER_REZFLAGS = "";
				PRODUCT_NAME = VoodooPS2Trackpad;
				SECTORDER_FLAGS = "";
				VALID_ARCHS = i386;
				WARNING_CFLAGS = (
					"-Wmost",
					"-Wno-four-char-constants",
					"-Wno-unknown-pragmas",
				);
				WRAPPER_EXTENSION = kext;
			};
			name = Default;
		};
/* End XCBuildConfiguration section */

/* Begin XCConfigurationList section */
		8FD761C112B224420030D576 /* Build configuration list for PBXNativeTarget "VoodooPS2Trackpad (Upgraded)" */ = {
			isa = XCConfigurationList;
			buildConfigurations = (
				8FD761C212B224420030D576 /* Development */,
				8FD761C312B224420030D576 /* Deployment */,
				8FD761C412B224420030D576 /* Default */,
			);
			defaultConfigurationIsVisible = 0;
			defaultConfigurationName = Default;
		};
		B6E86BD10F248A6C00F5A5B6 /* Build configuration list for PBXProject "VoodooPS2Trackpad" */ = {
			isa = XCConfigurationList;
			buildConfigurations = (
				B6E86BCB0F248A6C00F5A5B6 /* Development */,
				B6E86BCC0F248A6C00F5A5B6 /* Deployment */,
				B6E86BCD0F248A6C00F5A5B6 /* Default */,
			);
			defaultConfigurationIsVisible = 0;
			defaultConfigurationName = Default;
		};
		B6E86BD20F248A6C00F5A5B6 /* Build configuration list for PBXBundleTarget "VoodooPS2Trackpad" */ = {
			isa = XCConfigurationList;
			buildConfigurations = (
				B6E86BCE0F248A6C00F5A5B6 /* Development */,
				B6E86BCF0F248A6C00F5A5B6 /* Deployment */,
				B6E86BD00F248A6C00F5A5B6 /* Default */,
			);
			defaultConfigurationIsVisible = 0;
			defaultConfigurationName = Default;
		};
/* End XCConfigurationList section */
	};
	rootObject = 089C1669FE841209C02AAC07 /* Project object */;
}
