// !$*UTF8*$!
{
	archiveVersion = 1;
	classes = {
	};
	objectVersion = 42;
	objects = {

/* Begin PBXBuildFile section */
		0107A3BF008BB6FE7F000001 /* VoodooPS2Mouse.h in Headers */ = {isa = PBXBuildFile; fileRef = 0107A3BE008BB6FE7F000001 /* VoodooPS2Mouse.h */; };
		0107A3C0008BB6FE7F000001 /* VoodooPS2Mouse.cpp in Sources */ = {isa = PBXBuildFile; fileRef = 0107A3BD008BB6FE7F000001 /* VoodooPS2Mouse.cpp */; };
		089C1680FE841241C02AAC07 /* InfoPlist.strings in Resources */ = {isa = PBXBuildFile; fileRef = 089C167DFE841241C02AAC07 /* InfoPlist.strings */; };
/* End PBXBuildFile section */

/* Begin PBXBundleTarget section */
		089C1673FE841209C02AAC07 /* VoodooPS2Mouse */ = {
			isa = PBXBundleTarget;
			buildConfigurationList = B6DB8C320F248CD000ACA103 /* Build configuration list for PBXBundleTarget "VoodooPS2Mouse" */;
			buildPhases = (
				06AA1267FFB2110C11CA28AA /* ShellScript */,
				089C1674FE841209C02AAC07 /* Headers */,
				089C1675FE841209C02AAC07 /* Resources */,
				089C1676FE841209C02AAC07 /* Sources */,
				089C1677FE841209C02AAC07 /* Frameworks */,
				089C1679FE841209C02AAC07 /* Rez */,
				06AA1264FFB2107B11CA28AA /* ShellScript */,
			);
			dependencies = (
			);
			name = VoodooPS2Mouse;
			productInstallPath = "$(SYSTEM_LIBRARY_DIR)/Extensions/VoodooPS2Controller.kext/Contents/PlugIns";
			productName = VoodooPS2Mouse;
			productReference = 0B81C263FFB7832611CA28AA /* VoodooPS2Mouse.kext */;
			productSettingsXML = "<?xml version=\"1.0\" encoding=\"UTF-8\"?>
<!DOCTYPE plist PUBLIC \"-//Apple//DTD PLIST 1.0//EN\" \"http://www.apple.com/DTDs/PropertyList-1.0.dtd\">
<plist version=\"1.0\">
<dict>
	<key>CFBundleDevelopmentRegion</key>
	<string>English</string>
	<key>CFBundleExecutable</key>
	<string>VoodooPS2Mouse</string>
	<key>CFBundleGetInfoString</key>
	<string>1.2.0, Copyright Apple Computer, Inc. 2000-2004</string>
	<key>CFBundleIconFile</key>
	<string></string>
	<key>CFBundleIdentifier</key>
	<string>org.voodoo.driver.PS2Mouse</string>
	<key>CFBundleInfoDictionaryVersion</key>
	<string>6.0</string>
	<key>CFBundleName</key>
	<string>Voodoo PS/2 Mouse</string>
	<key>CFBundlePackageType</key>
	<string>KEXT</string>
	<key>CFBundleShortVersionString</key>
	<string>1.2.0</string>
	<key>CFBundleSignature</key>
	<string>????</string>
	<key>CFBundleVersion</key>
	<string>1.2.0</string>
	<key>IOKitPersonalities</key>
	<dict>
		<key>ApplePS2Mouse</key>
		<dict>
			<key>CFBundleIdentifier</key>
			<string>org.voodoo.driver.PS2Mouse</string>
			<key>DefaultResolution</key>
			<integer>9830400</integer>
			<key>ForceDefaultResolution</key>
			<false/>
			<key>IOClass</key>
			<string>ApplePS2Mouse</string>
			<key>IOProviderClass</key>
			<string>ApplePS2MouseDevice</string>
			<key>InvertY</key>
			<false/>
		</dict>
	</dict>
	<key>NSHumanReadableCopyright</key>
	<string>Copyright Apple Computer, Inc. 2000-2003</string>
	<key>OSBundleLibraries</key>
	<dict>
		<key>com.apple.iokit.IOHIDSystem</key>
		<string>1.1</string>
		<key>com.apple.kernel.iokit</key>
		<string>1.1</string>
		<key>com.apple.kernel.libkern</key>
		<string>1.1</string>
		<key>org.voodoo.driver.PS2Controller</key>
		<string>1.1</string>
	</dict>
	<key>OSBundleRequired</key>
	<string>Safe Boot</string>
</dict>
</plist>
";
		};
/* End PBXBundleTarget section */

/* Begin PBXFileReference section */
		0107A3BD008BB6FE7F000001 /* VoodooPS2Mouse.cpp */ = {isa = PBXFileReference; fileEncoding = 30; lastKnownFileType = sourcecode.cpp.cpp; path = VoodooPS2Mouse.cpp; sourceTree = "<group>"; };
		0107A3BE008BB6FE7F000001 /* VoodooPS2Mouse.h */ = {isa = PBXFileReference; fileEncoding = 30; lastKnownFileType = sourcecode.c.h; path = VoodooPS2Mouse.h; sourceTree = "<group>"; };
		089C167EFE841241C02AAC07 /* English */ = {isa = PBXFileReference; fileEncoding = 10; lastKnownFileType = text.plist.strings; name = English; path = English.lproj/InfoPlist.strings; sourceTree = "<group>"; };
		0B81C263FFB7832611CA28AA /* VoodooPS2Mouse.kext */ = {isa = PBXFileReference; explicitFileType = wrapper.cfbundle; path = VoodooPS2Mouse.kext; sourceTree = BUILT_PRODUCTS_DIR; };
/* End PBXFileReference section */

/* Begin PBXFrameworksBuildPhase section */
		089C1677FE841209C02AAC07 /* Frameworks */ = {
			isa = PBXFrameworksBuildPhase;
			buildActionMask = 2147483647;
			files = (
			);
			runOnlyForDeploymentPostprocessing = 0;
		};
/* End PBXFrameworksBuildPhase section */

/* Begin PBXGroup section */
		089C166AFE841209C02AAC07 /* VoodooPS2Mouse */ = {
			isa = PBXGroup;
			children = (
				247142CAFF3F8F9811CA285C /* Source */,
				089C167CFE841241C02AAC07 /* Resources */,
				19C28FB6FE9D52B211CA2CBB /* Products */,
			);
			name = VoodooPS2Mouse;
			sourceTree = "<group>";
		};
		089C167CFE841241C02AAC07 /* Resources */ = {
			isa = PBXGroup;
			children = (
				089C167DFE841241C02AAC07 /* InfoPlist.strings */,
			);
			name = Resources;
			sourceTree = "<group>";
		};
		19C28FB6FE9D52B211CA2CBB /* Products */ = {
			isa = PBXGroup;
			children = (
				0B81C263FFB7832611CA28AA /* VoodooPS2Mouse.kext */,
			);
			name = Products;
			sourceTree = "<group>";
		};
		247142CAFF3F8F9811CA285C /* Source */ = {
			isa = PBXGroup;
			children = (
				0107A3BD008BB6FE7F000001 /* VoodooPS2Mouse.cpp */,
				0107A3BE008BB6FE7F000001 /* VoodooPS2Mouse.h */,
			);
			name = Source;
			sourceTree = "<group>";
		};
/* End PBXGroup section */

/* Begin PBXHeadersBuildPhase section */
		089C1674FE841209C02AAC07 /* Headers */ = {
			isa = PBXHeadersBuildPhase;
			buildActionMask = 2147483647;
			files = (
				0107A3BF008BB6FE7F000001 /* VoodooPS2Mouse.h in Headers */,
			);
			runOnlyForDeploymentPostprocessing = 0;
		};
/* End PBXHeadersBuildPhase section */

/* Begin PBXProject section */
		089C1669FE841209C02AAC07 /* Project object */ = {
			isa = PBXProject;
			buildConfigurationList = B6DB8C310F248CD000ACA103 /* Build configuration list for PBXProject "VoodooPS2Mouse" */;
			compatibilityVersion = "Xcode 2.4";
			hasScannedForEncodings = 1;
			mainGroup = 089C166AFE841209C02AAC07 /* VoodooPS2Mouse */;
			projectDirPath = "";
			projectRoot = "";
			targets = (
				089C1673FE841209C02AAC07 /* VoodooPS2Mouse */,
			);
		};
/* End PBXProject section */

/* Begin PBXResourcesBuildPhase section */
		089C1675FE841209C02AAC07 /* Resources */ = {
			isa = PBXResourcesBuildPhase;
			buildActionMask = 2147483647;
			files = (
				089C1680FE841241C02AAC07 /* InfoPlist.strings in Resources */,
			);
			runOnlyForDeploymentPostprocessing = 0;
		};
/* End PBXResourcesBuildPhase section */

/* Begin PBXRezBuildPhase section */
		089C1679FE841209C02AAC07 /* Rez */ = {
			isa = PBXRezBuildPhase;
			buildActionMask = 2147483647;
			files = (
			);
			runOnlyForDeploymentPostprocessing = 0;
		};
/* End PBXRezBuildPhase section */

/* Begin PBXShellScriptBuildPhase section */
		06AA1264FFB2107B11CA28AA /* ShellScript */ = {
			isa = PBXShellScriptBuildPhase;
			buildActionMask = 2147483647;
			files = (
			);
			runOnlyForDeploymentPostprocessing = 0;
			shellPath = /bin/sh;
			shellScript = "script=\"${SYSTEM_DEVELOPER_DIR}/ProjectBuilder Extras/Kernel Extension Support/KEXTPostprocess\";\nif [ -x \"$script\" ]; then\n    . \"$script\"\nfi";
		};
		06AA1267FFB2110C11CA28AA /* ShellScript */ = {
			isa = PBXShellScriptBuildPhase;
			buildActionMask = 2147483647;
			files = (
			);
			runOnlyForDeploymentPostprocessing = 0;
			shellPath = /bin/sh;
			shellScript = "script=\"${SYSTEM_DEVELOPER_DIR}/ProjectBuilder Extras/Kernel Extension Support/KEXTPreprocess\";\nif [ -x \"$script\" ]; then\n    . \"$script\"\nfi";
		};
/* End PBXShellScriptBuildPhase section */

/* Begin PBXSourcesBuildPhase section */
		089C1676FE841209C02AAC07 /* Sources */ = {
			isa = PBXSourcesBuildPhase;
			buildActionMask = 2147483647;
			files = (
				0107A3C0008BB6FE7F000001 /* VoodooPS2Mouse.cpp in Sources */,
			);
			runOnlyForDeploymentPostprocessing = 0;
		};
/* End PBXSourcesBuildPhase section */

/* Begin PBXVariantGroup section */
		089C167DFE841241C02AAC07 /* InfoPlist.strings */ = {
			isa = PBXVariantGroup;
			children = (
				089C167EFE841241C02AAC07 /* English */,
			);
			name = InfoPlist.strings;
			sourceTree = "<group>";
		};
/* End PBXVariantGroup section */

/* Begin XCBuildConfiguration section */
		B6DB8C2B0F248CD000ACA103 /* Development */ = {
			isa = XCBuildConfiguration;
			buildSettings = {
			};
			name = Development;
		};
		B6DB8C2C0F248CD000ACA103 /* Deployment */ = {
			isa = XCBuildConfiguration;
			buildSettings = {
			};
			name = Deployment;
		};
		B6DB8C2D0F248CD000ACA103 /* Default */ = {
			isa = XCBuildConfiguration;
			buildSettings = {
			};
			name = Default;
		};
		B6DB8C2E0F248CD000ACA103 /* Development */ = {
			isa = XCBuildConfiguration;
			buildSettings = {
				COPY_PHASE_STRIP = NO;
				FRAMEWORK_SEARCH_PATHS = "";
				GCC_DYNAMIC_NO_PIC = NO;
				GCC_ENABLE_FIX_AND_CONTINUE = YES;
				GCC_GENERATE_DEBUGGING_SYMBOLS = YES;
				GCC_OPTIMIZATION_LEVEL = 0;
				HEADER_SEARCH_PATHS = "";
				INSTALL_PATH = "$(SYSTEM_LIBRARY_DIR)/Extensions/VoodooPS2Controller.kext/Contents/PlugIns";
				KERNEL_MODULE = YES;
				LIBRARY_SEARCH_PATHS = "";
				MODULE_IOKIT = YES;
				MODULE_NAME = org.voodoo.driver.PS2Mouse;
				MODULE_VERSION = 1.2.0;
				OTHER_LDFLAGS = "";
				OTHER_REZFLAGS = "";
				PRODUCT_NAME = VoodooPS2Mouse;
				SECTORDER_FLAGS = "";
				VALID_ARCHS = i386;
				WARNING_CFLAGS = (
					"-Wmost",
					"-Wno-four-char-constants",
					"-Wno-unknown-pragmas",
				);
				WRAPPER_EXTENSION = kext;
				ZERO_LINK = YES;
			};
			name = Development;
		};
		B6DB8C2F0F248CD000ACA103 /* Deployment */ = {
			isa = XCBuildConfiguration;
			buildSettings = {
				COPY_PHASE_STRIP = YES;
				FRAMEWORK_SEARCH_PATHS = "";
				GCC_ENABLE_FIX_AND_CONTINUE = NO;
				HEADER_SEARCH_PATHS = "";
				INSTALL_PATH = "$(SYSTEM_LIBRARY_DIR)/Extensions/VoodooPS2Controller.kext/Contents/PlugIns";
				KERNEL_MODULE = YES;
				LIBRARY_SEARCH_PATHS = "";
				MODULE_IOKIT = YES;
				MODULE_NAME = org.voodoo.driver.PS2Mouse;
				MODULE_VERSION = 1.2.0;
				OTHER_LDFLAGS = "";
				OTHER_REZFLAGS = "";
				PRODUCT_NAME = VoodooPS2Mouse;
				SECTORDER_FLAGS = "";
				VALID_ARCHS = i386;
				WARNING_CFLAGS = (
					"-Wmost",
					"-Wno-four-char-constants",
					"-Wno-unknown-pragmas",
				);
				WRAPPER_EXTENSION = kext;
				ZERO_LINK = NO;
			};
			name = Deployment;
		};
		B6DB8C300F248CD000ACA103 /* Default */ = {
			isa = XCBuildConfiguration;
			buildSettings = {
				FRAMEWORK_SEARCH_PATHS = "";
				HEADER_SEARCH_PATHS = "";
				INSTALL_PATH = "$(SYSTEM_LIBRARY_DIR)/Extensions/VoodooPS2Controller.kext/Contents/PlugIns";
				KERNEL_MODULE = YES;
				LIBRARY_SEARCH_PATHS = "";
				MODULE_IOKIT = YES;
				MODULE_NAME = org.voodoo.driver.PS2Mouse;
				MODULE_VERSION = 1.2.0;
				OTHER_LDFLAGS = "";
				OTHER_REZFLAGS = "";
				PRODUCT_NAME = VoodooPS2Mouse;
				SECTORDER_FLAGS = "";
				VALID_ARCHS = i386;
				WARNING_CFLAGS = (
					"-Wmost",
					"-Wno-four-char-constants",
					"-Wno-unknown-pragmas",
				);
				WRAPPER_EXTENSION = kext;
			};
			name = Default;
		};
/* End XCBuildConfiguration section */

/* Begin XCConfigurationList section */
		B6DB8C310F248CD000ACA103 /* Build configuration list for PBXProject "VoodooPS2Mouse" */ = {
			isa = XCConfigurationList;
			buildConfigurations = (
				B6DB8C2B0F248CD000ACA103 /* Development */,
				B6DB8C2C0F248CD000ACA103 /* Deployment */,
				B6DB8C2D0F248CD000ACA103 /* Default */,
			);
			defaultConfigurationIsVisible = 0;
			defaultConfigurationName = Default;
		};
		B6DB8C320F248CD000ACA103 /* Build configuration list for PBXBundleTarget "VoodooPS2Mouse" */ = {
			isa = XCConfigurationList;
			buildConfigurations = (
				B6DB8C2E0F248CD000ACA103 /* Development */,
				B6DB8C2F0F248CD000ACA103 /* Deployment */,
				B6DB8C300F248CD000ACA103 /* Default */,
			);
			defaultConfigurationIsVisible = 0;
			defaultConfigurationName = Default;
		};
/* End XCConfigurationList section */
	};
	rootObject = 089C1669FE841209C02AAC07 /* Project object */;
}
