// !$*UTF8*$!
{
	archiveVersion = 1;
	classes = {
	};
	objectVersion = 42;
	objects = {

/* Begin PBXBuildFile section */
		0107A3C3008BB9B17F000001 /* VoodooPS2Keyboard.h in Headers */ = {isa = PBXBuildFile; fileRef = 0107A3C2008BB9B17F000001 /* VoodooPS2Keyboard.h */; };
		0107A3C4008BB9B17F000001 /* VoodooPS2Keyboard.cpp in Sources */ = {isa = PBXBuildFile; fileRef = 0107A3C1008BB9B17F000001 /* VoodooPS2Keyboard.cpp */; };
		089C1680FE841241C02AAC07 /* InfoPlist.strings in Resources */ = {isa = PBXBuildFile; fileRef = 089C167DFE841241C02AAC07 /* InfoPlist.strings */; };
		8FD7617012B223270030D576 /* VoodooPS2Keyboard.h in Headers */ = {isa = PBXBuildFile; fileRef = 0107A3C2008BB9B17F000001 /* VoodooPS2Keyboard.h */; };
		8FD7617112B223270030D576 /* ApplePS2ToADBMap.h in Headers */ = {isa = PBXBuildFile; fileRef = B9BA1F6101988D1E08CA29FD /* ApplePS2ToADBMap.h */; };
		8FD7617312B223270030D576 /* InfoPlist.strings in Resources */ = {isa = PBXBuildFile; fileRef = 089C167DFE841241C02AAC07 /* InfoPlist.strings */; };
		8FD7617512B223270030D576 /* VoodooPS2Keyboard.cpp in Sources */ = {isa = PBXBuildFile; fileRef = 0107A3C1008BB9B17F000001 /* VoodooPS2Keyboard.cpp */; };
		B9BA1F6201988D1E08CA29FD /* ApplePS2ToADBMap.h in Headers */ = {isa = PBXBuildFile; fileRef = B9BA1F6101988D1E08CA29FD /* ApplePS2ToADBMap.h */; };
/* End PBXBuildFile section */

/* Begin PBXBundleTarget section */
		089C1673FE841209C02AAC07 /* VoodooPS2Keyboard */ = {
			isa = PBXBundleTarget;
			buildConfigurationList = B6DB8C210F248C4D00ACA103 /* Build configuration list for PBXBundleTarget "VoodooPS2Keyboard" */;
			buildPhases = (
				06AA1267FFB2110C11CA28AA /* ShellScript */,
				089C1674FE841209C02AAC07 /* Headers */,
				089C1675FE841209C02AAC07 /* Resources */,
				089C1676FE841209C02AAC07 /* Sources */,
				089C1677FE841209C02AAC07 /* Frameworks */,
				089C1679FE841209C02AAC07 /* Rez */,
				06AA1264FFB2107B11CA28AA /* ShellScript */,
			);
			dependencies = (
			);
			name = VoodooPS2Keyboard;
			productInstallPath = "$(SYSTEM_LIBRARY_DIR)/Extensions/VoodooPS2Controller.kext/Contents/PlugIns";
			productName = VoodooPS2Keyboard;
			productReference = 0B81C263FFB7832611CA28AA /* VoodooPS2Keyboard.kext */;
			productSettingsXML = "<?xml version=\"1.0\" encoding=\"UTF-8\"?>
<!DOCTYPE plist PUBLIC \"-//Apple//DTD PLIST 1.0//EN\" \"http://www.apple.com/DTDs/PropertyList-1.0.dtd\">
<plist version=\"1.0\">
<dict>
	<key>CFBundleDevelopmentRegion</key>
	<string>English</string>
	<key>CFBundleExecutable</key>
	<string>VoodooPS2Keyboard</string>
	<key>CFBundleGetInfoString</key>
	<string>1.1.0, Copyright Apple Computer, Inc. 2000-2003</string>
	<key>CFBundleIconFile</key>
	<string></string>
	<key>CFBundleIdentifier</key>
	<string>org.voodoo.driver.PS2Keyboard</string>
	<key>CFBundleInfoDictionaryVersion</key>
	<string>6.0</string>
	<key>CFBundleName</key>
	<string>Voodoo PS/2 Keyboard</string>
	<key>CFBundlePackageType</key>
	<string>KEXT</string>
	<key>CFBundleShortVersionString</key>
	<string>1.1.0</string>
	<key>CFBundleSignature</key>
	<string>????</string>
	<key>CFBundleVersion</key>
	<string>1.1.0</string>
	<key>IOKitPersonalities</key>
	<dict>
		<key>ApplePS2Keyboard</key>
		<dict>
			<key>CFBundleIdentifier</key>
			<string>org.voodoo.driver.PS2Keyboard</string>
			<key>IOClass</key>
			<string>ApplePS2Keyboard</string>
			<key>IOProviderClass</key>
			<string>ApplePS2KeyboardDevice</string>
			<key>Make Application key into Apple Fn key</key>
			<true/>
			<key>Make Application key into right windows</key>
			<false/>
			<key>Make right modifier keys into Hangul and Hanja</key>
			<false/>
			<key>Swap capslock and left control</key>
			<false/>
			<key>Swap command and option</key>
			<true/>
			<key>Use ISO layout keyboard</key>
			<false/>
			<key>alt_handler_id</key>
			<integer>3</integer>
		</dict>
	</dict>
	<key>NSHumanReadableCopyright</key>
	<string>Copyright Apple Computer, Inc. 2000-2003</string>
	<key>OSBundleLibraries</key>
	<dict>
		<key>com.apple.iokit.IOHIDSystem</key>
		<string>1.1</string>
		<key>com.apple.kernel.iokit</key>
		<string>1.1</string>
		<key>com.apple.kernel.libkern</key>
		<string>1.1</string>
		<key>org.voodoo.driver.PS2Controller</key>
		<string>1.1</string>
	</dict>
	<key>OSBundleRequired</key>
	<string>Console</string>
</dict>
</plist>
";
		};
/* End PBXBundleTarget section */

/* Begin PBXFileReference section */
		0107A3C1008BB9B17F000001 /* VoodooPS2Keyboard.cpp */ = {isa = PBXFileReference; fileEncoding = 30; lastKnownFileType = sourcecode.cpp.cpp; path = VoodooPS2Keyboard.cpp; sourceTree = "<group>"; };
		0107A3C2008BB9B17F000001 /* VoodooPS2Keyboard.h */ = {isa = PBXFileReference; fileEncoding = 30; lastKnownFileType = sourcecode.c.h; path = VoodooPS2Keyboard.h; sourceTree = "<group>"; };
		089C167EFE841241C02AAC07 /* English */ = {isa = PBXFileReference; fileEncoding = 10; lastKnownFileType = text.plist.strings; name = English; path = English.lproj/InfoPlist.strings; sourceTree = "<group>"; };
		0B81C263FFB7832611CA28AA /* VoodooPS2Keyboard.kext */ = {isa = PBXFileReference; explicitFileType = wrapper.cfbundle; path = VoodooPS2Keyboard.kext; sourceTree = BUILT_PRODUCTS_DIR; };
		8FD7617D12B223270030D576 /* Info-VoodooPS2Keyboard__Upgraded_.plist */ = {isa = PBXFileReference; lastKnownFileType = text.plist.xml; path = "Info-VoodooPS2Keyboard__Upgraded_.plist"; sourceTree = "<group>"; };
		8FD7617E12B223270030D576 /* VoodooPS2Keyboard.kext */ = {isa = PBXFileReference; explicitFileType = wrapper.cfbundle; includeInIndex = 0; path = VoodooPS2Keyboard.kext; sourceTree = BUILT_PRODUCTS_DIR; };
		B9BA1F6101988D1E08CA29FD /* ApplePS2ToADBMap.h */ = {isa = PBXFileReference; fileEncoding = 30; lastKnownFileType = sourcecode.c.h; path = ApplePS2ToADBMap.h; sourceTree = "<group>"; };
/* End PBXFileReference section */

/* Begin PBXFrameworksBuildPhase section */
		089C1677FE841209C02AAC07 /* Frameworks */ = {
			isa = PBXFrameworksBuildPhase;
			buildActionMask = 2147483647;
			files = (
			);
			runOnlyForDeploymentPostprocessing = 0;
		};
		8FD7617612B223270030D576 /* Frameworks */ = {
			isa = PBXFrameworksBuildPhase;
			buildActionMask = 2147483647;
			files = (
			);
			runOnlyForDeploymentPostprocessing = 0;
		};
/* End PBXFrameworksBuildPhase section */

/* Begin PBXGroup section */
		089C166AFE841209C02AAC07 /* VoodooPS2Keyboard */ = {
			isa = PBXGroup;
			children = (
				247142CAFF3F8F9811CA285C /* Source */,
				089C167CFE841241C02AAC07 /* Resources */,
				19C28FB6FE9D52B211CA2CBB /* Products */,
				8FD7617D12B223270030D576 /* Info-VoodooPS2Keyboard__Upgraded_.plist */,
			);
			name = VoodooPS2Keyboard;
			sourceTree = "<group>";
		};
		089C167CFE841241C02AAC07 /* Resources */ = {
			isa = PBXGroup;
			children = (
				089C167DFE841241C02AAC07 /* InfoPlist.strings */,
			);
			name = Resources;
			sourceTree = "<group>";
		};
		19C28FB6FE9D52B211CA2CBB /* Products */ = {
			isa = PBXGroup;
			children = (
				0B81C263FFB7832611CA28AA /* VoodooPS2Keyboard.kext */,
				8FD7617E12B223270030D576 /* VoodooPS2Keyboard.kext */,
			);
			name = Products;
			sourceTree = "<group>";
		};
		247142CAFF3F8F9811CA285C /* Source */ = {
			isa = PBXGroup;
			children = (
				0107A3C1008BB9B17F000001 /* VoodooPS2Keyboard.cpp */,
				0107A3C2008BB9B17F000001 /* VoodooPS2Keyboard.h */,
				B9BA1F6101988D1E08CA29FD /* ApplePS2ToADBMap.h */,
			);
			name = Source;
			sourceTree = "<group>";
		};
/* End PBXGroup section */

/* Begin PBXHeadersBuildPhase section */
		089C1674FE841209C02AAC07 /* Headers */ = {
			isa = PBXHeadersBuildPhase;
			buildActionMask = 2147483647;
			files = (
				0107A3C3008BB9B17F000001 /* VoodooPS2Keyboard.h in Headers */,
				B9BA1F6201988D1E08CA29FD /* ApplePS2ToADBMap.h in Headers */,
			);
			runOnlyForDeploymentPostprocessing = 0;
		};
		8FD7616F12B223270030D576 /* Headers */ = {
			isa = PBXHeadersBuildPhase;
			buildActionMask = 2147483647;
			files = (
				8FD7617012B223270030D576 /* VoodooPS2Keyboard.h in Headers */,
				8FD7617112B223270030D576 /* ApplePS2ToADBMap.h in Headers */,
			);
			runOnlyForDeploymentPostprocessing = 0;
		};
/* End PBXHeadersBuildPhase section */

/* Begin PBXNativeTarget section */
		8FD7616D12B223270030D576 /* VoodooPS2Keyboard (Upgraded) */ = {
			isa = PBXNativeTarget;
			buildConfigurationList = 8FD7617912B223270030D576 /* Build configuration list for PBXNativeTarget "VoodooPS2Keyboard (Upgraded)" */;
			buildPhases = (
				8FD7616E12B223270030D576 /* ShellScript */,
				8FD7616F12B223270030D576 /* Headers */,
				8FD7617212B223270030D576 /* Resources */,
				8FD7617412B223270030D576 /* Sources */,
				8FD7617612B223270030D576 /* Frameworks */,
				8FD7617712B223270030D576 /* Rez */,
				8FD7617812B223270030D576 /* ShellScript */,
			);
			buildRules = (
			);
			dependencies = (
			);
			name = "VoodooPS2Keyboard (Upgraded)";
			productInstallPath = "$(SYSTEM_LIBRARY_DIR)/Extensions/VoodooPS2Controller.kext/Contents/PlugIns";
			productName = VoodooPS2Keyboard;
			productReference = 8FD7617E12B223270030D576 /* VoodooPS2Keyboard.kext */;
			productType = "com.apple.product-type.kernel-extension.iokit";
		};
/* End PBXNativeTarget section */

/* Begin PBXProject section */
		089C1669FE841209C02AAC07 /* Project object */ = {
			isa = PBXProject;
			buildConfigurationList = B6DB8C200F248C4D00ACA103 /* Build configuration list for PBXProject "VoodooPS2Keyboard" */;
			compatibilityVersion = "Xcode 2.4";
			developmentRegion = English;
			hasScannedForEncodings = 1;
			knownRegions = (
				English,
				Japanese,
				French,
				German,
			);
			mainGroup = 089C166AFE841209C02AAC07 /* VoodooPS2Keyboard */;
			projectDirPath = "";
			projectRoot = "";
			targets = (
				8FD7616D12B223270030D576 /* VoodooPS2Keyboard (Upgraded) */,
				089C1673FE841209C02AAC07 /* VoodooPS2Keyboard */,
			);
		};
/* End PBXProject section */

/* Begin PBXResourcesBuildPhase section */
		089C1675FE841209C02AAC07 /* Resources */ = {
			isa = PBXResourcesBuildPhase;
			buildActionMask = 2147483647;
			files = (
				089C1680FE841241C02AAC07 /* InfoPlist.strings in Resources */,
			);
			runOnlyForDeploymentPostprocessing = 0;
		};
		8FD7617212B223270030D576 /* Resources */ = {
			isa = PBXResourcesBuildPhase;
			buildActionMask = 2147483647;
			files = (
				8FD7617312B223270030D576 /* InfoPlist.strings in Resources */,
			);
			runOnlyForDeploymentPostprocessing = 0;
		};
/* End PBXResourcesBuildPhase section */

/* Begin PBXRezBuildPhase section */
		089C1679FE841209C02AAC07 /* Rez */ = {
			isa = PBXRezBuildPhase;
			buildActionMask = 2147483647;
			files = (
			);
			runOnlyForDeploymentPostprocessing = 0;
		};
		8FD7617712B223270030D576 /* Rez */ = {
			isa = PBXRezBuildPhase;
			buildActionMask = 2147483647;
			files = (
			);
			runOnlyForDeploymentPostprocessing = 0;
		};
/* End PBXRezBuildPhase section */

/* Begin PBXShellScriptBuildPhase section */
		06AA1264FFB2107B11CA28AA /* ShellScript */ = {
			isa = PBXShellScriptBuildPhase;
			buildActionMask = 2147483647;
			files = (
			);
			runOnlyForDeploymentPostprocessing = 0;
			shellPath = /bin/sh;
			shellScript = "script=\"${SYSTEM_DEVELOPER_DIR}/ProjectBuilder Extras/Kernel Extension Support/KEXTPostprocess\";\nif [ -x \"$script\" ]; then\n    . \"$script\"\nfi";
		};
		06AA1267FFB2110C11CA28AA /* ShellScript */ = {
			isa = PBXShellScriptBuildPhase;
			buildActionMask = 2147483647;
			files = (
			);
			runOnlyForDeploymentPostprocessing = 0;
			shellPath = /bin/sh;
			shellScript = "script=\"${SYSTEM_DEVELOPER_DIR}/ProjectBuilder Extras/Kernel Extension Support/KEXTPreprocess\";\nif [ -x \"$script\" ]; then\n    . \"$script\"\nfi";
		};
		8FD7616E12B223270030D576 /* ShellScript */ = {
			isa = PBXShellScriptBuildPhase;
			buildActionMask = 2147483647;
			files = (
			);
			runOnlyForDeploymentPostprocessing = 0;
			shellPath = /bin/sh;
			shellScript = "script=\"${SYSTEM_DEVELOPER_DIR}/ProjectBuilder Extras/Kernel Extension Support/KEXTPreprocess\";\nif [ -x \"$script\" ]; then\n    . \"$script\"\nfi";
		};
		8FD7617812B223270030D576 /* ShellScript */ = {
			isa = PBXShellScriptBuildPhase;
			buildActionMask = 2147483647;
			files = (
			);
			runOnlyForDeploymentPostprocessing = 0;
			shellPath = /bin/sh;
			shellScript = "script=\"${SYSTEM_DEVELOPER_DIR}/ProjectBuilder Extras/Kernel Extension Support/KEXTPostprocess\";\nif [ -x \"$script\" ]; then\n    . \"$script\"\nfi";
		};
/* End PBXShellScriptBuildPhase section */

/* Begin PBXSourcesBuildPhase section */
		089C1676FE841209C02AAC07 /* Sources */ = {
			isa = PBXSourcesBuildPhase;
			buildActionMask = 2147483647;
			files = (
				0107A3C4008BB9B17F000001 /* VoodooPS2Keyboard.cpp in Sources */,
			);
			runOnlyForDeploymentPostprocessing = 0;
		};
		8FD7617412B223270030D576 /* Sources */ = {
			isa = PBXSourcesBuildPhase;
			buildActionMask = 2147483647;
			files = (
				8FD7617512B223270030D576 /* VoodooPS2Keyboard.cpp in Sources */,
			);
			runOnlyForDeploymentPostprocessing = 0;
		};
/* End PBXSourcesBuildPhase section */

/* Begin PBXVariantGroup section */
		089C167DFE841241C02AAC07 /* InfoPlist.strings */ = {
			isa = PBXVariantGroup;
			children = (
				089C167EFE841241C02AAC07 /* English */,
			);
			name = InfoPlist.strings;
			sourceTree = "<group>";
		};
/* End PBXVariantGroup section */

/* Begin XCBuildConfiguration section */
		8FD7617A12B223270030D576 /* Development */ = {
			isa = XCBuildConfiguration;
			buildSettings = {
				ARCHS = "$(ARCHS_STANDARD_32_64_BIT_PRE_XCODE_3_1)";
				ARCHS_STANDARD_32_64_BIT_PRE_XCODE_3_1 = "x86_64 i386 ppc";
				COPY_PHASE_STRIP = NO;
				FRAMEWORK_SEARCH_PATHS = "";
				GCC_DYNAMIC_NO_PIC = NO;
				GCC_ENABLE_FIX_AND_CONTINUE = YES;
				GCC_GENERATE_DEBUGGING_SYMBOLS = YES;
				GCC_OPTIMIZATION_LEVEL = 0;
				GCC_SYMBOLS_PRIVATE_EXTERN = NO;
				HEADER_SEARCH_PATHS = "";
				INFOPLIST_FILE = "Info-VoodooPS2Keyboard__Upgraded_.plist";
				INSTALL_PATH = "$(SYSTEM_LIBRARY_DIR)/Extensions/VoodooPS2Controller.kext/Contents/PlugIns";
				KERNEL_MODULE = YES;
				LIBRARY_SEARCH_PATHS = "";
				MODULE_IOKIT = YES;
				MODULE_NAME = org.voodoo.driver.PS2Keyboard;
				MODULE_VERSION = 1.1.0;
				OTHER_LDFLAGS = "";
				OTHER_REZFLAGS = "";
				PRODUCT_NAME = VoodooPS2Keyboard;
				VALID_ARCHS = "x86_64 i386";
				WARNING_CFLAGS = (
					"-Wmost",
					"-Wno-four-char-constants",
					"-Wno-unknown-pragmas",
				);
				WRAPPER_EXTENSION = kext;
				ZERO_LINK = YES;
			};
			name = Development;
		};
		8FD7617B12B223270030D576 /* Deployment */ = {
			isa = XCBuildConfiguration;
			buildSettings = {
				ARCHS = "$(ARCHS_STANDARD_32_64_BIT_PRE_XCODE_3_1)";
				ARCHS_STANDARD_32_64_BIT_PRE_XCODE_3_1 = "x86_64 i386 ppc";
				COPY_PHASE_STRIP = YES;
				FRAMEWORK_SEARCH_PATHS = "";
				GCC_ENABLE_FIX_AND_CONTINUE = NO;
				GCC_SYMBOLS_PRIVATE_EXTERN = NO;
				HEADER_SEARCH_PATHS = "";
				INFOPLIST_FILE = "Info-VoodooPS2Keyboard__Upgraded_.plist";
				INSTALL_PATH = "$(SYSTEM_LIBRARY_DIR)/Extensions/VoodooPS2Controller.kext/Contents/PlugIns";
				KERNEL_MODULE = YES;
				LIBRARY_SEARCH_PATHS = "";
				MODULE_IOKIT = YES;
				MODULE_NAME = org.voodoo.driver.PS2Keyboard;
				MODULE_VERSION = 1.1.0;
				OTHER_LDFLAGS = "";
				OTHER_REZFLAGS = "";
				PRODUCT_NAME = VoodooPS2Keyboard;
				VALID_ARCHS = "x86_64 i386";
				WARNING_CFLAGS = (
					"-Wmost",
					"-Wno-four-char-constants",
					"-Wno-unknown-pragmas",
				);
				WRAPPER_EXTENSION = kext;
				ZERO_LINK = NO;
			};
			name = Deployment;
		};
		8FD7617C12B223270030D576 /* Default */ = {
			isa = XCBuildConfiguration;
			buildSettings = {
				ARCHS = "$(ARCHS_STANDARD_32_64_BIT_PRE_XCODE_3_1)";
				ARCHS_STANDARD_32_64_BIT_PRE_XCODE_3_1 = "x86_64 i386 ppc";
				FRAMEWORK_SEARCH_PATHS = "";
				GCC_SYMBOLS_PRIVATE_EXTERN = NO;
				HEADER_SEARCH_PATHS = "";
				INFOPLIST_FILE = "Info-VoodooPS2Keyboard__Upgraded_.plist";
				INSTALL_PATH = "$(SYSTEM_LIBRARY_DIR)/Extensions/VoodooPS2Controller.kext/Contents/PlugIns";
				KERNEL_MODULE = YES;
				LIBRARY_SEARCH_PATHS = "";
				MODULE_IOKIT = YES;
				MODULE_NAME = org.voodoo.driver.PS2Keyboard;
				MODULE_VERSION = 1.1.0;
				OTHER_LDFLAGS = "";
				OTHER_REZFLAGS = "";
				PRODUCT_NAME = VoodooPS2Keyboard;
				VALID_ARCHS = "x86_64 i386";
				WARNING_CFLAGS = (
					"-Wmost",
					"-Wno-four-char-constants",
					"-Wno-unknown-pragmas",
				);
				WRAPPER_EXTENSION = kext;
			};
			name = Default;
		};
		B6DB8C1A0F248C4D00ACA103 /* Development */ = {
			isa = XCBuildConfiguration;
			buildSettings = {
				OTHER_CFLAGS = "-DDEBUG";
			};
			name = Development;
		};
		B6DB8C1B0F248C4D00ACA103 /* Deployment */ = {
			isa = XCBuildConfiguration;
			buildSettings = {
			};
			name = Deployment;
		};
		B6DB8C1C0F248C4D00ACA103 /* Default */ = {
			isa = XCBuildConfiguration;
			buildSettings = {
			};
			name = Default;
		};
		B6DB8C1D0F248C4D00ACA103 /* Development */ = {
			isa = XCBuildConfiguration;
			buildSettings = {
				COPY_PHASE_STRIP = NO;
				FRAMEWORK_SEARCH_PATHS = "";
				GCC_DYNAMIC_NO_PIC = NO;
				GCC_ENABLE_FIX_AND_CONTINUE = YES;
				GCC_GENERATE_DEBUGGING_SYMBOLS = YES;
				GCC_OPTIMIZATION_LEVEL = 0;
				HEADER_SEARCH_PATHS = "";
				INSTALL_PATH = "$(SYSTEM_LIBRARY_DIR)/Extensions/VoodooPS2Controller.kext/Contents/PlugIns";
				KERNEL_MODULE = YES;
				LIBRARY_SEARCH_PATHS = "";
				MODULE_IOKIT = YES;
				MODULE_NAME = org.voodoo.driver.PS2Keyboard;
				MODULE_VERSION = 1.1.0;
				OTHER_LDFLAGS = "";
				OTHER_REZFLAGS = "";
				PRODUCT_NAME = VoodooPS2Keyboard;
				VALID_ARCHS = i386;
				WARNING_CFLAGS = (
					"-Wmost",
					"-Wno-four-char-constants",
					"-Wno-unknown-pragmas",
				);
				WRAPPER_EXTENSION = kext;
				ZERO_LINK = YES;
			};
			name = Development;
		};
		B6DB8C1E0F248C4D00ACA103 /* Deployment */ = {
			isa = XCBuildConfiguration;
			buildSettings = {
				COPY_PHASE_STRIP = YES;
				FRAMEWORK_SEARCH_PATHS = "";
				GCC_ENABLE_FIX_AND_CONTINUE = NO;
				HEADER_SEARCH_PATHS = "";
				INSTALL_PATH = "$(SYSTEM_LIBRARY_DIR)/Extensions/VoodooPS2Controller.kext/Contents/PlugIns";
				KERNEL_MODULE = YES;
				LIBRARY_SEARCH_PATHS = "";
				MODULE_IOKIT = YES;
				MODULE_NAME = org.voodoo.driver.PS2Keyboard;
				MODULE_VERSION = 1.1.0;
				OTHER_LDFLAGS = "";
				OTHER_REZFLAGS = "";
				PRODUCT_NAME = VoodooPS2Keyboard;
				VALID_ARCHS = i386;
				WARNING_CFLAGS = (
					"-Wmost",
					"-Wno-four-char-constants",
					"-Wno-unknown-pragmas",
				);
				WRAPPER_EXTENSION = kext;
				ZERO_LINK = NO;
			};
			name = Deployment;
		};
		B6DB8C1F0F248C4D00ACA103 /* Default */ = {
			isa = XCBuildConfiguration;
			buildSettings = {
				FRAMEWORK_SEARCH_PATHS = "";
				HEADER_SEARCH_PATHS = "";
				INSTALL_PATH = "$(SYSTEM_LIBRARY_DIR)/Extensions/VoodooPS2Controller.kext/Contents/PlugIns";
				KERNEL_MODULE = YES;
				LIBRARY_SEARCH_PATHS = "";
				MODULE_IOKIT = YES;
				MODULE_NAME = org.voodoo.driver.PS2Keyboard;
				MODULE_VERSION = 1.1.0;
				OTHER_LDFLAGS = "";
				OTHER_REZFLAGS = "";
				PRODUCT_NAME = VoodooPS2Keyboard;
				VALID_ARCHS = i386;
				WARNING_CFLAGS = (
					"-Wmost",
					"-Wno-four-char-constants",
					"-Wno-unknown-pragmas",
				);
				WRAPPER_EXTENSION = kext;
			};
			name = Default;
		};
/* End XCBuildConfiguration section */

/* Begin XCConfigurationList section */
		8FD7617912B223270030D576 /* Build configuration list for PBXNativeTarget "VoodooPS2Keyboard (Upgraded)" */ = {
			isa = XCConfigurationList;
			buildConfigurations = (
				8FD7617A12B223270030D576 /* Development */,
				8FD7617B12B223270030D576 /* Deployment */,
				8FD7617C12B223270030D576 /* Default */,
			);
			defaultConfigurationIsVisible = 0;
			defaultConfigurationName = Default;
		};
		B6DB8C200F248C4D00ACA103 /* Build configuration list for PBXProject "VoodooPS2Keyboard" */ = {
			isa = XCConfigurationList;
			buildConfigurations = (
				B6DB8C1A0F248C4D00ACA103 /* Development */,
				B6DB8C1B0F248C4D00ACA103 /* Deployment */,
				B6DB8C1C0F248C4D00ACA103 /* Default */,
			);
			defaultConfigurationIsVisible = 0;
			defaultConfigurationName = Default;
		};
		B6DB8C210F248C4D00ACA103 /* Build configuration list for PBXBundleTarget "VoodooPS2Keyboard" */ = {
			isa = XCConfigurationList;
			buildConfigurations = (
				B6DB8C1D0F248C4D00ACA103 /* Development */,
				B6DB8C1E0F248C4D00ACA103 /* Deployment */,
				B6DB8C1F0F248C4D00ACA103 /* Default */,
			);
			defaultConfigurationIsVisible = 0;
			defaultConfigurationName = Default;
		};
/* End XCConfigurationList section */
	};
	rootObject = 089C1669FE841209C02AAC07 /* Project object */;
}
