// !$*UTF8*$!
{
	archiveVersion = 1;
	classes = {
	};
	objectVersion = 46;
	objects = {

/* Begin PBXBuildFile section */
		356B896223007F4F0042F30F /* VoodooInputMessages.h in Headers */ = {isa = PBXBuildFile; fileRef = 356B895E23007F4F0042F30F /* VoodooInputMessages.h */; };
		356B896323007F4F0042F30F /* VoodooInputEvent.h in Headers */ = {isa = PBXBuildFile; fileRef = 356B895F23007F4F0042F30F /* VoodooInputEvent.h */; };
		356B896423007F4F0042F30F /* VoodooInputTransducer.h in Headers */ = {isa = PBXBuildFile; fileRef = 356B896023007F4F0042F30F /* VoodooInputTransducer.h */; };
		356B896523007F4F0042F30F /* MultitouchHelpers.h in Headers */ = {isa = PBXBuildFile; fileRef = 356B896123007F4F0042F30F /* MultitouchHelpers.h */; };
		840F104A16EFE42600E8C116 /* ApplePS2Device.cpp in Sources */ = {isa = PBXBuildFile; fileRef = 840F104916EFE42600E8C116 /* ApplePS2Device.cpp */; };
		84167820161B55B2002C60E6 /* VoodooPS2Controller.cpp in Sources */ = {isa = PBXBuildFile; fileRef = 8416781F161B55B2002C60E6 /* VoodooPS2Controller.cpp */; };
		84167836161B5613002C60E6 /* VoodooPS2Keyboard.cpp in Sources */ = {isa = PBXBuildFile; fileRef = 84167835161B5613002C60E6 /* VoodooPS2Keyboard.cpp */; };
		8416784A161B56A2002C60E6 /* VoodooPS2Mouse.cpp in Sources */ = {isa = PBXBuildFile; fileRef = 84167849161B56A2002C60E6 /* VoodooPS2Mouse.cpp */; };
		84833FA3161B627D00845294 /* ApplePS2Device.h in Headers */ = {isa = PBXBuildFile; fileRef = 84833F9D161B627D00845294 /* ApplePS2Device.h */; settings = {ATTRIBUTES = (); }; };
		84833FA5161B627D00845294 /* ApplePS2KeyboardDevice.h in Headers */ = {isa = PBXBuildFile; fileRef = 84833F9F161B627D00845294 /* ApplePS2KeyboardDevice.h */; settings = {ATTRIBUTES = (); }; };
		84833FA7161B627D00845294 /* ApplePS2MouseDevice.h in Headers */ = {isa = PBXBuildFile; fileRef = 84833FA1161B627D00845294 /* ApplePS2MouseDevice.h */; settings = {ATTRIBUTES = (); }; };
		84833FAA161B629500845294 /* ApplePS2ToADBMap.h in Headers */ = {isa = PBXBuildFile; fileRef = 84833FA9161B629500845294 /* ApplePS2ToADBMap.h */; settings = {ATTRIBUTES = (); }; };
		84833FB1161B62A900845294 /* VoodooPS2ALPSGlidePoint.cpp in Sources */ = {isa = PBXBuildFile; fileRef = 84833FAB161B62A900845294 /* VoodooPS2ALPSGlidePoint.cpp */; };
		84833FB2161B62A900845294 /* VoodooPS2ALPSGlidePoint.h in Headers */ = {isa = PBXBuildFile; fileRef = 84833FAC161B62A900845294 /* VoodooPS2ALPSGlidePoint.h */; settings = {ATTRIBUTES = (); }; };
		84833FB3161B62A900845294 /* VoodooPS2SentelicFSP.cpp in Sources */ = {isa = PBXBuildFile; fileRef = 84833FAD161B62A900845294 /* VoodooPS2SentelicFSP.cpp */; };
		84833FB4161B62A900845294 /* VoodooPS2SentelicFSP.h in Headers */ = {isa = PBXBuildFile; fileRef = 84833FAE161B62A900845294 /* VoodooPS2SentelicFSP.h */; settings = {ATTRIBUTES = (); }; };
		84833FB5161B62A900845294 /* VoodooPS2SynapticsTouchPad.cpp in Sources */ = {isa = PBXBuildFile; fileRef = 84833FAF161B62A900845294 /* VoodooPS2SynapticsTouchPad.cpp */; };
		84833FB6161B62A900845294 /* VoodooPS2SynapticsTouchPad.h in Headers */ = {isa = PBXBuildFile; fileRef = 84833FB0161B62A900845294 /* VoodooPS2SynapticsTouchPad.h */; settings = {ATTRIBUTES = (); }; };
		84833FC1161B69B800845294 /* VoodooPS2Mouse.h in Headers */ = {isa = PBXBuildFile; fileRef = 84167848161B56A2002C60E6 /* VoodooPS2Mouse.h */; settings = {ATTRIBUTES = (); }; };
		84833FC2161B69C700845294 /* VoodooPS2Keyboard.h in Headers */ = {isa = PBXBuildFile; fileRef = 84167834161B5613002C60E6 /* VoodooPS2Keyboard.h */; settings = {ATTRIBUTES = (); }; };
		84833FC3161B6A7E00845294 /* VoodooPS2Controller.h in Headers */ = {isa = PBXBuildFile; fileRef = 8416781E161B55B2002C60E6 /* VoodooPS2Controller.h */; settings = {ATTRIBUTES = (); }; };
		84DD197B162D496E0044D061 /* AppleACPIPS2Nub.cpp in Sources */ = {isa = PBXBuildFile; fileRef = 84DD1979162D496E0044D061 /* AppleACPIPS2Nub.cpp */; };
		84DD197C162D496E0044D061 /* AppleACPIPS2Nub.h in Headers */ = {isa = PBXBuildFile; fileRef = 84DD197A162D496E0044D061 /* AppleACPIPS2Nub.h */; };
		84EB0AE316F0AD9300016108 /* ApplePS2KeyboardDevice.cpp in Sources */ = {isa = PBXBuildFile; fileRef = 84833F9E161B627D00845294 /* ApplePS2KeyboardDevice.cpp */; };
		84EB0AE516F0AD9600016108 /* ApplePS2MouseDevice.cpp in Sources */ = {isa = PBXBuildFile; fileRef = 84833FA0161B627D00845294 /* ApplePS2MouseDevice.cpp */; };
		9828A92F24A2B6C200550FAA /* VoodooPS2Elan.cpp in Sources */ = {isa = PBXBuildFile; fileRef = 9828A92D24A2B6C200550FAA /* VoodooPS2Elan.cpp */; };
		9828A93024A2B6C200550FAA /* VoodooPS2Elan.h in Headers */ = {isa = PBXBuildFile; fileRef = 9828A92E24A2B6C200550FAA /* VoodooPS2Elan.h */; };
		CE7F451A22E8AC61003F7971 /* libkmod.a in Frameworks */ = {isa = PBXBuildFile; fileRef = CE7F451822E8AC59003F7971 /* libkmod.a */; };
		CE7F451B22E8AC65003F7971 /* libkmod.a in Frameworks */ = {isa = PBXBuildFile; fileRef = CE7F451822E8AC59003F7971 /* libkmod.a */; };
		CE7F451C22E8AC69003F7971 /* libkmod.a in Frameworks */ = {isa = PBXBuildFile; fileRef = CE7F451822E8AC59003F7971 /* libkmod.a */; };
		CE7F451D22E8AC6F003F7971 /* libkmod.a in Frameworks */ = {isa = PBXBuildFile; fileRef = CE7F451822E8AC59003F7971 /* libkmod.a */; };
		CE86CCF122E8B0F800B32BE3 /* compat.cpp in Sources */ = {isa = PBXBuildFile; fileRef = CE86CCF022E8B0F800B32BE3 /* compat.cpp */; };
		CE86CCF222E8B0F800B32BE3 /* compat.cpp in Sources */ = {isa = PBXBuildFile; fileRef = CE86CCF022E8B0F800B32BE3 /* compat.cpp */; };
		CE86CCF322E8B0F800B32BE3 /* compat.cpp in Sources */ = {isa = PBXBuildFile; fileRef = CE86CCF022E8B0F800B32BE3 /* compat.cpp */; };
		CE86CCF422E8B0F800B32BE3 /* compat.cpp in Sources */ = {isa = PBXBuildFile; fileRef = CE86CCF022E8B0F800B32BE3 /* compat.cpp */; };
		CE86CCF622E8BC9800B32BE3 /* LegacyIOService.h in Headers */ = {isa = PBXBuildFile; fileRef = CE86CCF522E8BC9800B32BE3 /* LegacyIOService.h */; };
		CE86CCF722E8BC9800B32BE3 /* LegacyIOService.h in Headers */ = {isa = PBXBuildFile; fileRef = CE86CCF522E8BC9800B32BE3 /* LegacyIOService.h */; };
		CE86CCF822E8BC9800B32BE3 /* LegacyIOService.h in Headers */ = {isa = PBXBuildFile; fileRef = CE86CCF522E8BC9800B32BE3 /* LegacyIOService.h */; };
		CE86CCF922E8BC9800B32BE3 /* LegacyIOService.h in Headers */ = {isa = PBXBuildFile; fileRef = CE86CCF522E8BC9800B32BE3 /* LegacyIOService.h */; };
		CE86CCFB22E8BCEE00B32BE3 /* LegacyLibkernMacros.h in Headers */ = {isa = PBXBuildFile; fileRef = CE86CCFA22E8BCEE00B32BE3 /* LegacyLibkernMacros.h */; };
		CE86CCFC22E8BCEE00B32BE3 /* LegacyLibkernMacros.h in Headers */ = {isa = PBXBuildFile; fileRef = CE86CCFA22E8BCEE00B32BE3 /* LegacyLibkernMacros.h */; };
		CE86CCFD22E8BCEE00B32BE3 /* LegacyLibkernMacros.h in Headers */ = {isa = PBXBuildFile; fileRef = CE86CCFA22E8BCEE00B32BE3 /* LegacyLibkernMacros.h */; };
		CE86CCFE22E8BCEE00B32BE3 /* LegacyLibkernMacros.h in Headers */ = {isa = PBXBuildFile; fileRef = CE86CCFA22E8BCEE00B32BE3 /* LegacyLibkernMacros.h */; };
		CE86CD0122E8BDE000B32BE3 /* LegacyIOHIKeyboard.h in Headers */ = {isa = PBXBuildFile; fileRef = CE86CCFF22E8BDE000B32BE3 /* LegacyIOHIKeyboard.h */; };
		CE86CD0222E8BDE000B32BE3 /* LegacyIOHIKeyboard.h in Headers */ = {isa = PBXBuildFile; fileRef = CE86CCFF22E8BDE000B32BE3 /* LegacyIOHIKeyboard.h */; };
		CE86CD0322E8BDE000B32BE3 /* LegacyIOHIKeyboard.h in Headers */ = {isa = PBXBuildFile; fileRef = CE86CCFF22E8BDE000B32BE3 /* LegacyIOHIKeyboard.h */; };
		CE86CD0422E8BDE000B32BE3 /* LegacyIOHIKeyboard.h in Headers */ = {isa = PBXBuildFile; fileRef = CE86CCFF22E8BDE000B32BE3 /* LegacyIOHIKeyboard.h */; };
		CE86CD0522E8BDE000B32BE3 /* LegacyIOHIPointing.h in Headers */ = {isa = PBXBuildFile; fileRef = CE86CD0022E8BDE000B32BE3 /* LegacyIOHIPointing.h */; };
		CE86CD0622E8BDE000B32BE3 /* LegacyIOHIPointing.h in Headers */ = {isa = PBXBuildFile; fileRef = CE86CD0022E8BDE000B32BE3 /* LegacyIOHIPointing.h */; };
		CE86CD0722E8BDE000B32BE3 /* LegacyIOHIPointing.h in Headers */ = {isa = PBXBuildFile; fileRef = CE86CD0022E8BDE000B32BE3 /* LegacyIOHIPointing.h */; };
		CE86CD0822E8BDE000B32BE3 /* LegacyIOHIPointing.h in Headers */ = {isa = PBXBuildFile; fileRef = CE86CD0022E8BDE000B32BE3 /* LegacyIOHIPointing.h */; };
/* End PBXBuildFile section */

/* Begin PBXContainerItemProxy section */
		CE7F450822E8A781003F7971 /* PBXContainerItemProxy */ = {
			isa = PBXContainerItemProxy;
			containerPortal = 84167808161B55B2002C60E6 /* Project object */;
			proxyType = 1;
			remoteGlobalIDString = 8416782C161B5613002C60E6;
			remoteInfo = VoodooPS2Keyboard;
		};
		CE7F450A22E8A781003F7971 /* PBXContainerItemProxy */ = {
			isa = PBXContainerItemProxy;
			containerPortal = 84167808161B55B2002C60E6 /* Project object */;
			proxyType = 1;
			remoteGlobalIDString = 84167840161B56A2002C60E6;
			remoteInfo = VoodooPS2Mouse;
		};
		CE7F450C22E8A781003F7971 /* PBXContainerItemProxy */ = {
			isa = PBXContainerItemProxy;
			containerPortal = 84167808161B55B2002C60E6 /* Project object */;
			proxyType = 1;
			remoteGlobalIDString = 84167854161B56C4002C60E6;
			remoteInfo = VoodooPS2Trackpad;
		};
/* End PBXContainerItemProxy section */

/* Begin PBXFileReference section */
		356B895E23007F4F0042F30F /* VoodooInputMessages.h */ = {isa = PBXFileReference; fileEncoding = 4; lastKnownFileType = sourcecode.c.h; name = VoodooInputMessages.h; path = VoodooInput/Debug/VoodooInput.kext/Contents/Resources/VoodooInputMultitouch/VoodooInputMessages.h; sourceTree = SOURCE_ROOT; };
		356B895F23007F4F0042F30F /* VoodooInputEvent.h */ = {isa = PBXFileReference; fileEncoding = 4; lastKnownFileType = sourcecode.c.h; name = VoodooInputEvent.h; path = VoodooInput/Debug/VoodooInput.kext/Contents/Resources/VoodooInputMultitouch/VoodooInputEvent.h; sourceTree = SOURCE_ROOT; };
		356B896023007F4F0042F30F /* VoodooInputTransducer.h */ = {isa = PBXFileReference; fileEncoding = 4; lastKnownFileType = sourcecode.c.h; name = VoodooInputTransducer.h; path = VoodooInput/Debug/VoodooInput.kext/Contents/Resources/VoodooInputMultitouch/VoodooInputTransducer.h; sourceTree = SOURCE_ROOT; };
		356B896123007F4F0042F30F /* MultitouchHelpers.h */ = {isa = PBXFileReference; fileEncoding = 4; lastKnownFileType = sourcecode.c.h; name = MultitouchHelpers.h; path = VoodooInput/Debug/VoodooInput.kext/Contents/Resources/VoodooInputMultitouch/MultitouchHelpers.h; sourceTree = SOURCE_ROOT; };
		7B44762421D52A7100418B25 /* ApplePS2MouseDevice.h */ = {isa = PBXFileReference; fileEncoding = 4; lastKnownFileType = sourcecode.c.h; path = ApplePS2MouseDevice.h; sourceTree = "<group>"; };
		8404565C161E3AAF00D74D7F /* en */ = {isa = PBXFileReference; lastKnownFileType = text.plist.strings; name = en; path = en.lproj/InfoPlist.strings; sourceTree = "<group>"; };
		8404565F161E3AC300D74D7F /* en */ = {isa = PBXFileReference; lastKnownFileType = text.plist.strings; name = en; path = en.lproj/InfoPlist.strings; sourceTree = "<group>"; };
		84045662161E3AD800D74D7F /* en */ = {isa = PBXFileReference; lastKnownFileType = text.plist.strings; name = en; path = en.lproj/InfoPlist.strings; sourceTree = "<group>"; };
		84045665161E3AF900D74D7F /* en */ = {isa = PBXFileReference; lastKnownFileType = text.plist.strings; name = en; path = en.lproj/InfoPlist.strings; sourceTree = "<group>"; };
		840F104916EFE42600E8C116 /* ApplePS2Device.cpp */ = {isa = PBXFileReference; fileEncoding = 4; lastKnownFileType = sourcecode.cpp.cpp; path = ApplePS2Device.cpp; sourceTree = "<group>"; };
		84167813161B55B2002C60E6 /* VoodooPS2Controller.kext */ = {isa = PBXFileReference; explicitFileType = wrapper.cfbundle; includeInIndex = 0; path = VoodooPS2Controller.kext; sourceTree = BUILT_PRODUCTS_DIR; };
		8416781A161B55B2002C60E6 /* VoodooPS2Controller-Info.plist */ = {isa = PBXFileReference; lastKnownFileType = text.plist.xml; path = "VoodooPS2Controller-Info.plist"; sourceTree = "<group>"; };
		8416781E161B55B2002C60E6 /* VoodooPS2Controller.h */ = {isa = PBXFileReference; lastKnownFileType = sourcecode.c.h; lineEnding = 0; path = VoodooPS2Controller.h; sourceTree = "<group>"; xcLanguageSpecificationIdentifier = xcode.lang.objcpp; };
		8416781F161B55B2002C60E6 /* VoodooPS2Controller.cpp */ = {isa = PBXFileReference; lastKnownFileType = sourcecode.cpp.cpp; lineEnding = 0; path = VoodooPS2Controller.cpp; sourceTree = "<group>"; xcLanguageSpecificationIdentifier = xcode.lang.cpp; };
		8416782D161B5613002C60E6 /* VoodooPS2Keyboard.kext */ = {isa = PBXFileReference; explicitFileType = wrapper.cfbundle; includeInIndex = 0; path = VoodooPS2Keyboard.kext; sourceTree = BUILT_PRODUCTS_DIR; };
		84167830161B5613002C60E6 /* VoodooPS2Keyboard-Info.plist */ = {isa = PBXFileReference; lastKnownFileType = text.plist.xml; path = "VoodooPS2Keyboard-Info.plist"; sourceTree = "<group>"; };
		84167834161B5613002C60E6 /* VoodooPS2Keyboard.h */ = {isa = PBXFileReference; lastKnownFileType = sourcecode.c.h; path = VoodooPS2Keyboard.h; sourceTree = "<group>"; };
		84167835161B5613002C60E6 /* VoodooPS2Keyboard.cpp */ = {isa = PBXFileReference; lastKnownFileType = sourcecode.cpp.cpp; lineEnding = 0; path = VoodooPS2Keyboard.cpp; sourceTree = "<group>"; xcLanguageSpecificationIdentifier = xcode.lang.cpp; };
		84167841161B56A2002C60E6 /* VoodooPS2Mouse.kext */ = {isa = PBXFileReference; explicitFileType = wrapper.cfbundle; includeInIndex = 0; path = VoodooPS2Mouse.kext; sourceTree = BUILT_PRODUCTS_DIR; };
		84167844161B56A2002C60E6 /* VoodooPS2Mouse-Info.plist */ = {isa = PBXFileReference; lastKnownFileType = text.plist.xml; path = "VoodooPS2Mouse-Info.plist"; sourceTree = "<group>"; };
		84167848161B56A2002C60E6 /* VoodooPS2Mouse.h */ = {isa = PBXFileReference; lastKnownFileType = sourcecode.c.h; path = VoodooPS2Mouse.h; sourceTree = "<group>"; };
		84167849161B56A2002C60E6 /* VoodooPS2Mouse.cpp */ = {isa = PBXFileReference; lastKnownFileType = sourcecode.cpp.cpp; lineEnding = 0; path = VoodooPS2Mouse.cpp; sourceTree = "<group>"; xcLanguageSpecificationIdentifier = xcode.lang.cpp; };
		84167855161B56C4002C60E6 /* VoodooPS2Trackpad.kext */ = {isa = PBXFileReference; explicitFileType = wrapper.cfbundle; includeInIndex = 0; path = VoodooPS2Trackpad.kext; sourceTree = BUILT_PRODUCTS_DIR; };
		84167858161B56C4002C60E6 /* VoodooPS2Trackpad-Info.plist */ = {isa = PBXFileReference; fileEncoding = 4; lastKnownFileType = text.plist.xml; path = "VoodooPS2Trackpad-Info.plist"; sourceTree = "<group>"; };
		8437048016284F66005B3C76 /* VoodooPS2Keyboard-RemapFN-Info.plist */ = {isa = PBXFileReference; fileEncoding = 4; lastKnownFileType = text.plist.xml; path = "VoodooPS2Keyboard-RemapFN-Info.plist"; sourceTree = "<group>"; };
		8441070016D4F68A0063F063 /* VoodooPS2Keyboard-Breakless-Info.plist */ = {isa = PBXFileReference; lastKnownFileType = text.plist.xml; path = "VoodooPS2Keyboard-Breakless-Info.plist"; sourceTree = "<group>"; };
		84833F9D161B627D00845294 /* ApplePS2Device.h */ = {isa = PBXFileReference; fileEncoding = 4; lastKnownFileType = sourcecode.c.h; name = ApplePS2Device.h; path = VoodooPS2Controller/ApplePS2Device.h; sourceTree = "<group>"; };
		84833F9E161B627D00845294 /* ApplePS2KeyboardDevice.cpp */ = {isa = PBXFileReference; fileEncoding = 4; lastKnownFileType = sourcecode.cpp.cpp; path = ApplePS2KeyboardDevice.cpp; sourceTree = "<group>"; };
		84833F9F161B627D00845294 /* ApplePS2KeyboardDevice.h */ = {isa = PBXFileReference; fileEncoding = 4; lastKnownFileType = sourcecode.c.h; name = ApplePS2KeyboardDevice.h; path = VoodooPS2Controller/ApplePS2KeyboardDevice.h; sourceTree = "<group>"; };
		84833FA0161B627D00845294 /* ApplePS2MouseDevice.cpp */ = {isa = PBXFileReference; fileEncoding = 4; lastKnownFileType = sourcecode.cpp.cpp; path = ApplePS2MouseDevice.cpp; sourceTree = "<group>"; };
		84833FA1161B627D00845294 /* ApplePS2MouseDevice.h */ = {isa = PBXFileReference; fileEncoding = 4; lastKnownFileType = sourcecode.c.h; name = ApplePS2MouseDevice.h; path = VoodooPS2Controller/ApplePS2MouseDevice.h; sourceTree = "<group>"; };
		84833FA9161B629500845294 /* ApplePS2ToADBMap.h */ = {isa = PBXFileReference; fileEncoding = 4; lastKnownFileType = sourcecode.c.h; path = ApplePS2ToADBMap.h; sourceTree = "<group>"; };
		84833FAB161B62A900845294 /* VoodooPS2ALPSGlidePoint.cpp */ = {isa = PBXFileReference; fileEncoding = 4; lastKnownFileType = sourcecode.cpp.cpp; lineEnding = 0; path = VoodooPS2ALPSGlidePoint.cpp; sourceTree = "<group>"; xcLanguageSpecificationIdentifier = xcode.lang.cpp; };
		84833FAC161B62A900845294 /* VoodooPS2ALPSGlidePoint.h */ = {isa = PBXFileReference; fileEncoding = 4; lastKnownFileType = sourcecode.c.h; path = VoodooPS2ALPSGlidePoint.h; sourceTree = "<group>"; };
		84833FAD161B62A900845294 /* VoodooPS2SentelicFSP.cpp */ = {isa = PBXFileReference; fileEncoding = 4; lastKnownFileType = sourcecode.cpp.cpp; lineEnding = 0; path = VoodooPS2SentelicFSP.cpp; sourceTree = "<group>"; xcLanguageSpecificationIdentifier = xcode.lang.cpp; };
		84833FAE161B62A900845294 /* VoodooPS2SentelicFSP.h */ = {isa = PBXFileReference; fileEncoding = 4; lastKnownFileType = sourcecode.c.h; path = VoodooPS2SentelicFSP.h; sourceTree = "<group>"; };
		84833FAF161B62A900845294 /* VoodooPS2SynapticsTouchPad.cpp */ = {isa = PBXFileReference; fileEncoding = 4; lastKnownFileType = sourcecode.cpp.cpp; lineEnding = 0; path = VoodooPS2SynapticsTouchPad.cpp; sourceTree = "<group>"; xcLanguageSpecificationIdentifier = xcode.lang.cpp; };
		84833FB0161B62A900845294 /* VoodooPS2SynapticsTouchPad.h */ = {isa = PBXFileReference; fileEncoding = 4; lastKnownFileType = sourcecode.c.h; lineEnding = 0; path = VoodooPS2SynapticsTouchPad.h; sourceTree = "<group>"; xcLanguageSpecificationIdentifier = xcode.lang.objcpp; };
		84AE0F6C1BE4479200AF814A /* README.md */ = {isa = PBXFileReference; lastKnownFileType = net.daringfireball.markdown; path = README.md; sourceTree = "<group>"; };
		84DD1979162D496E0044D061 /* AppleACPIPS2Nub.cpp */ = {isa = PBXFileReference; fileEncoding = 4; lastKnownFileType = sourcecode.cpp.cpp; path = AppleACPIPS2Nub.cpp; sourceTree = "<group>"; };
		84DD197A162D496E0044D061 /* AppleACPIPS2Nub.h */ = {isa = PBXFileReference; fileEncoding = 4; lastKnownFileType = sourcecode.c.h; path = AppleACPIPS2Nub.h; sourceTree = "<group>"; };
		9828A92D24A2B6C200550FAA /* VoodooPS2Elan.cpp */ = {isa = PBXFileReference; lastKnownFileType = sourcecode.cpp.cpp; path = VoodooPS2Elan.cpp; sourceTree = "<group>"; };
		9828A92E24A2B6C200550FAA /* VoodooPS2Elan.h */ = {isa = PBXFileReference; lastKnownFileType = sourcecode.c.h; path = VoodooPS2Elan.h; sourceTree = "<group>"; };
		CE39B4E122D0CCC200D344F3 /* Changelog.md */ = {isa = PBXFileReference; lastKnownFileType = net.daringfireball.markdown; path = Changelog.md; sourceTree = "<group>"; };
		CE7F451122E8A8C4003F7971 /* SSDT-MouseAsTrackpad.dsl */ = {isa = PBXFileReference; lastKnownFileType = text; path = "SSDT-MouseAsTrackpad.dsl"; sourceTree = "<group>"; };
		CE7F451222E8A8ED003F7971 /* SynapticsRevB.pdf */ = {isa = PBXFileReference; lastKnownFileType = image.pdf; path = SynapticsRevB.pdf; sourceTree = "<group>"; };
		CE7F451322E8A8ED003F7971 /* voodoops2ioio.sh */ = {isa = PBXFileReference; lastKnownFileType = text.script.sh; path = voodoops2ioio.sh; sourceTree = "<group>"; };
		CE7F451422E8A8F8003F7971 /* Changelog.md */ = {isa = PBXFileReference; lastKnownFileType = net.daringfireball.markdown; path = Changelog.md; sourceTree = SOURCE_ROOT; };
		CE7F451522E8A8FE003F7971 /* README.md */ = {isa = PBXFileReference; lastKnownFileType = net.daringfireball.markdown; path = README.md; sourceTree = SOURCE_ROOT; };
		CE7F451622E8A906003F7971 /* LICENSE.md */ = {isa = PBXFileReference; lastKnownFileType = net.daringfireball.markdown; path = LICENSE.md; sourceTree = SOURCE_ROOT; };
		CE7F451822E8AC59003F7971 /* libkmod.a */ = {isa = PBXFileReference; lastKnownFileType = archive.ar; path = libkmod.a; sourceTree = "<group>"; };
		CE86CCF022E8B0F800B32BE3 /* compat.cpp */ = {isa = PBXFileReference; lastKnownFileType = sourcecode.cpp.cpp; path = compat.cpp; sourceTree = "<group>"; };
		CE86CCF522E8BC9800B32BE3 /* LegacyIOService.h */ = {isa = PBXFileReference; fileEncoding = 4; lastKnownFileType = sourcecode.c.h; path = LegacyIOService.h; sourceTree = "<group>"; };
		CE86CCFA22E8BCEE00B32BE3 /* LegacyLibkernMacros.h */ = {isa = PBXFileReference; fileEncoding = 4; lastKnownFileType = sourcecode.c.h; path = LegacyLibkernMacros.h; sourceTree = "<group>"; };
		CE86CCFF22E8BDE000B32BE3 /* LegacyIOHIKeyboard.h */ = {isa = PBXFileReference; fileEncoding = 4; lastKnownFileType = sourcecode.c.h; path = LegacyIOHIKeyboard.h; sourceTree = "<group>"; };
		CE86CD0022E8BDE000B32BE3 /* LegacyIOHIPointing.h */ = {isa = PBXFileReference; fileEncoding = 4; lastKnownFileType = sourcecode.c.h; path = LegacyIOHIPointing.h; sourceTree = "<group>"; };
		CED643F022E8AF27006CDE9B /* LegacyIOHIDDevice.h */ = {isa = PBXFileReference; lastKnownFileType = sourcecode.c.h; path = LegacyIOHIDDevice.h; sourceTree = "<group>"; };
		ED1C95C51F9B88EF00CAFCA3 /* SSDT-PrtSc-F13.dsl */ = {isa = PBXFileReference; fileEncoding = 4; lastKnownFileType = text; path = "SSDT-PrtSc-F13.dsl"; sourceTree = "<group>"; };
		ED48777A207D94BC00D6B1E8 /* SSDT-AlternateSwipes.dsl */ = {isa = PBXFileReference; lastKnownFileType = text; path = "SSDT-AlternateSwipes.dsl"; sourceTree = "<group>"; };
		ED5759741D44FBA50069DF9F /* SSDT-KEY-DELL-WN09.dsl */ = {isa = PBXFileReference; fileEncoding = 4; lastKnownFileType = text; path = "SSDT-KEY-DELL-WN09.dsl"; sourceTree = "<group>"; };
		ED6BB589209E4EE8007AC3A4 /* SSDT-DisableTrackpadProbe.dsl */ = {isa = PBXFileReference; fileEncoding = 4; lastKnownFileType = text; path = "SSDT-DisableTrackpadProbe.dsl"; sourceTree = "<group>"; };
		ED7E45DF1CFB35EE00ED2FB8 /* SSDT-Enable_DynamicEWMode.dsl */ = {isa = PBXFileReference; fileEncoding = 4; lastKnownFileType = text; path = "SSDT-Enable_DynamicEWMode.dsl"; sourceTree = "<group>"; };
		ED7E45E01CFB35EE00ED2FB8 /* SSDT-Disable_DynamicEWMode.dsl */ = {isa = PBXFileReference; fileEncoding = 4; lastKnownFileType = text; path = "SSDT-Disable_DynamicEWMode.dsl"; sourceTree = "<group>"; };
		EDAD29471FE8772400A93537 /* SSDT-Swap-LeftControlCommand.dsl */ = {isa = PBXFileReference; fileEncoding = 4; lastKnownFileType = text; path = "SSDT-Swap-LeftControlCommand.dsl"; sourceTree = "<group>"; };
		EDB891282041BB12004DB536 /* SSDT-Swap-LeftControlCapsLock.dsl */ = {isa = PBXFileReference; fileEncoding = 4; lastKnownFileType = text; path = "SSDT-Swap-LeftControlCapsLock.dsl"; sourceTree = "<group>"; };
		EDD95559208E2B640031D99E /* SSDT-Thinkpad_Clickpad.dsl */ = {isa = PBXFileReference; lastKnownFileType = text; path = "SSDT-Thinkpad_Clickpad.dsl"; sourceTree = "<group>"; };
		EDD9555A208E2E7A0031D99E /* SSDT-Thinkpad_Trackpad.dsl */ = {isa = PBXFileReference; lastKnownFileType = text; path = "SSDT-Thinkpad_Trackpad.dsl"; sourceTree = "<group>"; };
		EDD970FD1FD0B826004CCFFD /* SSDT-HP-FixLidSleep.dsl */ = {isa = PBXFileReference; fileEncoding = 4; lastKnownFileType = text; path = "SSDT-HP-FixLidSleep.dsl"; sourceTree = "<group>"; };
/* End PBXFileReference section */

/* Begin PBXFrameworksBuildPhase section */
		8416780E161B55B2002C60E6 /* Frameworks */ = {
			isa = PBXFrameworksBuildPhase;
			buildActionMask = 2147483647;
			files = (
				CE7F451A22E8AC61003F7971 /* libkmod.a in Frameworks */,
			);
			runOnlyForDeploymentPostprocessing = 0;
		};
		84167828161B5613002C60E6 /* Frameworks */ = {
			isa = PBXFrameworksBuildPhase;
			buildActionMask = 2147483647;
			files = (
				CE7F451B22E8AC65003F7971 /* libkmod.a in Frameworks */,
			);
			runOnlyForDeploymentPostprocessing = 0;
		};
		8416783C161B56A2002C60E6 /* Frameworks */ = {
			isa = PBXFrameworksBuildPhase;
			buildActionMask = 2147483647;
			files = (
				CE7F451C22E8AC69003F7971 /* libkmod.a in Frameworks */,
			);
			runOnlyForDeploymentPostprocessing = 0;
		};
		84167850161B56C4002C60E6 /* Frameworks */ = {
			isa = PBXFrameworksBuildPhase;
			buildActionMask = 2147483647;
			files = (
				CE7F451D22E8AC6F003F7971 /* libkmod.a in Frameworks */,
			);
			runOnlyForDeploymentPostprocessing = 0;
		};
/* End PBXFrameworksBuildPhase section */

/* Begin PBXGroup section */
		356B895D23007F1A0042F30F /* VoodooInput Headers */ = {
			isa = PBXGroup;
			children = (
				356B896123007F4F0042F30F /* MultitouchHelpers.h */,
				356B895F23007F4F0042F30F /* VoodooInputEvent.h */,
				356B895E23007F4F0042F30F /* VoodooInputMessages.h */,
				356B896023007F4F0042F30F /* VoodooInputTransducer.h */,
			);
			name = "VoodooInput Headers";
			sourceTree = "<group>";
		};
		84167806161B55B2002C60E6 = {
			isa = PBXGroup;
			children = (
				CE7F450F22E8A853003F7971 /* Docs */,
				84833FC0161B636900845294 /* Common */,
				CE7F451722E8AC45003F7971 /* Library */,
				CE39B4E122D0CCC200D344F3 /* Changelog.md */,
				84AE0F6C1BE4479200AF814A /* README.md */,
				84167818161B55B2002C60E6 /* VoodooPS2Controller */,
				8416782E161B5613002C60E6 /* VoodooPS2Keyboard */,
				84167842161B56A2002C60E6 /* VoodooPS2Mouse */,
				84167856161B56C4002C60E6 /* VoodooPS2Trackpad */,
				84167814161B55B2002C60E6 /* Products */,
			);
			sourceTree = "<group>";
		};
		84167814161B55B2002C60E6 /* Products */ = {
			isa = PBXGroup;
			children = (
				84167813161B55B2002C60E6 /* VoodooPS2Controller.kext */,
				8416782D161B5613002C60E6 /* VoodooPS2Keyboard.kext */,
				84167841161B56A2002C60E6 /* VoodooPS2Mouse.kext */,
				84167855161B56C4002C60E6 /* VoodooPS2Trackpad.kext */,
			);
			name = Products;
			sourceTree = "<group>";
		};
		84167818161B55B2002C60E6 /* VoodooPS2Controller */ = {
			isa = PBXGroup;
			children = (
				84DD197A162D496E0044D061 /* AppleACPIPS2Nub.h */,
				84DD1979162D496E0044D061 /* AppleACPIPS2Nub.cpp */,
				840F104916EFE42600E8C116 /* ApplePS2Device.cpp */,
				84833F9E161B627D00845294 /* ApplePS2KeyboardDevice.cpp */,
				84833FA0161B627D00845294 /* ApplePS2MouseDevice.cpp */,
				7B44762421D52A7100418B25 /* ApplePS2MouseDevice.h */,
				8416781E161B55B2002C60E6 /* VoodooPS2Controller.h */,
				8416781F161B55B2002C60E6 /* VoodooPS2Controller.cpp */,
				84167819161B55B2002C60E6 /* Supporting Files */,
			);
			path = VoodooPS2Controller;
			sourceTree = "<group>";
		};
		84167819161B55B2002C60E6 /* Supporting Files */ = {
			isa = PBXGroup;
			children = (
				84045664161E3AF900D74D7F /* InfoPlist.strings */,
				8416781A161B55B2002C60E6 /* VoodooPS2Controller-Info.plist */,
			);
			name = "Supporting Files";
			sourceTree = "<group>";
		};
		8416782E161B5613002C60E6 /* VoodooPS2Keyboard */ = {
			isa = PBXGroup;
			children = (
				84833FA9161B629500845294 /* ApplePS2ToADBMap.h */,
				84167834161B5613002C60E6 /* VoodooPS2Keyboard.h */,
				84167835161B5613002C60E6 /* VoodooPS2Keyboard.cpp */,
				8416782F161B5613002C60E6 /* Supporting Files */,
			);
			path = VoodooPS2Keyboard;
			sourceTree = "<group>";
		};
		8416782F161B5613002C60E6 /* Supporting Files */ = {
			isa = PBXGroup;
			children = (
				84045661161E3AD800D74D7F /* InfoPlist.strings */,
				84167830161B5613002C60E6 /* VoodooPS2Keyboard-Info.plist */,
				8437048016284F66005B3C76 /* VoodooPS2Keyboard-RemapFN-Info.plist */,
				8441070016D4F68A0063F063 /* VoodooPS2Keyboard-Breakless-Info.plist */,
			);
			name = "Supporting Files";
			sourceTree = "<group>";
		};
		84167842161B56A2002C60E6 /* VoodooPS2Mouse */ = {
			isa = PBXGroup;
			children = (
				84167848161B56A2002C60E6 /* VoodooPS2Mouse.h */,
				84167849161B56A2002C60E6 /* VoodooPS2Mouse.cpp */,
				84167843161B56A2002C60E6 /* Supporting Files */,
			);
			path = VoodooPS2Mouse;
			sourceTree = "<group>";
		};
		84167843161B56A2002C60E6 /* Supporting Files */ = {
			isa = PBXGroup;
			children = (
				8404565E161E3AC300D74D7F /* InfoPlist.strings */,
				84167844161B56A2002C60E6 /* VoodooPS2Mouse-Info.plist */,
			);
			name = "Supporting Files";
			sourceTree = "<group>";
		};
		84167856161B56C4002C60E6 /* VoodooPS2Trackpad */ = {
			isa = PBXGroup;
			children = (
				356B895D23007F1A0042F30F /* VoodooInput Headers */,
				84833FAC161B62A900845294 /* VoodooPS2ALPSGlidePoint.h */,
				84833FAB161B62A900845294 /* VoodooPS2ALPSGlidePoint.cpp */,
				84833FAE161B62A900845294 /* VoodooPS2SentelicFSP.h */,
				84833FAD161B62A900845294 /* VoodooPS2SentelicFSP.cpp */,
				84833FB0161B62A900845294 /* VoodooPS2SynapticsTouchPad.h */,
				84833FAF161B62A900845294 /* VoodooPS2SynapticsTouchPad.cpp */,
				84167857161B56C4002C60E6 /* Supporting Files */,
				9828A92D24A2B6C200550FAA /* VoodooPS2Elan.cpp */,
				9828A92E24A2B6C200550FAA /* VoodooPS2Elan.h */,
			);
			path = VoodooPS2Trackpad;
			sourceTree = "<group>";
		};
		84167857161B56C4002C60E6 /* Supporting Files */ = {
			isa = PBXGroup;
			children = (
				8404565B161E3AAF00D74D7F /* InfoPlist.strings */,
				84167858161B56C4002C60E6 /* VoodooPS2Trackpad-Info.plist */,
			);
			name = "Supporting Files";
			sourceTree = "<group>";
		};
		84833FC0161B636900845294 /* Common */ = {
			isa = PBXGroup;
			children = (
				84833F9D161B627D00845294 /* ApplePS2Device.h */,
				84833F9F161B627D00845294 /* ApplePS2KeyboardDevice.h */,
				84833FA1161B627D00845294 /* ApplePS2MouseDevice.h */,
			);
			name = Common;
			path = .;
			sourceTree = "<group>";
		};
		CE7F450E22E8A842003F7971 /* ACPI */ = {
			isa = PBXGroup;
			children = (
				CE7F451122E8A8C4003F7971 /* SSDT-MouseAsTrackpad.dsl */,
				ED48777A207D94BC00D6B1E8 /* SSDT-AlternateSwipes.dsl */,
				ED7E45E01CFB35EE00ED2FB8 /* SSDT-Disable_DynamicEWMode.dsl */,
				ED6BB589209E4EE8007AC3A4 /* SSDT-DisableTrackpadProbe.dsl */,
				ED7E45DF1CFB35EE00ED2FB8 /* SSDT-Enable_DynamicEWMode.dsl */,
				EDD970FD1FD0B826004CCFFD /* SSDT-HP-FixLidSleep.dsl */,
				ED5759741D44FBA50069DF9F /* SSDT-KEY-DELL-WN09.dsl */,
				ED1C95C51F9B88EF00CAFCA3 /* SSDT-PrtSc-F13.dsl */,
				EDB891282041BB12004DB536 /* SSDT-Swap-LeftControlCapsLock.dsl */,
				EDAD29471FE8772400A93537 /* SSDT-Swap-LeftControlCommand.dsl */,
				EDD95559208E2B640031D99E /* SSDT-Thinkpad_Clickpad.dsl */,
				EDD9555A208E2E7A0031D99E /* SSDT-Thinkpad_Trackpad.dsl */,
			);
			path = ACPI;
			sourceTree = "<group>";
		};
		CE7F450F22E8A853003F7971 /* Docs */ = {
			isa = PBXGroup;
			children = (
				CE7F451222E8A8ED003F7971 /* SynapticsRevB.pdf */,
				CE7F451322E8A8ED003F7971 /* voodoops2ioio.sh */,
				CE7F451422E8A8F8003F7971 /* Changelog.md */,
				CE7F451622E8A906003F7971 /* LICENSE.md */,
				CE7F451522E8A8FE003F7971 /* README.md */,
				CE7F450E22E8A842003F7971 /* ACPI */,
			);
			path = Docs;
			sourceTree = "<group>";
		};
		CE7F451722E8AC45003F7971 /* Library */ = {
			isa = PBXGroup;
			children = (
				CE7F451822E8AC59003F7971 /* libkmod.a */,
				CED643F022E8AF27006CDE9B /* LegacyIOHIDDevice.h */,
				CE86CCFF22E8BDE000B32BE3 /* LegacyIOHIKeyboard.h */,
				CE86CD0022E8BDE000B32BE3 /* LegacyIOHIPointing.h */,
				CE86CCF522E8BC9800B32BE3 /* LegacyIOService.h */,
				CE86CCFA22E8BCEE00B32BE3 /* LegacyLibkernMacros.h */,
				CE86CCF022E8B0F800B32BE3 /* compat.cpp */,
			);
			path = Library;
			sourceTree = "<group>";
		};
/* End PBXGroup section */

/* Begin PBXHeadersBuildPhase section */
		8416780F161B55B2002C60E6 /* Headers */ = {
			isa = PBXHeadersBuildPhase;
			buildActionMask = 2147483647;
			files = (
				84833FA3161B627D00845294 /* ApplePS2Device.h in Headers */,
				CE86CD0122E8BDE000B32BE3 /* LegacyIOHIKeyboard.h in Headers */,
				CE86CCF622E8BC9800B32BE3 /* LegacyIOService.h in Headers */,
				84833FA5161B627D00845294 /* ApplePS2KeyboardDevice.h in Headers */,
				CE86CCFB22E8BCEE00B32BE3 /* LegacyLibkernMacros.h in Headers */,
				84833FA7161B627D00845294 /* ApplePS2MouseDevice.h in Headers */,
				84833FC3161B6A7E00845294 /* VoodooPS2Controller.h in Headers */,
				CE86CD0522E8BDE000B32BE3 /* LegacyIOHIPointing.h in Headers */,
				84DD197C162D496E0044D061 /* AppleACPIPS2Nub.h in Headers */,
			);
			runOnlyForDeploymentPostprocessing = 0;
		};
		84167829161B5613002C60E6 /* Headers */ = {
			isa = PBXHeadersBuildPhase;
			buildActionMask = 2147483647;
			files = (
				CE86CCFC22E8BCEE00B32BE3 /* LegacyLibkernMacros.h in Headers */,
				84833FAA161B629500845294 /* ApplePS2ToADBMap.h in Headers */,
				CE86CD0222E8BDE000B32BE3 /* LegacyIOHIKeyboard.h in Headers */,
				CE86CCF722E8BC9800B32BE3 /* LegacyIOService.h in Headers */,
				CE86CD0622E8BDE000B32BE3 /* LegacyIOHIPointing.h in Headers */,
				84833FC2161B69C700845294 /* VoodooPS2Keyboard.h in Headers */,
			);
			runOnlyForDeploymentPostprocessing = 0;
		};
		8416783D161B56A2002C60E6 /* Headers */ = {
			isa = PBXHeadersBuildPhase;
			buildActionMask = 2147483647;
			files = (
				84833FC1161B69B800845294 /* VoodooPS2Mouse.h in Headers */,
				CE86CD0322E8BDE000B32BE3 /* LegacyIOHIKeyboard.h in Headers */,
				CE86CCFD22E8BCEE00B32BE3 /* LegacyLibkernMacros.h in Headers */,
				CE86CCF822E8BC9800B32BE3 /* LegacyIOService.h in Headers */,
				CE86CD0722E8BDE000B32BE3 /* LegacyIOHIPointing.h in Headers */,
			);
			runOnlyForDeploymentPostprocessing = 0;
		};
		84167851161B56C4002C60E6 /* Headers */ = {
			isa = PBXHeadersBuildPhase;
			buildActionMask = 2147483647;
			files = (
				CE86CD0422E8BDE000B32BE3 /* LegacyIOHIKeyboard.h in Headers */,
				356B896323007F4F0042F30F /* VoodooInputEvent.h in Headers */,
				9828A93024A2B6C200550FAA /* VoodooPS2Elan.h in Headers */,
				356B896223007F4F0042F30F /* VoodooInputMessages.h in Headers */,
				CE86CCF922E8BC9800B32BE3 /* LegacyIOService.h in Headers */,
				CE86CD0822E8BDE000B32BE3 /* LegacyIOHIPointing.h in Headers */,
				CE86CCFE22E8BCEE00B32BE3 /* LegacyLibkernMacros.h in Headers */,
				356B896423007F4F0042F30F /* VoodooInputTransducer.h in Headers */,
				84833FB2161B62A900845294 /* VoodooPS2ALPSGlidePoint.h in Headers */,
				356B896523007F4F0042F30F /* MultitouchHelpers.h in Headers */,
				84833FB4161B62A900845294 /* VoodooPS2SentelicFSP.h in Headers */,
				84833FB6161B62A900845294 /* VoodooPS2SynapticsTouchPad.h in Headers */,
			);
			runOnlyForDeploymentPostprocessing = 0;
		};
/* End PBXHeadersBuildPhase section */

/* Begin PBXNativeTarget section */
		84167812161B55B2002C60E6 /* VoodooPS2Controller */ = {
			isa = PBXNativeTarget;
			buildConfigurationList = 84167824161B55B2002C60E6 /* Build configuration list for PBXNativeTarget "VoodooPS2Controller" */;
			buildPhases = (
				8416780D161B55B2002C60E6 /* Sources */,
				8416780E161B55B2002C60E6 /* Frameworks */,
				8416780F161B55B2002C60E6 /* Headers */,
				84167810161B55B2002C60E6 /* Resources */,
				84167811161B55B2002C60E6 /* Rez */,
				CE39B4E222D0D07200D344F3 /* Archive */,
			);
			buildRules = (
			);
			dependencies = (
				CE7F450922E8A781003F7971 /* PBXTargetDependency */,
				CE7F450B22E8A781003F7971 /* PBXTargetDependency */,
				CE7F450D22E8A781003F7971 /* PBXTargetDependency */,
			);
			name = VoodooPS2Controller;
			productName = VoodooPS2Controller;
			productReference = 84167813161B55B2002C60E6 /* VoodooPS2Controller.kext */;
			productType = "com.apple.product-type.kernel-extension";
		};
		8416782C161B5613002C60E6 /* VoodooPS2Keyboard */ = {
			isa = PBXNativeTarget;
			buildConfigurationList = 84167838161B5613002C60E6 /* Build configuration list for PBXNativeTarget "VoodooPS2Keyboard" */;
			buildPhases = (
				84167827161B5613002C60E6 /* Sources */,
				84167828161B5613002C60E6 /* Frameworks */,
				84167829161B5613002C60E6 /* Headers */,
				8416782A161B5613002C60E6 /* Resources */,
				8416782B161B5613002C60E6 /* Rez */,
			);
			buildRules = (
			);
			dependencies = (
			);
			name = VoodooPS2Keyboard;
			productName = VoodooPS2Keyboard;
			productReference = 8416782D161B5613002C60E6 /* VoodooPS2Keyboard.kext */;
			productType = "com.apple.product-type.kernel-extension";
		};
		84167840161B56A2002C60E6 /* VoodooPS2Mouse */ = {
			isa = PBXNativeTarget;
			buildConfigurationList = 8416784C161B56A2002C60E6 /* Build configuration list for PBXNativeTarget "VoodooPS2Mouse" */;
			buildPhases = (
				8416783B161B56A2002C60E6 /* Sources */,
				8416783C161B56A2002C60E6 /* Frameworks */,
				8416783D161B56A2002C60E6 /* Headers */,
				8416783E161B56A2002C60E6 /* Resources */,
				8416783F161B56A2002C60E6 /* Rez */,
			);
			buildRules = (
			);
			dependencies = (
			);
			name = VoodooPS2Mouse;
			productName = VoodooPS2Mouse;
			productReference = 84167841161B56A2002C60E6 /* VoodooPS2Mouse.kext */;
			productType = "com.apple.product-type.kernel-extension";
		};
		84167854161B56C4002C60E6 /* VoodooPS2Trackpad */ = {
			isa = PBXNativeTarget;
			buildConfigurationList = 84167860161B56C4002C60E6 /* Build configuration list for PBXNativeTarget "VoodooPS2Trackpad" */;
			buildPhases = (
				CEC0864F243E618200F5B701 /* Bootstrap VoodooInput */,
				8416784F161B56C4002C60E6 /* Sources */,
				84167850161B56C4002C60E6 /* Frameworks */,
				84167851161B56C4002C60E6 /* Headers */,
				84167852161B56C4002C60E6 /* Resources */,
				84167853161B56C4002C60E6 /* Rez */,
			);
			buildRules = (
			);
			dependencies = (
			);
			name = VoodooPS2Trackpad;
			productName = VoodooPS2Trackpad;
			productReference = 84167855161B56C4002C60E6 /* VoodooPS2Trackpad.kext */;
			productType = "com.apple.product-type.kernel-extension";
		};
/* End PBXNativeTarget section */

/* Begin PBXProject section */
		84167808161B55B2002C60E6 /* Project object */ = {
			isa = PBXProject;
			attributes = {
				LastUpgradeCheck = 1140;
				ORGANIZATIONNAME = Acidanthera;
			};
			buildConfigurationList = 8416780B161B55B2002C60E6 /* Build configuration list for PBXProject "VoodooPS2Controller" */;
			compatibilityVersion = "Xcode 3.2";
			developmentRegion = en;
			hasScannedForEncodings = 0;
			knownRegions = (
				en,
				Base,
			);
			mainGroup = 84167806161B55B2002C60E6;
			productRefGroup = 84167814161B55B2002C60E6 /* Products */;
			projectDirPath = "";
			projectRoot = "";
			targets = (
				84167812161B55B2002C60E6 /* VoodooPS2Controller */,
				8416782C161B5613002C60E6 /* VoodooPS2Keyboard */,
				84167840161B56A2002C60E6 /* VoodooPS2Mouse */,
				84167854161B56C4002C60E6 /* VoodooPS2Trackpad */,
			);
		};
/* End PBXProject section */

/* Begin PBXResourcesBuildPhase section */
		84167810161B55B2002C60E6 /* Resources */ = {
			isa = PBXResourcesBuildPhase;
			buildActionMask = 2147483647;
			files = (
			);
			runOnlyForDeploymentPostprocessing = 0;
		};
		8416782A161B5613002C60E6 /* Resources */ = {
			isa = PBXResourcesBuildPhase;
			buildActionMask = 2147483647;
			files = (
			);
			runOnlyForDeploymentPostprocessing = 0;
		};
		8416783E161B56A2002C60E6 /* Resources */ = {
			isa = PBXResourcesBuildPhase;
			buildActionMask = 2147483647;
			files = (
			);
			runOnlyForDeploymentPostprocessing = 0;
		};
		84167852161B56C4002C60E6 /* Resources */ = {
			isa = PBXResourcesBuildPhase;
			buildActionMask = 2147483647;
			files = (
			);
			runOnlyForDeploymentPostprocessing = 0;
		};
/* End PBXResourcesBuildPhase section */

/* Begin PBXRezBuildPhase section */
		84167811161B55B2002C60E6 /* Rez */ = {
			isa = PBXRezBuildPhase;
			buildActionMask = 2147483647;
			files = (
			);
			runOnlyForDeploymentPostprocessing = 0;
		};
		8416782B161B5613002C60E6 /* Rez */ = {
			isa = PBXRezBuildPhase;
			buildActionMask = 2147483647;
			files = (
			);
			runOnlyForDeploymentPostprocessing = 0;
		};
		8416783F161B56A2002C60E6 /* Rez */ = {
			isa = PBXRezBuildPhase;
			buildActionMask = 2147483647;
			files = (
			);
			runOnlyForDeploymentPostprocessing = 0;
		};
		84167853161B56C4002C60E6 /* Rez */ = {
			isa = PBXRezBuildPhase;
			buildActionMask = 2147483647;
			files = (
			);
			runOnlyForDeploymentPostprocessing = 0;
		};
/* End PBXRezBuildPhase section */

/* Begin PBXShellScriptBuildPhase section */
		CE39B4E222D0D07200D344F3 /* Archive */ = {
			isa = PBXShellScriptBuildPhase;
			buildActionMask = 2147483647;
			files = (
			);
			inputFileListPaths = (
			);
			inputPaths = (
			);
			name = Archive;
			outputFileListPaths = (
			);
			outputPaths = (
			);
			runOnlyForDeploymentPostprocessing = 0;
			shellPath = /bin/sh;
			shellScript = "cd \"${TARGET_BUILD_DIR}\"\nrm -rf \"${FULL_PRODUCT_NAME}/Contents/PlugIns/VoodooInput.kext\"\nmkdir -p \"${FULL_PRODUCT_NAME}/Contents/PlugIns\"\ncp -r \"${PROJECT_DIR}/VoodooInput/${CONFIGURATION}\"/* \"${FULL_PRODUCT_NAME}/Contents/PlugIns/\"\ndist=(\"$FULL_PRODUCT_NAME\")\nif [ -d \"$DWARF_DSYM_FILE_NAME\" ]; then\n  rm -rf dSYM\n  mkdir dSYM\n  mv \"$DWARF_DSYM_FILE_NAME\" dSYM/\n  find ${FULL_PRODUCT_NAME} -name *.dSYM -exec mv {} dSYM/ \\;\n  dist+=(dSYM);\nfi\n\narchive=\"${PRODUCT_NAME}-${MODULE_VERSION}-$(echo $CONFIGURATION | tr /a-z/ /A-Z/).zip\"\nrm -rf *.zip\nzip -qry -FS \"${archive}\" \"${dist[@]}\"\n";
		};
		CEC0864F243E618200F5B701 /* Bootstrap VoodooInput */ = {
			isa = PBXShellScriptBuildPhase;
			buildActionMask = 2147483647;
			files = (
			);
			inputFileListPaths = (
			);
			inputPaths = (
			);
			name = "Bootstrap VoodooInput";
			outputFileListPaths = (
			);
			outputPaths = (
			);
			runOnlyForDeploymentPostprocessing = 0;
			shellPath = /bin/bash;
			shellScript = "if [ ! -f \"${PROJECT_DIR}/VoodooInput/Debug/VoodooInput.kext/Contents/Resources/VoodooInputMultitouch/VoodooInputEvent.h\" ]; then\n  cd \"${PROJECT_DIR}\"\n  rm -rf VoodooInput\n  src=$(/usr/bin/curl -Lfs https://raw.githubusercontent.com/acidanthera/VoodooInput/master/VoodooInput/Scripts/bootstrap.sh) && eval \"$src\" || exit 1\nfi\n";
		};
/* End PBXShellScriptBuildPhase section */

/* Begin PBXSourcesBuildPhase section */
		8416780D161B55B2002C60E6 /* Sources */ = {
			isa = PBXSourcesBuildPhase;
			buildActionMask = 2147483647;
			files = (
				84167820161B55B2002C60E6 /* VoodooPS2Controller.cpp in Sources */,
				84DD197B162D496E0044D061 /* AppleACPIPS2Nub.cpp in Sources */,
				840F104A16EFE42600E8C116 /* ApplePS2Device.cpp in Sources */,
				84EB0AE316F0AD9300016108 /* ApplePS2KeyboardDevice.cpp in Sources */,
				84EB0AE516F0AD9600016108 /* ApplePS2MouseDevice.cpp in Sources */,
				CE86CCF122E8B0F800B32BE3 /* compat.cpp in Sources */,
			);
			runOnlyForDeploymentPostprocessing = 0;
		};
		84167827161B5613002C60E6 /* Sources */ = {
			isa = PBXSourcesBuildPhase;
			buildActionMask = 2147483647;
			files = (
				84167836161B5613002C60E6 /* VoodooPS2Keyboard.cpp in Sources */,
				CE86CCF222E8B0F800B32BE3 /* compat.cpp in Sources */,
			);
			runOnlyForDeploymentPostprocessing = 0;
		};
		8416783B161B56A2002C60E6 /* Sources */ = {
			isa = PBXSourcesBuildPhase;
			buildActionMask = 2147483647;
			files = (
				8416784A161B56A2002C60E6 /* VoodooPS2Mouse.cpp in Sources */,
				CE86CCF322E8B0F800B32BE3 /* compat.cpp in Sources */,
			);
			runOnlyForDeploymentPostprocessing = 0;
		};
		8416784F161B56C4002C60E6 /* Sources */ = {
			isa = PBXSourcesBuildPhase;
			buildActionMask = 2147483647;
			files = (
				84833FB1161B62A900845294 /* VoodooPS2ALPSGlidePoint.cpp in Sources */,
				CE86CCF422E8B0F800B32BE3 /* compat.cpp in Sources */,
				9828A92F24A2B6C200550FAA /* VoodooPS2Elan.cpp in Sources */,
				84833FB3161B62A900845294 /* VoodooPS2SentelicFSP.cpp in Sources */,
				84833FB5161B62A900845294 /* VoodooPS2SynapticsTouchPad.cpp in Sources */,
			);
			runOnlyForDeploymentPostprocessing = 0;
		};
/* End PBXSourcesBuildPhase section */

/* Begin PBXTargetDependency section */
		CE7F450922E8A781003F7971 /* PBXTargetDependency */ = {
			isa = PBXTargetDependency;
			target = 8416782C161B5613002C60E6 /* VoodooPS2Keyboard */;
			targetProxy = CE7F450822E8A781003F7971 /* PBXContainerItemProxy */;
		};
		CE7F450B22E8A781003F7971 /* PBXTargetDependency */ = {
			isa = PBXTargetDependency;
			target = 84167840161B56A2002C60E6 /* VoodooPS2Mouse */;
			targetProxy = CE7F450A22E8A781003F7971 /* PBXContainerItemProxy */;
		};
		CE7F450D22E8A781003F7971 /* PBXTargetDependency */ = {
			isa = PBXTargetDependency;
			target = 84167854161B56C4002C60E6 /* VoodooPS2Trackpad */;
			targetProxy = CE7F450C22E8A781003F7971 /* PBXContainerItemProxy */;
		};
/* End PBXTargetDependency section */

/* Begin PBXVariantGroup section */
		8404565B161E3AAF00D74D7F /* InfoPlist.strings */ = {
			isa = PBXVariantGroup;
			children = (
				8404565C161E3AAF00D74D7F /* en */,
			);
			name = InfoPlist.strings;
			sourceTree = "<group>";
		};
		8404565E161E3AC300D74D7F /* InfoPlist.strings */ = {
			isa = PBXVariantGroup;
			children = (
				8404565F161E3AC300D74D7F /* en */,
			);
			name = InfoPlist.strings;
			sourceTree = "<group>";
		};
		84045661161E3AD800D74D7F /* InfoPlist.strings */ = {
			isa = PBXVariantGroup;
			children = (
				84045662161E3AD800D74D7F /* en */,
			);
			name = InfoPlist.strings;
			sourceTree = "<group>";
		};
		84045664161E3AF900D74D7F /* InfoPlist.strings */ = {
			isa = PBXVariantGroup;
			children = (
				84045665161E3AF900D74D7F /* en */,
			);
			name = InfoPlist.strings;
			sourceTree = "<group>";
		};
/* End PBXVariantGroup section */

/* Begin XCBuildConfiguration section */
		84167822161B55B2002C60E6 /* Debug */ = {
			isa = XCBuildConfiguration;
			buildSettings = {
				ALWAYS_SEARCH_USER_PATHS = NO;
				CLANG_ANALYZER_LOCALIZABILITY_NONLOCALIZED = YES;
				CLANG_CXX_LANGUAGE_STANDARD = "c++1y";
				CLANG_WARN_BLOCK_CAPTURE_AUTORELEASING = YES;
				CLANG_WARN_BOOL_CONVERSION = YES;
				CLANG_WARN_COMMA = YES;
				CLANG_WARN_CONSTANT_CONVERSION = YES;
				CLANG_WARN_DEPRECATED_OBJC_IMPLEMENTATIONS = YES;
				CLANG_WARN_EMPTY_BODY = YES;
				CLANG_WARN_ENUM_CONVERSION = YES;
				CLANG_WARN_INFINITE_RECURSION = YES;
				CLANG_WARN_INT_CONVERSION = YES;
				CLANG_WARN_NON_LITERAL_NULL_CONVERSION = YES;
				CLANG_WARN_OBJC_IMPLICIT_RETAIN_SELF = YES;
				CLANG_WARN_OBJC_LITERAL_CONVERSION = YES;
				CLANG_WARN_RANGE_LOOP_ANALYSIS = YES;
				CLANG_WARN_STRICT_PROTOTYPES = YES;
				CLANG_WARN_SUSPICIOUS_MOVE = YES;
				CLANG_WARN_UNREACHABLE_CODE = YES;
				CLANG_WARN__DUPLICATE_METHOD_MATCH = YES;
				CODE_SIGN_IDENTITY = "";
				DEBUG_INFORMATION_FORMAT = "dwarf-with-dsym";
				DEPLOYMENT_POSTPROCESSING = YES;
				ENABLE_STRICT_OBJC_MSGSEND = YES;
				ENABLE_TESTABILITY = YES;
				GCC_INLINES_ARE_PRIVATE_EXTERN = YES;
				GCC_NO_COMMON_BLOCKS = YES;
				GCC_PREPROCESSOR_DEFINITIONS = (
					"LOGNAME=\\\"${LOGNAME}\\\"",
					"DEBUG=1",
					"DEBUG_MSG=1",
					"MACH_ASSERT=1",
					"$(inherited)",
				);
				GCC_SYMBOLS_PRIVATE_EXTERN = YES;
				GCC_WARN_64_TO_32_BIT_CONVERSION = YES;
				GCC_WARN_ABOUT_DEPRECATED_FUNCTIONS = NO;
				GCC_WARN_ABOUT_RETURN_TYPE = YES;
				GCC_WARN_UNDECLARED_SELECTOR = YES;
				GCC_WARN_UNINITIALIZED_AUTOS = YES;
				GCC_WARN_UNUSED_FUNCTION = YES;
				GCC_WARN_UNUSED_LABEL = YES;
				GCC_WARN_UNUSED_PARAMETER = NO;
				GCC_WARN_UNUSED_VARIABLE = YES;
				"LLVM_LTO[arch=x86_64]" = YES;
				MACOSX_DEPLOYMENT_TARGET = 10.11;
				MODULE_VERSION = 2.1.6;
				ONLY_ACTIVE_ARCH = YES;
				"OTHER_LDFLAGS[arch=x86_64]" = "-dead_strip";
				PRODUCT_NAME = VoodooPS2Controller;
				SDKROOT = macosx;
				SYMROOT = build/Products;
				WARNING_CFLAGS = "-Wunused-private-field";
			};
			name = Debug;
		};
		84167823161B55B2002C60E6 /* Release */ = {
			isa = XCBuildConfiguration;
			buildSettings = {
				ALWAYS_SEARCH_USER_PATHS = NO;
				CLANG_ANALYZER_LOCALIZABILITY_NONLOCALIZED = YES;
				CLANG_CXX_LANGUAGE_STANDARD = "c++1y";
				CLANG_WARN_BLOCK_CAPTURE_AUTORELEASING = YES;
				CLANG_WARN_BOOL_CONVERSION = YES;
				CLANG_WARN_COMMA = YES;
				CLANG_WARN_CONSTANT_CONVERSION = YES;
				CLANG_WARN_DEPRECATED_OBJC_IMPLEMENTATIONS = YES;
				CLANG_WARN_EMPTY_BODY = YES;
				CLANG_WARN_ENUM_CONVERSION = YES;
				CLANG_WARN_INFINITE_RECURSION = YES;
				CLANG_WARN_INT_CONVERSION = YES;
				CLANG_WARN_NON_LITERAL_NULL_CONVERSION = YES;
				CLANG_WARN_OBJC_IMPLICIT_RETAIN_SELF = YES;
				CLANG_WARN_OBJC_LITERAL_CONVERSION = YES;
				CLANG_WARN_RANGE_LOOP_ANALYSIS = YES;
				CLANG_WARN_STRICT_PROTOTYPES = YES;
				CLANG_WARN_SUSPICIOUS_MOVE = YES;
				CLANG_WARN_UNREACHABLE_CODE = YES;
				CLANG_WARN__DUPLICATE_METHOD_MATCH = YES;
				CODE_SIGN_IDENTITY = "";
				DEBUG_INFORMATION_FORMAT = "dwarf-with-dsym";
				DEPLOYMENT_POSTPROCESSING = YES;
				ENABLE_STRICT_OBJC_MSGSEND = YES;
				GCC_INLINES_ARE_PRIVATE_EXTERN = YES;
				GCC_NO_COMMON_BLOCKS = YES;
				GCC_PREPROCESSOR_DEFINITIONS = "LOGNAME=\\\"${LOGNAME}\\\"";
				GCC_SYMBOLS_PRIVATE_EXTERN = YES;
				GCC_WARN_64_TO_32_BIT_CONVERSION = YES;
				GCC_WARN_ABOUT_DEPRECATED_FUNCTIONS = NO;
				GCC_WARN_ABOUT_RETURN_TYPE = YES;
				GCC_WARN_UNDECLARED_SELECTOR = YES;
				GCC_WARN_UNINITIALIZED_AUTOS = YES;
				GCC_WARN_UNUSED_FUNCTION = YES;
				GCC_WARN_UNUSED_LABEL = YES;
				GCC_WARN_UNUSED_PARAMETER = NO;
				GCC_WARN_UNUSED_VARIABLE = YES;
				"LLVM_LTO[arch=x86_64]" = YES;
				MACOSX_DEPLOYMENT_TARGET = 10.11;
				MODULE_VERSION = 2.1.6;
				"OTHER_LDFLAGS[arch=x86_64]" = "-dead_strip";
				PRODUCT_NAME = VoodooPS2Controller;
				SDKROOT = macosx;
				SYMROOT = build/Products;
				WARNING_CFLAGS = "-Wunused-private-field";
			};
			name = Release;
		};
		84167825161B55B2002C60E6 /* Debug */ = {
			isa = XCBuildConfiguration;
			buildSettings = {
				CLANG_ENABLE_OBJC_WEAK = YES;
				COMBINE_HIDPI_IMAGES = YES;
				GCC_PRECOMPILE_PREFIX_HEADER = YES;
				INFOPLIST_FILE = "VoodooPS2Controller/VoodooPS2Controller-Info.plist";
				LIBRARY_SEARCH_PATHS = (
					"$(inherited)",
					"$(PROJECT_DIR)$(LOCAL_LIBRARY_DIR)",
				);
				MODULE_NAME = as.acidanthera.driver.VoodooPS2Controller;
				OTHER_CFLAGS = "-fno-stack-protector";
				PRODUCT_BUNDLE_IDENTIFIER = as.acidanthera.voodoo.driver.PS2Controller;
				PRODUCT_NAME = "$(TARGET_NAME)";
				STRIP_INSTALLED_PRODUCT = YES;
				STRIP_STYLE = "non-global";
			};
			name = Debug;
		};
		84167826161B55B2002C60E6 /* Release */ = {
			isa = XCBuildConfiguration;
			buildSettings = {
				CLANG_ENABLE_OBJC_WEAK = YES;
				COMBINE_HIDPI_IMAGES = YES;
				GCC_PRECOMPILE_PREFIX_HEADER = YES;
				INFOPLIST_FILE = "VoodooPS2Controller/VoodooPS2Controller-Info.plist";
				LIBRARY_SEARCH_PATHS = (
					"$(inherited)",
					"$(PROJECT_DIR)$(LOCAL_LIBRARY_DIR)",
				);
				MODULE_NAME = as.acidanthera.driver.VoodooPS2Controller;
				OTHER_CFLAGS = "-fno-stack-protector";
				PRODUCT_BUNDLE_IDENTIFIER = as.acidanthera.voodoo.driver.PS2Controller;
				PRODUCT_NAME = "$(TARGET_NAME)";
				STRIP_INSTALLED_PRODUCT = YES;
				STRIP_STYLE = "non-global";
			};
			name = Release;
		};
		84167839161B5613002C60E6 /* Debug */ = {
			isa = XCBuildConfiguration;
			buildSettings = {
				CLANG_ENABLE_OBJC_WEAK = YES;
				COMBINE_HIDPI_IMAGES = YES;
				CONFIGURATION_BUILD_DIR = "$(BUILD_DIR)/$(CONFIGURATION)$(EFFECTIVE_PLATFORM_NAME)/VoodooPS2Controller.kext/Contents/PlugIns";
				GCC_PRECOMPILE_PREFIX_HEADER = YES;
				INFOPLIST_FILE = "VoodooPS2Keyboard/VoodooPS2Keyboard-Info.plist";
				LIBRARY_SEARCH_PATHS = (
					"$(inherited)",
					"$(PROJECT_DIR)$(LOCAL_LIBRARY_DIR)",
				);
				MODULE_NAME = as.acidanthera.driver.VoodooPS2Keyboard;
				OTHER_CFLAGS = "-fno-stack-protector";
				PRODUCT_BUNDLE_IDENTIFIER = as.acidanthera.voodoo.driver.PS2Keyboard;
				PRODUCT_NAME = "$(TARGET_NAME)";
				STRIP_INSTALLED_PRODUCT = YES;
				STRIP_STYLE = "non-global";
			};
			name = Debug;
		};
		8416783A161B5613002C60E6 /* Release */ = {
			isa = XCBuildConfiguration;
			buildSettings = {
				CLANG_ENABLE_OBJC_WEAK = YES;
				COMBINE_HIDPI_IMAGES = YES;
				CONFIGURATION_BUILD_DIR = "$(BUILD_DIR)/$(CONFIGURATION)$(EFFECTIVE_PLATFORM_NAME)/VoodooPS2Controller.kext/Contents/PlugIns";
				GCC_PRECOMPILE_PREFIX_HEADER = YES;
				INFOPLIST_FILE = "VoodooPS2Keyboard/VoodooPS2Keyboard-Info.plist";
				LIBRARY_SEARCH_PATHS = (
					"$(inherited)",
					"$(PROJECT_DIR)$(LOCAL_LIBRARY_DIR)",
				);
				MODULE_NAME = as.acidanthera.driver.VoodooPS2Keyboard;
				OTHER_CFLAGS = "-fno-stack-protector";
				PRODUCT_BUNDLE_IDENTIFIER = as.acidanthera.voodoo.driver.PS2Keyboard;
				PRODUCT_NAME = "$(TARGET_NAME)";
				STRIP_INSTALLED_PRODUCT = YES;
				STRIP_STYLE = "non-global";
			};
			name = Release;
		};
		8416784D161B56A2002C60E6 /* Debug */ = {
			isa = XCBuildConfiguration;
			buildSettings = {
				CLANG_ENABLE_OBJC_WEAK = YES;
				COMBINE_HIDPI_IMAGES = YES;
				CONFIGURATION_BUILD_DIR = "$(BUILD_DIR)/$(CONFIGURATION)$(EFFECTIVE_PLATFORM_NAME)/VoodooPS2Controller.kext/Contents/PlugIns";
				GCC_PRECOMPILE_PREFIX_HEADER = YES;
				INFOPLIST_FILE = "VoodooPS2Mouse/VoodooPS2Mouse-Info.plist";
				LIBRARY_SEARCH_PATHS = (
					"$(inherited)",
					"$(PROJECT_DIR)$(LOCAL_LIBRARY_DIR)",
				);
				MODULE_NAME = as.acidanthera.driver.VoodooPS2Mouse;
				OTHER_CFLAGS = "-fno-stack-protector";
				PRODUCT_BUNDLE_IDENTIFIER = as.acidanthera.voodoo.driver.PS2Mouse;
				PRODUCT_NAME = "$(TARGET_NAME)";
				STRIP_INSTALLED_PRODUCT = YES;
				STRIP_STYLE = "non-global";
			};
			name = Debug;
		};
		8416784E161B56A2002C60E6 /* Release */ = {
			isa = XCBuildConfiguration;
			buildSettings = {
				CLANG_ENABLE_OBJC_WEAK = YES;
				COMBINE_HIDPI_IMAGES = YES;
				CONFIGURATION_BUILD_DIR = "$(BUILD_DIR)/$(CONFIGURATION)$(EFFECTIVE_PLATFORM_NAME)/VoodooPS2Controller.kext/Contents/PlugIns";
				GCC_PRECOMPILE_PREFIX_HEADER = YES;
				INFOPLIST_FILE = "VoodooPS2Mouse/VoodooPS2Mouse-Info.plist";
				LIBRARY_SEARCH_PATHS = (
					"$(inherited)",
					"$(PROJECT_DIR)$(LOCAL_LIBRARY_DIR)",
				);
				MODULE_NAME = as.acidanthera.driver.VoodooPS2Mouse;
				OTHER_CFLAGS = "-fno-stack-protector";
				PRODUCT_BUNDLE_IDENTIFIER = as.acidanthera.voodoo.driver.PS2Mouse;
				PRODUCT_NAME = "$(TARGET_NAME)";
				STRIP_INSTALLED_PRODUCT = YES;
				STRIP_STYLE = "non-global";
			};
			name = Release;
		};
		84167861161B56C4002C60E6 /* Debug */ = {
			isa = XCBuildConfiguration;
			buildSettings = {
				CLANG_ENABLE_OBJC_WEAK = YES;
				COMBINE_HIDPI_IMAGES = YES;
				CONFIGURATION_BUILD_DIR = "$(BUILD_DIR)/$(CONFIGURATION)$(EFFECTIVE_PLATFORM_NAME)/VoodooPS2Controller.kext/Contents/PlugIns";
				GCC_PRECOMPILE_PREFIX_HEADER = YES;
				HEADER_SEARCH_PATHS = "$(PROJECT_DIR)/VoodooInput/Debug/VoodooInput.kext/Contents/Resources";
				INFOPLIST_FILE = "VoodooPS2Trackpad/VoodooPS2Trackpad-Info.plist";
				LIBRARY_SEARCH_PATHS = (
					"$(inherited)",
					"$(PROJECT_DIR)$(LOCAL_LIBRARY_DIR)",
				);
				MODULE_NAME = as.acidanthera.driver.VoodooPS2Trackpad;
				OTHER_CFLAGS = "-fno-stack-protector";
				PRODUCT_BUNDLE_IDENTIFIER = as.acidanthera.voodoo.driver.PS2Trackpad;
				PRODUCT_NAME = "$(TARGET_NAME)";
				STRIP_INSTALLED_PRODUCT = YES;
				STRIP_STYLE = "non-global";
			};
			name = Debug;
		};
		84167862161B56C4002C60E6 /* Release */ = {
			isa = XCBuildConfiguration;
			buildSettings = {
				CLANG_ENABLE_OBJC_WEAK = YES;
				COMBINE_HIDPI_IMAGES = YES;
				CONFIGURATION_BUILD_DIR = "$(BUILD_DIR)/$(CONFIGURATION)$(EFFECTIVE_PLATFORM_NAME)/VoodooPS2Controller.kext/Contents/PlugIns";
				GCC_PRECOMPILE_PREFIX_HEADER = YES;
				HEADER_SEARCH_PATHS = "$(PROJECT_DIR)/VoodooInput/Debug/VoodooInput.kext/Contents/Resources";
				INFOPLIST_FILE = "VoodooPS2Trackpad/VoodooPS2Trackpad-Info.plist";
				LIBRARY_SEARCH_PATHS = (
					"$(inherited)",
					"$(PROJECT_DIR)$(LOCAL_LIBRARY_DIR)",
				);
				MODULE_NAME = as.acidanthera.driver.VoodooPS2Trackpad;
				OTHER_CFLAGS = "-fno-stack-protector";
				PRODUCT_BUNDLE_IDENTIFIER = as.acidanthera.voodoo.driver.PS2Trackpad;
				PRODUCT_NAME = "$(TARGET_NAME)";
				STRIP_INSTALLED_PRODUCT = YES;
				STRIP_STYLE = "non-global";
			};
			name = Release;
		};
/* End XCBuildConfiguration section */

/* Begin XCConfigurationList section */
		8416780B161B55B2002C60E6 /* Build configuration list for PBXProject "VoodooPS2Controller" */ = {
			isa = XCConfigurationList;
			buildConfigurations = (
				84167822161B55B2002C60E6 /* Debug */,
				84167823161B55B2002C60E6 /* Release */,
			);
			defaultConfigurationIsVisible = 0;
			defaultConfigurationName = Release;
		};
		84167824161B55B2002C60E6 /* Build configuration list for PBXNativeTarget "VoodooPS2Controller" */ = {
			isa = XCConfigurationList;
			buildConfigurations = (
				84167825161B55B2002C60E6 /* Debug */,
				84167826161B55B2002C60E6 /* Release */,
			);
			defaultConfigurationIsVisible = 0;
			defaultConfigurationName = Release;
		};
		84167838161B5613002C60E6 /* Build configuration list for PBXNativeTarget "VoodooPS2Keyboard" */ = {
			isa = XCConfigurationList;
			buildConfigurations = (
				84167839161B5613002C60E6 /* Debug */,
				8416783A161B5613002C60E6 /* Release */,
			);
			defaultConfigurationIsVisible = 0;
			defaultConfigurationName = Release;
		};
		8416784C161B56A2002C60E6 /* Build configuration list for PBXNativeTarget "VoodooPS2Mouse" */ = {
			isa = XCConfigurationList;
			buildConfigurations = (
				8416784D161B56A2002C60E6 /* Debug */,
				8416784E161B56A2002C60E6 /* Release */,
			);
			defaultConfigurationIsVisible = 0;
			defaultConfigurationName = Release;
		};
		84167860161B56C4002C60E6 /* Build configuration list for PBXNativeTarget "VoodooPS2Trackpad" */ = {
			isa = XCConfigurationList;
			buildConfigurations = (
				84167861161B56C4002C60E6 /* Debug */,
				84167862161B56C4002C60E6 /* Release */,
			);
			defaultConfigurationIsVisible = 0;
			defaultConfigurationName = Release;
		};
/* End XCConfigurationList section */
	};
	rootObject = 84167808161B55B2002C60E6 /* Project object */;
}
